{
  "version": 4,
  "terraform_version": "1.9.3",
  "serial": 4353,
  "lineage": "33d5809d-1a5b-cc73-b9a9-c51a15ff22a3",
  "outputs": {
    "oci-ipsec-connection-tunnel-a": {
      "value": "129.159.42.121",
      "type": "string"
    },
    "oci-ipsec-connection-tunnel-b": {
      "value": "152.67.254.73",
      "type": "string"
    },
    "oci-vcn-drg-id": {
      "value": "ocid1.drg.oc1.us-sanjose-1.aaaaaaaa3gtt5rk45pwdjg5mn5f5xwhbwjtdzsu32lic7qxah5qixdphmkva",
      "type": "string"
    },
    "oci-vcn-id": {
      "value": "ocid1.vcn.oc1.us-sanjose-1.amaaaaaak6odqwqau3n6ng2ax26bup5cr77atuubkgvhu3qo6vvkkq2saoua",
      "type": "string"
    },
    "oci-vcn-instance-private-ip": {
      "value": "192.168.100.106",
      "type": "string"
    },
    "oci-vcn-instance-public-ip": {
      "value": "165.1.74.46",
      "type": "string"
    },
    "onprem-vcn-id": {
      "value": "ocid1.vcn.oc1.us-sanjose-1.amaaaaaak6odqwqazmuhj5u7xw36fswcyrcvncx3544bfn7g55jbquvdqtaa",
      "type": "string"
    },
    "onprem-vcn-instance-private-ip": {
      "value": "172.16.100.20",
      "type": "string"
    },
    "onprem-vcn-instance-public-ip": {
      "value": "146.235.200.108",
      "type": "string"
    },
    "onprem-vcn-libreswan-instance-private-ip": {
      "value": "172.16.100.16",
      "type": "string"
    },
    "onprem-vcn-libreswan-instance-public-ip": {
      "value": "152.67.253.6",
      "type": "string"
    }
  },
  "resources": [
    {
      "mode": "data",
      "type": "oci_core_cpe_device_shape",
      "name": "oci-ipsec-cpe-device-shape",
      "provider": "provider[\"registry.terraform.io/oracle/oci\"]",
      "instances": [
        {
          "schema_version": 0,
          "attributes": {
            "cpe_device_info": [
              {
                "platform_software_version": "3.18 or later",
                "vendor": "Libreswan"
              }
            ],
            "cpe_device_shape_id": "0d703eb6-e19d-43af-8f00-668d3e59e583",
            "id": "0d703eb6-e19d-43af-8f00-668d3e59e583",
            "parameters": [],
            "template": "#-------------------------------------------------------------------------------------------------------------------------------------------------------------\n# Libreswan Configuration Template\n# This template consolidates all VPN Connect information for your IPSec connection from the Oracle Console.\n#-------------------------------------------------------------------------------------------------------------------------------------------------------------\n#\n#-------------------------------------------------------------------------------------------------------------------------------------------------------------\n# The following list of parameters was gathered from your Oracle Console session.\n#-------------------------------------------------------------------------------------------------------------------------------------------------------------\n\u003c#list tunnelConfigurations as tunnelConfig\u003e\n    \u003c#assign internalProperties = tunnelConfig.internalProperties\u003e\n\u003c#-- internalProperty Values --\u003e\n    \u003c#assign cpeIP = internalProperties.cpeIP!r\"${cpeIP}\"\u003e\n    \u003c#assign routes = internalProperties.routes!r\"${routes}\"\u003e\n    \u003c#assign publicIP = internalProperties.publicIP!r\"${publicIP}\"\u003e\n    \u003c#assign remoteId = internalProperties.remoteId!cpeIP\u003e\n    \u003c#assign tunnelPSK = internalProperties.tunnelPSK!r\"${tunnelPSK}\"\u003e\n    \u003c#assign ikeVersion = internalProperties.ikeVersion!\"1\"\u003e\n    \u003c#assign remoteAsnValuePresent=internalProperties.remoteBgpAsn?? || internalProperties.remoteFourOctetBgpAsn??\u003e\n    \u003c#assign bgpEnabled = internalProperties.oracleBgpPeeringIp?? \u0026\u0026 remoteAsnValuePresent \u0026\u0026 internalProperties.regionBgpAsn?? \u0026\u0026 internalProperties.remoteBgpIp?? \u0026\u0026 internalProperties.oracleBgpIp??\u003e\n    \u003c#assign remoteBgpAsn = internalProperties.remoteBgpAsn!r\"${remoteBgpAsn}\"\u003e\n    \u003c#assign remoteBgpIp = internalProperties.remoteBgpIp!r\"${cpeBgpIp}\"\u003e\n    \u003c#assign oracleBgpIp = internalProperties.oracleBgpIp!r\"${oracleBgpIp}\"\u003e\n#\n#    VPN PARAMETERS:\n#    ${cpeIP} = The public IP address for the CPE, as defined in the customer-premises equipment object. This is the IP address of your outside interface.\n#    ${remoteId} = The CPE IKE identifier as configured in the Oracle Console. If you did not configure a custom IKE identifier, this value defaults to the CPE public IP address.\n#    ${publicIP} = The Oracle public IP endpoint obtained from the Oracle Console.\n#    ${ikeVersion} = The IKE version selection for this tunnel (IKEv1 or IKEv2) as configured in the Oracle Console.\n#    ${tunnelPSK} = The shared secret for this IPSec tunnel. By default, Oracle provides the shared secret for the tunnel.\n#    \u003c#if bgpEnabled\u003eBgp \u003c#else\u003eStatic \u003c/#if\u003e= Your chosen routing type for this tunnel (BGP or static).\n#    \u003c#if !bgpEnabled\u003e\u003c#list routes as route\u003e${route}\u003c#sep\u003e, \u003c/#list\u003e = The static route CIDRs configured in the Oracle Console. \u003c#else\u003e\n#    ${remoteBgpAsn} = Your BGP ASN.\n#    ${remoteBgpIp} = The CPE inside tunnel IP, also used for BGP peering. This IP address must be part of the IPSec VPN's encryption domain.\n#    ${oracleBgpIp} = The Oracle inside tunnel IP, also used for BGP peering. This IP address must be part of the IPSec VPN's encryption domain. \u003c/#if\u003e\n#\n\u003c/#list\u003e\n#\n#-------------------------------------------------------------------------------------------------------------------------------------------------------------\n# USEFUL LINKS:\n#\n# Libreswan CPE Guide: https://docs.cloud.oracle.com/iaas/Content/Network/Reference/libreswanCPE.htm\n#\n# Supported IPSec Parameters: https://docs.cloud.oracle.com/iaas/Content/Network/Reference/supportedIPsecparams.htm"
          },
          "sensitive_attributes": []
        }
      ]
    },
    {
      "mode": "data",
      "type": "oci_core_cpe_device_shapes",
      "name": "oci-ipsec-cpe-device-shapes",
      "provider": "provider[\"registry.terraform.io/oracle/oci\"]",
      "instances": [
        {
          "schema_version": 0,
          "attributes": {
            "cpe_device_shapes": [
              {
                "cpe_device_info": [
                  {
                    "platform_software_version": "3.18 or later",
                    "vendor": "Libreswan"
                  }
                ],
                "cpe_device_shape_id": "0d703eb6-e19d-43af-8f00-668d3e59e583",
                "template": ""
              },
              {
                "cpe_device_info": [
                  {
                    "platform_software_version": "ASA Policy-Based VPN 8.5+ (single tunnel, static)",
                    "vendor": "Cisco"
                  }
                ],
                "cpe_device_shape_id": "0e21db6e-b106-481e-a0d0-2150c18b2143",
                "template": ""
              },
              {
                "cpe_device_info": [
                  {
                    "platform_software_version": "IX Series 10.1.16",
                    "vendor": "NEC"
                  }
                ],
                "cpe_device_shape_id": "1020d5ce-4746-47f5-884d-6bab60e0623d",
                "template": ""
              },
              {
                "cpe_device_info": [
                  {
                    "platform_software_version": "PAN-OS 8.0.0",
                    "vendor": "Palo Alto"
                  }
                ],
                "cpe_device_shape_id": "2378763c-4ab1-4345-9ab4-afe1bdbe0167",
                "template": ""
              },
              {
                "cpe_device_info": [
                  {
                    "platform_software_version": "Firebox with Fireware v12",
                    "vendor": "WatchGuard"
                  }
                ],
                "cpe_device_shape_id": "3420e94e-d276-4801-b04c-07cdf543ecb8",
                "template": ""
              },
              {
                "cpe_device_info": [
                  {
                    "platform_software_version": "JunOS 15.1 or later",
                    "vendor": "Juniper MX"
                  }
                ],
                "cpe_device_shape_id": "4b591c1f-b497-4cf3-958c-431c37b8138a",
                "template": ""
              },
              {
                "cpe_device_info": [
                  {
                    "platform_software_version": "RTX RTX1210 Firmware Rev.14.01.28",
                    "vendor": "Yamaha"
                  }
                ],
                "cpe_device_shape_id": "8d5441f1-54fb-495f-ac30-b86bb97f3a2b",
                "template": ""
              },
              {
                "cpe_device_info": [
                  {
                    "platform_software_version": "FortiGate 6.0.4 or later",
                    "vendor": "Fortinet"
                  }
                ],
                "cpe_device_shape_id": "96d2e850-2fd5-4dfe-8032-6ea91f7f8a91",
                "template": ""
              },
              {
                "cpe_device_info": [
                  {
                    "platform_software_version": "N.A",
                    "vendor": "Other"
                  }
                ],
                "cpe_device_shape_id": "a91995b2-92ee-49fa-a765-0bfcee37ffb1",
                "template": ""
              },
              {
                "cpe_device_info": [
                  {
                    "platform_software_version": "RTX RTX830 Firmware Rev.15.02.03",
                    "vendor": "Yamaha"
                  }
                ],
                "cpe_device_shape_id": "be483e18-6f41-4e55-904a-8e18fcb8d627",
                "template": ""
              },
              {
                "cpe_device_info": [
                  {
                    "platform_software_version": "SRX Series - JunOS 11.0 or later",
                    "vendor": "Juniper"
                  }
                ],
                "cpe_device_shape_id": "d2f594be-4cb8-4ea0-b011-8d532e001548",
                "template": ""
              },
              {
                "cpe_device_info": [
                  {
                    "platform_software_version": "ASA Route-Based VPN 9.7.1 or later",
                    "vendor": "Cisco"
                  }
                ],
                "cpe_device_shape_id": "d46a7a22-8022-4e9d-8ce8-b5f1b6f937f3",
                "template": ""
              },
              {
                "cpe_device_info": [
                  {
                    "platform_software_version": "R80.20",
                    "vendor": "Check Point"
                  }
                ],
                "cpe_device_shape_id": "dc9ec6c5-3868-4dca-a64c-e4e69b7ac873",
                "template": ""
              },
              {
                "cpe_device_info": [
                  {
                    "platform_software_version": "IOS version 15.4M or later",
                    "vendor": "Cisco"
                  }
                ],
                "cpe_device_shape_id": "df6b8d43-c05a-4222-b44f-157942fe0dfa",
                "template": ""
              },
              {
                "cpe_device_info": [
                  {
                    "platform_software_version": "FITELnet-F220/F221 Firmware 01.00(00)[0]00.00.0 [2019/07/05 15:00]",
                    "vendor": "Furukawa"
                  }
                ],
                "cpe_device_shape_id": "f90beffc-c916-4b89-a9d7-6d01c52ddb4d",
                "template": ""
              }
            ],
            "filter": null,
            "id": "CoreCpeDeviceShapesDataSource-0"
          },
          "sensitive_attributes": []
        }
      ]
    },
    {
      "mode": "data",
      "type": "oci_core_images",
      "name": "oracle_linux_images_oci",
      "provider": "provider[\"registry.terraform.io/oracle/oci\"]",
      "instances": [
        {
          "schema_version": 0,
          "attributes": {
            "compartment_id": "ocid1.tenancy.oc1..aaaaaaaak2lpej3xxgd6iayoqdzkrlcn6eqlyfc4yqyc4s57hff7yqiouj2q",
            "display_name": null,
            "filter": null,
            "id": "CoreImagesDataSource-3459896441",
            "images": [
              {
                "agent_features": [],
                "base_image_id": "",
                "billable_size_in_gbs": "5",
                "compartment_id": "",
                "create_image_allowed": true,
                "defined_tags": {},
                "display_name": "Oracle-Linux-9.4-aarch64-2024.08.29-0",
                "freeform_tags": {},
                "id": "ocid1.image.oc1.us-sanjose-1.aaaaaaaayakzgmbaud2fez75fimhrjdhwj67ncgj6esnvuq2uveuxp3hl2kq",
                "image_source_details": [],
                "instance_id": "",
                "launch_mode": "NATIVE",
                "launch_options": [
                  {
                    "boot_volume_type": "PARAVIRTUALIZED",
                    "firmware": "UEFI_64",
                    "is_consistent_volume_naming_enabled": true,
                    "is_pv_encryption_in_transit_enabled": true,
                    "network_type": "PARAVIRTUALIZED",
                    "remote_data_volume_type": "PARAVIRTUALIZED"
                  }
                ],
                "listing_type": "",
                "operating_system": "Oracle Linux",
                "operating_system_version": "9",
                "size_in_mbs": "47719",
                "state": "AVAILABLE",
                "time_created": "2024-09-18 10:44:19.572 +0000 UTC"
              },
              {
                "agent_features": [],
                "base_image_id": "",
                "billable_size_in_gbs": "5",
                "compartment_id": "",
                "create_image_allowed": true,
                "defined_tags": {},
                "display_name": "Oracle-Linux-9.4-aarch64-2024.07.31-0",
                "freeform_tags": {},
                "id": "ocid1.image.oc1.us-sanjose-1.aaaaaaaacxd3626ahohqubjyxfiaz2znjhacywb2ux3yyvspjdvjqljcgbqa",
                "image_source_details": [],
                "instance_id": "",
                "launch_mode": "NATIVE",
                "launch_options": [
                  {
                    "boot_volume_type": "PARAVIRTUALIZED",
                    "firmware": "UEFI_64",
                    "is_consistent_volume_naming_enabled": true,
                    "is_pv_encryption_in_transit_enabled": true,
                    "network_type": "PARAVIRTUALIZED",
                    "remote_data_volume_type": "PARAVIRTUALIZED"
                  }
                ],
                "listing_type": "",
                "operating_system": "Oracle Linux",
                "operating_system_version": "9",
                "size_in_mbs": "47719",
                "state": "AVAILABLE",
                "time_created": "2024-08-16 18:37:10.739 +0000 UTC"
              },
              {
                "agent_features": [],
                "base_image_id": "",
                "billable_size_in_gbs": "5",
                "compartment_id": "",
                "create_image_allowed": true,
                "defined_tags": {},
                "display_name": "Oracle-Linux-9.4-aarch64-2024.06.30-0",
                "freeform_tags": {},
                "id": "ocid1.image.oc1.us-sanjose-1.aaaaaaaaajnahikmdjgqgs4lih3f4iqmq6dxn4epyyajcfjp54qtqjil5u2a",
                "image_source_details": [],
                "instance_id": "",
                "launch_mode": "NATIVE",
                "launch_options": [
                  {
                    "boot_volume_type": "PARAVIRTUALIZED",
                    "firmware": "UEFI_64",
                    "is_consistent_volume_naming_enabled": true,
                    "is_pv_encryption_in_transit_enabled": true,
                    "network_type": "PARAVIRTUALIZED",
                    "remote_data_volume_type": "PARAVIRTUALIZED"
                  }
                ],
                "listing_type": "",
                "operating_system": "Oracle Linux",
                "operating_system_version": "9",
                "size_in_mbs": "47719",
                "state": "AVAILABLE",
                "time_created": "2024-07-17 08:31:09.807 +0000 UTC"
              }
            ],
            "operating_system": "Oracle Linux",
            "operating_system_version": "9",
            "shape": "VM.Standard.A1.Flex",
            "sort_by": "TIMECREATED",
            "sort_order": "DESC",
            "state": null
          },
          "sensitive_attributes": []
        }
      ]
    },
    {
      "mode": "data",
      "type": "oci_core_images",
      "name": "oracle_linux_images_onprem",
      "provider": "provider[\"registry.terraform.io/oracle/oci\"].on_prem_simulation",
      "instances": [
        {
          "schema_version": 0,
          "attributes": {
            "compartment_id": "ocid1.tenancy.oc1..aaaaaaaak2lpej3xxgd6iayoqdzkrlcn6eqlyfc4yqyc4s57hff7yqiouj2q",
            "display_name": null,
            "filter": null,
            "id": "CoreImagesDataSource-3459896441",
            "images": [
              {
                "agent_features": [],
                "base_image_id": "",
                "billable_size_in_gbs": "5",
                "compartment_id": "",
                "create_image_allowed": true,
                "defined_tags": {},
                "display_name": "Oracle-Linux-9.4-aarch64-2024.08.29-0",
                "freeform_tags": {},
                "id": "ocid1.image.oc1.us-sanjose-1.aaaaaaaayakzgmbaud2fez75fimhrjdhwj67ncgj6esnvuq2uveuxp3hl2kq",
                "image_source_details": [],
                "instance_id": "",
                "launch_mode": "NATIVE",
                "launch_options": [
                  {
                    "boot_volume_type": "PARAVIRTUALIZED",
                    "firmware": "UEFI_64",
                    "is_consistent_volume_naming_enabled": true,
                    "is_pv_encryption_in_transit_enabled": true,
                    "network_type": "PARAVIRTUALIZED",
                    "remote_data_volume_type": "PARAVIRTUALIZED"
                  }
                ],
                "listing_type": "",
                "operating_system": "Oracle Linux",
                "operating_system_version": "9",
                "size_in_mbs": "47719",
                "state": "AVAILABLE",
                "time_created": "2024-09-18 10:44:19.572 +0000 UTC"
              },
              {
                "agent_features": [],
                "base_image_id": "",
                "billable_size_in_gbs": "5",
                "compartment_id": "",
                "create_image_allowed": true,
                "defined_tags": {},
                "display_name": "Oracle-Linux-9.4-aarch64-2024.07.31-0",
                "freeform_tags": {},
                "id": "ocid1.image.oc1.us-sanjose-1.aaaaaaaacxd3626ahohqubjyxfiaz2znjhacywb2ux3yyvspjdvjqljcgbqa",
                "image_source_details": [],
                "instance_id": "",
                "launch_mode": "NATIVE",
                "launch_options": [
                  {
                    "boot_volume_type": "PARAVIRTUALIZED",
                    "firmware": "UEFI_64",
                    "is_consistent_volume_naming_enabled": true,
                    "is_pv_encryption_in_transit_enabled": true,
                    "network_type": "PARAVIRTUALIZED",
                    "remote_data_volume_type": "PARAVIRTUALIZED"
                  }
                ],
                "listing_type": "",
                "operating_system": "Oracle Linux",
                "operating_system_version": "9",
                "size_in_mbs": "47719",
                "state": "AVAILABLE",
                "time_created": "2024-08-16 18:37:10.739 +0000 UTC"
              },
              {
                "agent_features": [],
                "base_image_id": "",
                "billable_size_in_gbs": "5",
                "compartment_id": "",
                "create_image_allowed": true,
                "defined_tags": {},
                "display_name": "Oracle-Linux-9.4-aarch64-2024.06.30-0",
                "freeform_tags": {},
                "id": "ocid1.image.oc1.us-sanjose-1.aaaaaaaaajnahikmdjgqgs4lih3f4iqmq6dxn4epyyajcfjp54qtqjil5u2a",
                "image_source_details": [],
                "instance_id": "",
                "launch_mode": "NATIVE",
                "launch_options": [
                  {
                    "boot_volume_type": "PARAVIRTUALIZED",
                    "firmware": "UEFI_64",
                    "is_consistent_volume_naming_enabled": true,
                    "is_pv_encryption_in_transit_enabled": true,
                    "network_type": "PARAVIRTUALIZED",
                    "remote_data_volume_type": "PARAVIRTUALIZED"
                  }
                ],
                "listing_type": "",
                "operating_system": "Oracle Linux",
                "operating_system_version": "9",
                "size_in_mbs": "47719",
                "state": "AVAILABLE",
                "time_created": "2024-07-17 08:31:09.807 +0000 UTC"
              }
            ],
            "operating_system": "Oracle Linux",
            "operating_system_version": "9",
            "shape": "VM.Standard.A1.Flex",
            "sort_by": "TIMECREATED",
            "sort_order": "DESC",
            "state": null
          },
          "sensitive_attributes": []
        }
      ]
    },
    {
      "mode": "data",
      "type": "oci_core_ipsec_connection_tunnel",
      "name": "oci-ipsec-connection-tunnel-a",
      "provider": "provider[\"registry.terraform.io/oracle/oci\"]",
      "instances": [
        {
          "schema_version": 0,
          "attributes": {
            "associated_virtual_circuits": null,
            "bgp_session_info": [],
            "compartment_id": "ocid1.compartment.oc1..aaaaaaaaopkw7kujv4rcenfsu5plsmry2pxdynxtotc6txeg4rp6rjbtklua",
            "cpe_ip": "152.67.253.6",
            "display_name": "ipsectunnel20241010062003-2",
            "dpd_config": null,
            "dpd_mode": "INITIATE_AND_RESPOND",
            "dpd_timeout_in_sec": 20,
            "encryption_domain_config": [],
            "id": "ocid1.ipsectunnel.oc1.us-sanjose-1.aaaaaaaa5paryzqmit2sfcobqwslobrbcrxjidwvhgw2g4xb6bqcnlmurcfq",
            "ike_version": "V1",
            "ipsec_id": "ocid1.ipsecconnection.oc1.us-sanjose-1.aaaaaaaazuohopcxyngjiz7vwwlxtxnhgo2a3tbldberlme5mgif5lumk2qq",
            "nat_translation_enabled": "AUTO",
            "oracle_can_initiate": "INITIATOR_OR_RESPONDER",
            "phase_one_details": [
              {
                "custom_authentication_algorithm": "",
                "custom_dh_group": "",
                "custom_encryption_algorithm": "",
                "is_custom_phase_one_config": false,
                "is_ike_established": true,
                "lifetime": 28800,
                "negotiated_authentication_algorithm": "",
                "negotiated_dh_group": "",
                "negotiated_encryption_algorithm": "",
                "remaining_lifetime": "",
                "remaining_lifetime_int": 0,
                "remaining_lifetime_last_retrieved": "2024-10-10 06:22:29.198 +0000 UTC"
              }
            ],
            "phase_two_details": [
              {
                "custom_authentication_algorithm": "",
                "custom_encryption_algorithm": "",
                "dh_group": "GROUP5",
                "is_custom_phase_two_config": false,
                "is_esp_established": false,
                "is_pfs_enabled": true,
                "lifetime": 3600,
                "negotiated_authentication_algorithm": "",
                "negotiated_dh_group": "",
                "negotiated_encryption_algorithm": "",
                "remaining_lifetime": "",
                "remaining_lifetime_int": 0,
                "remaining_lifetime_last_retrieved": "2024-10-10 06:22:29.198 +0000 UTC"
              }
            ],
            "routing": "STATIC",
            "shared_secret": null,
            "state": "AVAILABLE",
            "status": "DOWN",
            "time_created": "2024-10-10 06:20:03.696 +0000 UTC",
            "time_status_updated": "2024-10-10 06:22:29.195 +0000 UTC",
            "tunnel_id": "ocid1.ipsectunnel.oc1.us-sanjose-1.aaaaaaaa5paryzqmit2sfcobqwslobrbcrxjidwvhgw2g4xb6bqcnlmurcfq",
            "vpn_ip": "129.159.42.121"
          },
          "sensitive_attributes": [
            [
              {
                "type": "get_attr",
                "value": "shared_secret"
              }
            ]
          ]
        }
      ]
    },
    {
      "mode": "data",
      "type": "oci_core_ipsec_connection_tunnel",
      "name": "oci-ipsec-connection-tunnel-b",
      "provider": "provider[\"registry.terraform.io/oracle/oci\"]",
      "instances": [
        {
          "schema_version": 0,
          "attributes": {
            "associated_virtual_circuits": null,
            "bgp_session_info": [],
            "compartment_id": "ocid1.compartment.oc1..aaaaaaaaopkw7kujv4rcenfsu5plsmry2pxdynxtotc6txeg4rp6rjbtklua",
            "cpe_ip": "152.67.253.6",
            "display_name": "ipsectunnel20241010062003-1",
            "dpd_config": null,
            "dpd_mode": "INITIATE_AND_RESPOND",
            "dpd_timeout_in_sec": 20,
            "encryption_domain_config": [],
            "id": "ocid1.ipsectunnel.oc1.us-sanjose-1.aaaaaaaai4bxrwwpizzorwzipeg36g72dqgmipiuhws5p5hjz2jtlixggawq",
            "ike_version": "V1",
            "ipsec_id": "ocid1.ipsecconnection.oc1.us-sanjose-1.aaaaaaaazuohopcxyngjiz7vwwlxtxnhgo2a3tbldberlme5mgif5lumk2qq",
            "nat_translation_enabled": "AUTO",
            "oracle_can_initiate": "INITIATOR_OR_RESPONDER",
            "phase_one_details": [
              {
                "custom_authentication_algorithm": "",
                "custom_dh_group": "",
                "custom_encryption_algorithm": "",
                "is_custom_phase_one_config": false,
                "is_ike_established": true,
                "lifetime": 28800,
                "negotiated_authentication_algorithm": "",
                "negotiated_dh_group": "",
                "negotiated_encryption_algorithm": "",
                "remaining_lifetime": "",
                "remaining_lifetime_int": 0,
                "remaining_lifetime_last_retrieved": "2024-10-10 06:22:29.087 +0000 UTC"
              }
            ],
            "phase_two_details": [
              {
                "custom_authentication_algorithm": "",
                "custom_encryption_algorithm": "",
                "dh_group": "GROUP5",
                "is_custom_phase_two_config": false,
                "is_esp_established": false,
                "is_pfs_enabled": true,
                "lifetime": 3600,
                "negotiated_authentication_algorithm": "",
                "negotiated_dh_group": "",
                "negotiated_encryption_algorithm": "",
                "remaining_lifetime": "",
                "remaining_lifetime_int": 0,
                "remaining_lifetime_last_retrieved": "2024-10-10 06:22:29.087 +0000 UTC"
              }
            ],
            "routing": "STATIC",
            "shared_secret": null,
            "state": "AVAILABLE",
            "status": "DOWN",
            "time_created": "2024-10-10 06:20:03.677 +0000 UTC",
            "time_status_updated": "2024-10-10 06:22:29.085 +0000 UTC",
            "tunnel_id": "ocid1.ipsectunnel.oc1.us-sanjose-1.aaaaaaaai4bxrwwpizzorwzipeg36g72dqgmipiuhws5p5hjz2jtlixggawq",
            "vpn_ip": "152.67.254.73"
          },
          "sensitive_attributes": [
            [
              {
                "type": "get_attr",
                "value": "shared_secret"
              }
            ]
          ]
        }
      ]
    },
    {
      "mode": "data",
      "type": "oci_core_ipsec_connection_tunnel_routes",
      "name": "oci-ipsec-connection-tunnel-a-routes",
      "provider": "provider[\"registry.terraform.io/oracle/oci\"]",
      "instances": [
        {
          "schema_version": 0,
          "attributes": {
            "advertiser": "CUSTOMER",
            "filter": null,
            "id": "CoreIpsecConnectionTunnelRoutesDataSource-250552191",
            "ipsec_id": "ocid1.ipsecconnection.oc1.us-sanjose-1.aaaaaaaazuohopcxyngjiz7vwwlxtxnhgo2a3tbldberlme5mgif5lumk2qq",
            "tunnel_id": "ocid1.ipsectunnel.oc1.us-sanjose-1.aaaaaaaa5paryzqmit2sfcobqwslobrbcrxjidwvhgw2g4xb6bqcnlmurcfq",
            "tunnel_routes": []
          },
          "sensitive_attributes": []
        }
      ]
    },
    {
      "mode": "data",
      "type": "oci_core_ipsec_connection_tunnel_routes",
      "name": "oci-ipsec-connection-tunnel-b-routes",
      "provider": "provider[\"registry.terraform.io/oracle/oci\"]",
      "instances": [
        {
          "schema_version": 0,
          "attributes": {
            "advertiser": "CUSTOMER",
            "filter": null,
            "id": "CoreIpsecConnectionTunnelRoutesDataSource-1320255666",
            "ipsec_id": "ocid1.ipsecconnection.oc1.us-sanjose-1.aaaaaaaazuohopcxyngjiz7vwwlxtxnhgo2a3tbldberlme5mgif5lumk2qq",
            "tunnel_id": "ocid1.ipsectunnel.oc1.us-sanjose-1.aaaaaaaai4bxrwwpizzorwzipeg36g72dqgmipiuhws5p5hjz2jtlixggawq",
            "tunnel_routes": []
          },
          "sensitive_attributes": []
        }
      ]
    },
    {
      "mode": "data",
      "type": "oci_core_ipsec_connection_tunnels",
      "name": "oci-ipsec-connection-tunnels",
      "provider": "provider[\"registry.terraform.io/oracle/oci\"]",
      "instances": [
        {
          "schema_version": 0,
          "attributes": {
            "filter": null,
            "id": "CoreIpSecConnectionTunnelsDataSource-3513778577",
            "ip_sec_connection_tunnels": [
              {
                "associated_virtual_circuits": [],
                "bgp_session_info": [],
                "compartment_id": "ocid1.compartment.oc1..aaaaaaaaopkw7kujv4rcenfsu5plsmry2pxdynxtotc6txeg4rp6rjbtklua",
                "cpe_ip": "152.67.253.6",
                "display_name": "ipsectunnel20241010062003-2",
                "dpd_config": [],
                "dpd_mode": "INITIATE_AND_RESPOND",
                "dpd_timeout_in_sec": 20,
                "encryption_domain_config": [],
                "id": "ocid1.ipsectunnel.oc1.us-sanjose-1.aaaaaaaa5paryzqmit2sfcobqwslobrbcrxjidwvhgw2g4xb6bqcnlmurcfq",
                "ike_version": "V1",
                "ipsec_id": "",
                "nat_translation_enabled": "AUTO",
                "oracle_can_initiate": "INITIATOR_OR_RESPONDER",
                "phase_one_details": [
                  {
                    "custom_authentication_algorithm": "",
                    "custom_dh_group": "",
                    "custom_encryption_algorithm": "",
                    "is_custom_phase_one_config": false,
                    "is_ike_established": true,
                    "lifetime": 28800,
                    "negotiated_authentication_algorithm": "",
                    "negotiated_dh_group": "",
                    "negotiated_encryption_algorithm": "",
                    "remaining_lifetime": "",
                    "remaining_lifetime_int": 0,
                    "remaining_lifetime_last_retrieved": "2024-10-10 06:22:28.554 +0000 UTC"
                  }
                ],
                "phase_two_details": [
                  {
                    "custom_authentication_algorithm": "",
                    "custom_encryption_algorithm": "",
                    "dh_group": "GROUP5",
                    "is_custom_phase_two_config": false,
                    "is_esp_established": false,
                    "is_pfs_enabled": true,
                    "lifetime": 3600,
                    "negotiated_authentication_algorithm": "",
                    "negotiated_dh_group": "",
                    "negotiated_encryption_algorithm": "",
                    "remaining_lifetime": "",
                    "remaining_lifetime_int": 0,
                    "remaining_lifetime_last_retrieved": "2024-10-10 06:22:28.554 +0000 UTC"
                  }
                ],
                "routing": "STATIC",
                "shared_secret": "",
                "state": "AVAILABLE",
                "status": "DOWN",
                "time_created": "2024-10-10 06:20:03.696 +0000 UTC",
                "time_status_updated": "2024-10-10 06:22:28.551 +0000 UTC",
                "tunnel_id": "",
                "vpn_ip": "129.159.42.121"
              },
              {
                "associated_virtual_circuits": [],
                "bgp_session_info": [],
                "compartment_id": "ocid1.compartment.oc1..aaaaaaaaopkw7kujv4rcenfsu5plsmry2pxdynxtotc6txeg4rp6rjbtklua",
                "cpe_ip": "152.67.253.6",
                "display_name": "ipsectunnel20241010062003-1",
                "dpd_config": [],
                "dpd_mode": "INITIATE_AND_RESPOND",
                "dpd_timeout_in_sec": 20,
                "encryption_domain_config": [],
                "id": "ocid1.ipsectunnel.oc1.us-sanjose-1.aaaaaaaai4bxrwwpizzorwzipeg36g72dqgmipiuhws5p5hjz2jtlixggawq",
                "ike_version": "V1",
                "ipsec_id": "",
                "nat_translation_enabled": "AUTO",
                "oracle_can_initiate": "INITIATOR_OR_RESPONDER",
                "phase_one_details": [
                  {
                    "custom_authentication_algorithm": "",
                    "custom_dh_group": "",
                    "custom_encryption_algorithm": "",
                    "is_custom_phase_one_config": false,
                    "is_ike_established": true,
                    "lifetime": 28800,
                    "negotiated_authentication_algorithm": "",
                    "negotiated_dh_group": "",
                    "negotiated_encryption_algorithm": "",
                    "remaining_lifetime": "",
                    "remaining_lifetime_int": 0,
                    "remaining_lifetime_last_retrieved": "2024-10-10 06:22:28.555 +0000 UTC"
                  }
                ],
                "phase_two_details": [
                  {
                    "custom_authentication_algorithm": "",
                    "custom_encryption_algorithm": "",
                    "dh_group": "GROUP5",
                    "is_custom_phase_two_config": false,
                    "is_esp_established": false,
                    "is_pfs_enabled": true,
                    "lifetime": 3600,
                    "negotiated_authentication_algorithm": "",
                    "negotiated_dh_group": "",
                    "negotiated_encryption_algorithm": "",
                    "remaining_lifetime": "",
                    "remaining_lifetime_int": 0,
                    "remaining_lifetime_last_retrieved": "2024-10-10 06:22:28.555 +0000 UTC"
                  }
                ],
                "routing": "STATIC",
                "shared_secret": "",
                "state": "AVAILABLE",
                "status": "DOWN",
                "time_created": "2024-10-10 06:20:03.677 +0000 UTC",
                "time_status_updated": "2024-10-10 06:22:28.551 +0000 UTC",
                "tunnel_id": "",
                "vpn_ip": "152.67.254.73"
              }
            ],
            "ipsec_id": "ocid1.ipsecconnection.oc1.us-sanjose-1.aaaaaaaazuohopcxyngjiz7vwwlxtxnhgo2a3tbldberlme5mgif5lumk2qq"
          },
          "sensitive_attributes": []
        }
      ]
    },
    {
      "mode": "data",
      "type": "oci_core_ipsec_connections",
      "name": "oci-ipsec-connections",
      "provider": "provider[\"registry.terraform.io/oracle/oci\"]",
      "instances": [
        {
          "schema_version": 0,
          "attributes": {
            "compartment_id": "ocid1.compartment.oc1..aaaaaaaaopkw7kujv4rcenfsu5plsmry2pxdynxtotc6txeg4rp6rjbtklua",
            "connections": [],
            "cpe_id": "ocid1.cpe.oc1.us-sanjose-1.aaaaaaaav6hx6laneglv7cjide6f5hevj5lk6gsjviidw6kib5w6wne6mvxq",
            "drg_id": "ocid1.drg.oc1.us-sanjose-1.aaaaaaaa3gtt5rk45pwdjg5mn5f5xwhbwjtdzsu32lic7qxah5qixdphmkva",
            "filter": null,
            "id": "CoreIpSecConnectionsDataSource-3029749536"
          },
          "sensitive_attributes": []
        }
      ]
    },
    {
      "mode": "data",
      "type": "oci_core_private_ips",
      "name": "oci-vcn-private-ip-datasource",
      "provider": "provider[\"registry.terraform.io/oracle/oci\"]",
      "instances": [
        {
          "schema_version": 0,
          "attributes": {
            "filter": null,
            "id": "CorePrivateIpsDataSource-3256437819",
            "ip_address": null,
            "private_ips": [
              {
                "availability_domain": "hdVp:US-SANJOSE-1-AD-1",
                "compartment_id": "ocid1.compartment.oc1..aaaaaaaaopkw7kujv4rcenfsu5plsmry2pxdynxtotc6txeg4rp6rjbtklua",
                "defined_tags": {
                  "Oracle-Tags.CreatedBy": "oracleidentitycloudservice/mayur.raleraskar@oracle.com",
                  "Oracle-Tags.CreatedOn": "2024-10-10T06:19:28.038Z"
                },
                "display_name": "primary_vnic",
                "freeform_tags": {},
                "hostname_label": "vnic0",
                "id": "ocid1.privateip.oc1.us-sanjose-1.abzwuljrc5yfaxgxnkpm6iseubjwpck6si46mosjd4ukravw4qyruebmap2a",
                "ip_address": "192.168.100.106",
                "is_primary": true,
                "is_reserved": false,
                "subnet_id": "ocid1.subnet.oc1.us-sanjose-1.aaaaaaaaulcsr7b4enles55wl75yhlnxyxmtzjny6a5z6qclt6355c5v3lna",
                "time_created": "2024-10-10 06:19:31.942 +0000 UTC",
                "vlan_id": "",
                "vnic_id": "ocid1.vnic.oc1.us-sanjose-1.abzwuljrfonxouorrsh2f2drkpa4vhfjf6brlldan53lyw5fr6pav2xrvetq"
              }
            ],
            "subnet_id": null,
            "vlan_id": null,
            "vnic_id": "ocid1.vnic.oc1.us-sanjose-1.abzwuljrfonxouorrsh2f2drkpa4vhfjf6brlldan53lyw5fr6pav2xrvetq"
          },
          "sensitive_attributes": []
        }
      ]
    },
    {
      "mode": "data",
      "type": "oci_core_private_ips",
      "name": "onprem-vcn-libreswan-instance-private-ip-datasource",
      "provider": "provider[\"registry.terraform.io/oracle/oci\"].on_prem_simulation",
      "instances": [
        {
          "schema_version": 0,
          "attributes": {
            "filter": null,
            "id": "CorePrivateIpsDataSource-3635058055",
            "ip_address": null,
            "private_ips": [
              {
                "availability_domain": "hdVp:US-SANJOSE-1-AD-1",
                "compartment_id": "ocid1.compartment.oc1..aaaaaaaaopkw7kujv4rcenfsu5plsmry2pxdynxtotc6txeg4rp6rjbtklua",
                "defined_tags": {
                  "Oracle-Tags.CreatedBy": "oracleidentitycloudservice/mayur.raleraskar@oracle.com",
                  "Oracle-Tags.CreatedOn": "2024-10-10T06:19:28.314Z"
                },
                "display_name": "Primaryvnic",
                "freeform_tags": {},
                "hostname_label": "onprem-vcn-subnet-vnic",
                "id": "ocid1.privateip.oc1.us-sanjose-1.abzwuljr6hl5tp6p2y7px6dngepgtrgo4trtuokc5d3qoccazlyyoomqyqlq",
                "ip_address": "172.16.100.20",
                "is_primary": true,
                "is_reserved": false,
                "subnet_id": "ocid1.subnet.oc1.us-sanjose-1.aaaaaaaavugyqowkjfxc7tkc3bnpoomjtdy6zrprzynfw635dvihro35lcea",
                "time_created": "2024-10-10 06:19:31.945 +0000 UTC",
                "vlan_id": "",
                "vnic_id": "ocid1.vnic.oc1.us-sanjose-1.abzwuljrlkug4hkge2ue3ibizci7smjukre4quevlchh6y4q3xgcijzmgsrq"
              }
            ],
            "subnet_id": null,
            "vlan_id": null,
            "vnic_id": "ocid1.vnic.oc1.us-sanjose-1.abzwuljrlkug4hkge2ue3ibizci7smjukre4quevlchh6y4q3xgcijzmgsrq"
          },
          "sensitive_attributes": []
        }
      ]
    },
    {
      "mode": "data",
      "type": "oci_core_private_ips",
      "name": "onprem-vcn-libreswan-instance-vnic-private-ip-id",
      "provider": "provider[\"registry.terraform.io/oracle/oci\"].on_prem_simulation",
      "instances": [
        {
          "schema_version": 0,
          "attributes": {
            "filter": null,
            "id": "CorePrivateIpsDataSource-3531839715",
            "ip_address": "172.16.100.16",
            "private_ips": [
              {
                "availability_domain": "hdVp:US-SANJOSE-1-AD-1",
                "compartment_id": "ocid1.compartment.oc1..aaaaaaaaopkw7kujv4rcenfsu5plsmry2pxdynxtotc6txeg4rp6rjbtklua",
                "defined_tags": {
                  "Oracle-Tags.CreatedBy": "oracleidentitycloudservice/mayur.raleraskar@oracle.com",
                  "Oracle-Tags.CreatedOn": "2024-10-10T06:19:28.198Z"
                },
                "display_name": "primary_vnic",
                "freeform_tags": {},
                "hostname_label": "cpe",
                "id": "ocid1.privateip.oc1.us-sanjose-1.abzwuljrrditx7lxxukvpqk562aq53jbde2vbzuqd266yqiy7jembbi5u2ga",
                "ip_address": "172.16.100.16",
                "is_primary": true,
                "is_reserved": false,
                "subnet_id": "ocid1.subnet.oc1.us-sanjose-1.aaaaaaaavugyqowkjfxc7tkc3bnpoomjtdy6zrprzynfw635dvihro35lcea",
                "time_created": "2024-10-10 06:19:31.968 +0000 UTC",
                "vlan_id": "",
                "vnic_id": "ocid1.vnic.oc1.us-sanjose-1.abzwuljr23zg2k3r7s5had4ejbic422y5jywxu3uake3msir6cbfkbd35lqa"
              }
            ],
            "subnet_id": "ocid1.subnet.oc1.us-sanjose-1.aaaaaaaavugyqowkjfxc7tkc3bnpoomjtdy6zrprzynfw635dvihro35lcea",
            "vlan_id": null,
            "vnic_id": null
          },
          "sensitive_attributes": []
        }
      ]
    },
    {
      "mode": "data",
      "type": "oci_core_private_ips",
      "name": "onprem-vcn-private-ip-datasource",
      "provider": "provider[\"registry.terraform.io/oracle/oci\"].on_prem_simulation",
      "instances": [
        {
          "schema_version": 0,
          "attributes": {
            "filter": null,
            "id": "CorePrivateIpsDataSource-3635058055",
            "ip_address": null,
            "private_ips": [
              {
                "availability_domain": "hdVp:US-SANJOSE-1-AD-1",
                "compartment_id": "ocid1.compartment.oc1..aaaaaaaaopkw7kujv4rcenfsu5plsmry2pxdynxtotc6txeg4rp6rjbtklua",
                "defined_tags": {
                  "Oracle-Tags.CreatedBy": "oracleidentitycloudservice/mayur.raleraskar@oracle.com",
                  "Oracle-Tags.CreatedOn": "2024-10-10T06:19:28.314Z"
                },
                "display_name": "Primaryvnic",
                "freeform_tags": {},
                "hostname_label": "onprem-vcn-subnet-vnic",
                "id": "ocid1.privateip.oc1.us-sanjose-1.abzwuljr6hl5tp6p2y7px6dngepgtrgo4trtuokc5d3qoccazlyyoomqyqlq",
                "ip_address": "172.16.100.20",
                "is_primary": true,
                "is_reserved": false,
                "subnet_id": "ocid1.subnet.oc1.us-sanjose-1.aaaaaaaavugyqowkjfxc7tkc3bnpoomjtdy6zrprzynfw635dvihro35lcea",
                "time_created": "2024-10-10 06:19:31.945 +0000 UTC",
                "vlan_id": "",
                "vnic_id": "ocid1.vnic.oc1.us-sanjose-1.abzwuljrlkug4hkge2ue3ibizci7smjukre4quevlchh6y4q3xgcijzmgsrq"
              }
            ],
            "subnet_id": null,
            "vlan_id": null,
            "vnic_id": "ocid1.vnic.oc1.us-sanjose-1.abzwuljrlkug4hkge2ue3ibizci7smjukre4quevlchh6y4q3xgcijzmgsrq"
          },
          "sensitive_attributes": []
        }
      ]
    },
    {
      "mode": "data",
      "type": "oci_core_vcn",
      "name": "oci-default-route-table-id",
      "provider": "provider[\"registry.terraform.io/oracle/oci\"]",
      "instances": [
        {
          "schema_version": 0,
          "attributes": {
            "byoipv6cidr_blocks": [],
            "byoipv6cidr_details": null,
            "cidr_block": "192.168.100.0/24",
            "cidr_blocks": [
              "192.168.100.0/24"
            ],
            "compartment_id": "ocid1.compartment.oc1..aaaaaaaaopkw7kujv4rcenfsu5plsmry2pxdynxtotc6txeg4rp6rjbtklua",
            "default_dhcp_options_id": "ocid1.dhcpoptions.oc1.us-sanjose-1.aaaaaaaajqdnkxovfkrcjmlyywuoy6mujhdgofodpqfhkc6mlpzaynptoeva",
            "default_route_table_id": "ocid1.routetable.oc1.us-sanjose-1.aaaaaaaa6fveubjl7ceaik7ydcxni6pwa72xm2fl4ymjmejhwkpugslfcsfa",
            "default_security_list_id": "ocid1.securitylist.oc1.us-sanjose-1.aaaaaaaaxn3nnss7f77vuofnkjk3xewj4zxdye4n2a5rfnozjmr6eqvjbgia",
            "defined_tags": {
              "Oracle-Tags.CreatedBy": "oracleidentitycloudservice/mayur.raleraskar@oracle.com",
              "Oracle-Tags.CreatedOn": "2024-10-10T06:19:24.472Z"
            },
            "display_name": "oci-vcn",
            "dns_label": "ocivcn",
            "freeform_tags": {},
            "id": "ocid1.vcn.oc1.us-sanjose-1.amaaaaaak6odqwqau3n6ng2ax26bup5cr77atuubkgvhu3qo6vvkkq2saoua",
            "ipv6cidr_blocks": [],
            "ipv6private_cidr_blocks": [],
            "is_ipv6enabled": null,
            "is_oracle_gua_allocation_enabled": null,
            "state": "AVAILABLE",
            "time_created": "2024-10-10 06:19:24.543 +0000 UTC",
            "vcn_domain_name": "ocivcn.oraclevcn.com",
            "vcn_id": "ocid1.vcn.oc1.us-sanjose-1.amaaaaaak6odqwqau3n6ng2ax26bup5cr77atuubkgvhu3qo6vvkkq2saoua"
          },
          "sensitive_attributes": []
        }
      ]
    },
    {
      "mode": "data",
      "type": "oci_core_vcn",
      "name": "onprem-default-route-table-id",
      "provider": "provider[\"registry.terraform.io/oracle/oci\"].on_prem_simulation",
      "instances": [
        {
          "schema_version": 0,
          "attributes": {
            "byoipv6cidr_blocks": [],
            "byoipv6cidr_details": null,
            "cidr_block": "172.16.100.0/24",
            "cidr_blocks": [
              "172.16.100.0/24"
            ],
            "compartment_id": "ocid1.compartment.oc1..aaaaaaaaopkw7kujv4rcenfsu5plsmry2pxdynxtotc6txeg4rp6rjbtklua",
            "default_dhcp_options_id": "ocid1.dhcpoptions.oc1.us-sanjose-1.aaaaaaaaeudejvbfelgot2urrwrhfn2kxktoev4mvbf6jydiohsqmgm72fma",
            "default_route_table_id": "ocid1.routetable.oc1.us-sanjose-1.aaaaaaaaytvx2evtpzd2heeen4l4visyqkgsnjprx4dmmhnr4chqu5pgsm4q",
            "default_security_list_id": "ocid1.securitylist.oc1.us-sanjose-1.aaaaaaaane5wela74ib7lrp6qrfvmgymutd5m6dd3y552zndpgfhthp3sw5q",
            "defined_tags": {
              "Oracle-Tags.CreatedBy": "oracleidentitycloudservice/mayur.raleraskar@oracle.com",
              "Oracle-Tags.CreatedOn": "2024-10-10T06:19:24.519Z"
            },
            "display_name": "onprem-vcn",
            "dns_label": "onpremvcn",
            "freeform_tags": {},
            "id": "ocid1.vcn.oc1.us-sanjose-1.amaaaaaak6odqwqazmuhj5u7xw36fswcyrcvncx3544bfn7g55jbquvdqtaa",
            "ipv6cidr_blocks": [],
            "ipv6private_cidr_blocks": [],
            "is_ipv6enabled": null,
            "is_oracle_gua_allocation_enabled": null,
            "state": "AVAILABLE",
            "time_created": "2024-10-10 06:19:24.563 +0000 UTC",
            "vcn_domain_name": "onpremvcn.oraclevcn.com",
            "vcn_id": "ocid1.vcn.oc1.us-sanjose-1.amaaaaaak6odqwqazmuhj5u7xw36fswcyrcvncx3544bfn7g55jbquvdqtaa"
          },
          "sensitive_attributes": []
        }
      ]
    },
    {
      "mode": "data",
      "type": "oci_core_vnic",
      "name": "oci-vcn-instance-vnic",
      "provider": "provider[\"registry.terraform.io/oracle/oci\"]",
      "instances": [
        {
          "schema_version": 0,
          "attributes": {
            "availability_domain": "hdVp:US-SANJOSE-1-AD-1",
            "compartment_id": "ocid1.compartment.oc1..aaaaaaaaopkw7kujv4rcenfsu5plsmry2pxdynxtotc6txeg4rp6rjbtklua",
            "defined_tags": {
              "Oracle-Tags.CreatedBy": "oracleidentitycloudservice/mayur.raleraskar@oracle.com",
              "Oracle-Tags.CreatedOn": "2024-10-10T06:19:28.038Z"
            },
            "display_name": "primary_vnic",
            "freeform_tags": {},
            "hostname_label": "vnic0",
            "id": "ocid1.vnic.oc1.us-sanjose-1.abzwuljrfonxouorrsh2f2drkpa4vhfjf6brlldan53lyw5fr6pav2xrvetq",
            "ipv6addresses": [],
            "is_primary": true,
            "mac_address": "02:00:17:02:AC:ED",
            "nsg_ids": [],
            "private_ip_address": "192.168.100.106",
            "public_ip_address": "165.1.74.46",
            "skip_source_dest_check": false,
            "state": "AVAILABLE",
            "subnet_id": "ocid1.subnet.oc1.us-sanjose-1.aaaaaaaaulcsr7b4enles55wl75yhlnxyxmtzjny6a5z6qclt6355c5v3lna",
            "time_created": "2024-10-10 06:19:31.942 +0000 UTC",
            "vlan_id": null,
            "vnic_id": "ocid1.vnic.oc1.us-sanjose-1.abzwuljrfonxouorrsh2f2drkpa4vhfjf6brlldan53lyw5fr6pav2xrvetq"
          },
          "sensitive_attributes": []
        }
      ]
    },
    {
      "mode": "data",
      "type": "oci_core_vnic",
      "name": "onprem-vcn-instance-vnic",
      "provider": "provider[\"registry.terraform.io/oracle/oci\"].on_prem_simulation",
      "instances": [
        {
          "schema_version": 0,
          "attributes": {
            "availability_domain": "hdVp:US-SANJOSE-1-AD-1",
            "compartment_id": "ocid1.compartment.oc1..aaaaaaaaopkw7kujv4rcenfsu5plsmry2pxdynxtotc6txeg4rp6rjbtklua",
            "defined_tags": {
              "Oracle-Tags.CreatedBy": "oracleidentitycloudservice/mayur.raleraskar@oracle.com",
              "Oracle-Tags.CreatedOn": "2024-10-10T06:19:28.314Z"
            },
            "display_name": "Primaryvnic",
            "freeform_tags": {},
            "hostname_label": "onprem-vcn-subnet-vnic",
            "id": "ocid1.vnic.oc1.us-sanjose-1.abzwuljrlkug4hkge2ue3ibizci7smjukre4quevlchh6y4q3xgcijzmgsrq",
            "ipv6addresses": [],
            "is_primary": true,
            "mac_address": "02:00:17:01:71:BD",
            "nsg_ids": [],
            "private_ip_address": "172.16.100.20",
            "public_ip_address": "146.235.200.108",
            "skip_source_dest_check": true,
            "state": "AVAILABLE",
            "subnet_id": "ocid1.subnet.oc1.us-sanjose-1.aaaaaaaavugyqowkjfxc7tkc3bnpoomjtdy6zrprzynfw635dvihro35lcea",
            "time_created": "2024-10-10 06:19:31.945 +0000 UTC",
            "vlan_id": null,
            "vnic_id": "ocid1.vnic.oc1.us-sanjose-1.abzwuljrlkug4hkge2ue3ibizci7smjukre4quevlchh6y4q3xgcijzmgsrq"
          },
          "sensitive_attributes": []
        }
      ]
    },
    {
      "mode": "data",
      "type": "oci_core_vnic",
      "name": "onprem-vcn-libreswan-instance-vnic",
      "provider": "provider[\"registry.terraform.io/oracle/oci\"].on_prem_simulation",
      "instances": [
        {
          "schema_version": 0,
          "attributes": {
            "availability_domain": "hdVp:US-SANJOSE-1-AD-1",
            "compartment_id": "ocid1.compartment.oc1..aaaaaaaaopkw7kujv4rcenfsu5plsmry2pxdynxtotc6txeg4rp6rjbtklua",
            "defined_tags": {
              "Oracle-Tags.CreatedBy": "oracleidentitycloudservice/mayur.raleraskar@oracle.com",
              "Oracle-Tags.CreatedOn": "2024-10-10T06:19:28.198Z"
            },
            "display_name": "primary_vnic",
            "freeform_tags": {},
            "hostname_label": "cpe",
            "id": "ocid1.vnic.oc1.us-sanjose-1.abzwuljr23zg2k3r7s5had4ejbic422y5jywxu3uake3msir6cbfkbd35lqa",
            "ipv6addresses": [],
            "is_primary": true,
            "mac_address": "02:00:17:04:85:06",
            "nsg_ids": [],
            "private_ip_address": "172.16.100.16",
            "public_ip_address": "152.67.253.6",
            "skip_source_dest_check": true,
            "state": "AVAILABLE",
            "subnet_id": "ocid1.subnet.oc1.us-sanjose-1.aaaaaaaavugyqowkjfxc7tkc3bnpoomjtdy6zrprzynfw635dvihro35lcea",
            "time_created": "2024-10-10 06:19:31.968 +0000 UTC",
            "vlan_id": null,
            "vnic_id": "ocid1.vnic.oc1.us-sanjose-1.abzwuljr23zg2k3r7s5had4ejbic422y5jywxu3uake3msir6cbfkbd35lqa"
          },
          "sensitive_attributes": []
        }
      ]
    },
    {
      "mode": "data",
      "type": "oci_core_vnic_attachments",
      "name": "oci-vcn-instance-vnics",
      "provider": "provider[\"registry.terraform.io/oracle/oci\"]",
      "instances": [
        {
          "schema_version": 0,
          "attributes": {
            "availability_domain": "hdVp:US-SANJOSE-1-AD-1",
            "compartment_id": "ocid1.compartment.oc1..aaaaaaaaopkw7kujv4rcenfsu5plsmry2pxdynxtotc6txeg4rp6rjbtklua",
            "filter": null,
            "id": "CoreVnicAttachmentsDataSource-3530308764",
            "instance_id": "ocid1.instance.oc1.us-sanjose-1.anzwuljrk6odqwqcuqnd2l3pt46glgos5esxav3o22vt3ebrkjbbavhabapq",
            "vnic_attachments": [
              {
                "availability_domain": "hdVp:US-SANJOSE-1-AD-1",
                "compartment_id": "ocid1.compartment.oc1..aaaaaaaaopkw7kujv4rcenfsu5plsmry2pxdynxtotc6txeg4rp6rjbtklua",
                "create_vnic_details": [],
                "display_name": "",
                "id": "ocid1.vnicattachment.oc1.us-sanjose-1.anzwuljrk6odqwqc4435q3awnk2lmxumk3qt5uz6ni5bk46y5njulflnpybq",
                "instance_id": "ocid1.instance.oc1.us-sanjose-1.anzwuljrk6odqwqcuqnd2l3pt46glgos5esxav3o22vt3ebrkjbbavhabapq",
                "nic_index": 0,
                "state": "ATTACHED",
                "subnet_id": "ocid1.subnet.oc1.us-sanjose-1.aaaaaaaaulcsr7b4enles55wl75yhlnxyxmtzjny6a5z6qclt6355c5v3lna",
                "time_created": "2024-10-10 06:19:33.001 +0000 UTC",
                "vlan_id": "",
                "vlan_tag": 2526,
                "vnic_id": "ocid1.vnic.oc1.us-sanjose-1.abzwuljrfonxouorrsh2f2drkpa4vhfjf6brlldan53lyw5fr6pav2xrvetq"
              }
            ],
            "vnic_id": null
          },
          "sensitive_attributes": []
        }
      ]
    },
    {
      "mode": "data",
      "type": "oci_core_vnic_attachments",
      "name": "onprem-vcn-instance-vnics",
      "provider": "provider[\"registry.terraform.io/oracle/oci\"].on_prem_simulation",
      "instances": [
        {
          "schema_version": 0,
          "attributes": {
            "availability_domain": "hdVp:US-SANJOSE-1-AD-1",
            "compartment_id": "ocid1.compartment.oc1..aaaaaaaaopkw7kujv4rcenfsu5plsmry2pxdynxtotc6txeg4rp6rjbtklua",
            "filter": null,
            "id": "CoreVnicAttachmentsDataSource-3987433794",
            "instance_id": "ocid1.instance.oc1.us-sanjose-1.anzwuljrk6odqwqcjkpqcak3whjsiddzz6bdq563ngs3s55t6ktz6sk5rhna",
            "vnic_attachments": [
              {
                "availability_domain": "hdVp:US-SANJOSE-1-AD-1",
                "compartment_id": "ocid1.compartment.oc1..aaaaaaaaopkw7kujv4rcenfsu5plsmry2pxdynxtotc6txeg4rp6rjbtklua",
                "create_vnic_details": [],
                "display_name": "",
                "id": "ocid1.vnicattachment.oc1.us-sanjose-1.anzwuljrk6odqwqc5j5gnr3cccbmav27zgpbih2jlpuv6r4ntetyqianwxuq",
                "instance_id": "ocid1.instance.oc1.us-sanjose-1.anzwuljrk6odqwqcjkpqcak3whjsiddzz6bdq563ngs3s55t6ktz6sk5rhna",
                "nic_index": 0,
                "state": "ATTACHED",
                "subnet_id": "ocid1.subnet.oc1.us-sanjose-1.aaaaaaaavugyqowkjfxc7tkc3bnpoomjtdy6zrprzynfw635dvihro35lcea",
                "time_created": "2024-10-10 06:19:33.099 +0000 UTC",
                "vlan_id": "",
                "vlan_tag": 3141,
                "vnic_id": "ocid1.vnic.oc1.us-sanjose-1.abzwuljrlkug4hkge2ue3ibizci7smjukre4quevlchh6y4q3xgcijzmgsrq"
              }
            ],
            "vnic_id": null
          },
          "sensitive_attributes": []
        }
      ]
    },
    {
      "mode": "data",
      "type": "oci_core_vnic_attachments",
      "name": "onprem-vcn-libreswan-instance-vnics",
      "provider": "provider[\"registry.terraform.io/oracle/oci\"].on_prem_simulation",
      "instances": [
        {
          "schema_version": 0,
          "attributes": {
            "availability_domain": "hdVp:US-SANJOSE-1-AD-1",
            "compartment_id": "ocid1.compartment.oc1..aaaaaaaaopkw7kujv4rcenfsu5plsmry2pxdynxtotc6txeg4rp6rjbtklua",
            "filter": null,
            "id": "CoreVnicAttachmentsDataSource-194385527",
            "instance_id": "ocid1.instance.oc1.us-sanjose-1.anzwuljrk6odqwqclcg6on34n4xbirpuumiv74hporbpuhfcqff3qbt2wcca",
            "vnic_attachments": [
              {
                "availability_domain": "hdVp:US-SANJOSE-1-AD-1",
                "compartment_id": "ocid1.compartment.oc1..aaaaaaaaopkw7kujv4rcenfsu5plsmry2pxdynxtotc6txeg4rp6rjbtklua",
                "create_vnic_details": [],
                "display_name": "",
                "id": "ocid1.vnicattachment.oc1.us-sanjose-1.anzwuljrk6odqwqcjlalqj3o7vdzuyljoxrmne4hqrhcrc5euyve7efplf2q",
                "instance_id": "ocid1.instance.oc1.us-sanjose-1.anzwuljrk6odqwqclcg6on34n4xbirpuumiv74hporbpuhfcqff3qbt2wcca",
                "nic_index": 0,
                "state": "ATTACHED",
                "subnet_id": "ocid1.subnet.oc1.us-sanjose-1.aaaaaaaavugyqowkjfxc7tkc3bnpoomjtdy6zrprzynfw635dvihro35lcea",
                "time_created": "2024-10-10 06:19:33.033 +0000 UTC",
                "vlan_id": "",
                "vlan_tag": 1487,
                "vnic_id": "ocid1.vnic.oc1.us-sanjose-1.abzwuljr23zg2k3r7s5had4ejbic422y5jywxu3uake3msir6cbfkbd35lqa"
              }
            ],
            "vnic_id": null
          },
          "sensitive_attributes": []
        }
      ]
    },
    {
      "mode": "data",
      "type": "oci_identity_availability_domain",
      "name": "ad_oci",
      "provider": "provider[\"registry.terraform.io/oracle/oci\"]",
      "instances": [
        {
          "schema_version": 0,
          "attributes": {
            "ad_number": 1,
            "compartment_id": "ocid1.tenancy.oc1..aaaaaaaak2lpej3xxgd6iayoqdzkrlcn6eqlyfc4yqyc4s57hff7yqiouj2q",
            "id": "ocid1.availabilitydomain.oc1..aaaaaaaavi2wyd6rjjffu5nzgb3gjq4thy46k7sgw5ibh7mu5sq5fyie6t5a",
            "name": "hdVp:US-SANJOSE-1-AD-1"
          },
          "sensitive_attributes": []
        }
      ]
    },
    {
      "mode": "data",
      "type": "oci_identity_availability_domain",
      "name": "ad_onprem",
      "provider": "provider[\"registry.terraform.io/oracle/oci\"].on_prem_simulation",
      "instances": [
        {
          "schema_version": 0,
          "attributes": {
            "ad_number": 1,
            "compartment_id": "ocid1.tenancy.oc1..aaaaaaaak2lpej3xxgd6iayoqdzkrlcn6eqlyfc4yqyc4s57hff7yqiouj2q",
            "id": "ocid1.availabilitydomain.oc1..aaaaaaaavi2wyd6rjjffu5nzgb3gjq4thy46k7sgw5ibh7mu5sq5fyie6t5a",
            "name": "hdVp:US-SANJOSE-1-AD-1"
          },
          "sensitive_attributes": []
        }
      ]
    },
    {
      "mode": "managed",
      "type": "local_file",
      "name": "ansible-vars-generate",
      "provider": "provider[\"registry.terraform.io/hashicorp/local\"]",
      "instances": [
        {
          "schema_version": 0,
          "attributes": {
            "content": "# Ansible vars file containing variable values from Terraform.\n\n# headends have public IPs\ncpe_public_ipv4: 152.67.253.6\noracle_headend_tun_a: 129.159.42.121\noracle_headend_tun_b: 152.67.254.73\n\ncpe_local_private_ip: 172.16.100.16\n\npsk_tun_a: 20992099\npsk_tun_b: 30993099\n\nvti_a: \"vti0\"\nvti_b: \"vti1\" \n\n# all vti-s have are /30 adddress\nvti_a_local_ip: 10.10.100.101\nbgp_router_id: 10.10.100.100 # TODO bgp router-id then bgp router-id \nvti_a_remote_ip: 10.10.100.102\n\nvti_b_local_ip: 10.10.100.105\nvti_b_remote_ip: 10.10.100.106\n\nbgp_asn_local: 65065\nbgp_asn_remote: 31898  # Oracle's ASN, DNT change\ncpe_onprem_vcn_cidr: 172.16.100.0/24\n\nremote_vcn_cidr: 192.168.100.0/24 # TODO why is it unused? as BGP will advertise anyways?\n    \n",
            "content_base64": null,
            "content_base64sha256": "dqDzmutdkOk/7YFQWH2BMytnWs+FGnKE2fRL1cCbEgI=",
            "content_base64sha512": "JahOAlCXeMd/RidCXIHLU/2IWxuXARFY3PEbcWICP1IzTa1y4MXRbguFU6UBIV1fN+BoAKX2QezB3l4PPLg8fg==",
            "content_md5": "db989d736baf6c4ab07f167ce96cba89",
            "content_sha1": "b2c2a0ed31c46bf5260ac0a4b8c893186b84a966",
            "content_sha256": "76a0f39aeb5d90e93fed8150587d81332b675acf851a7284d9f44bd5c09b1202",
            "content_sha512": "25a84e02509778c77f4627425c81cb53fd885b1b97011158dcf11b7162023f52334dad72e0c5d16e0b8553a501215d5f37e06800a5f641ecc1de5e0f3cb83c7e",
            "directory_permission": "0777",
            "file_permission": "0777",
            "filename": "./ansible/vars.yml",
            "id": "b2c2a0ed31c46bf5260ac0a4b8c893186b84a966",
            "sensitive_content": null,
            "source": null
          },
          "sensitive_attributes": [
            [
              {
                "type": "get_attr",
                "value": "sensitive_content"
              }
            ]
          ],
          "dependencies": [
            "data.oci_core_cpe_device_shape.oci-ipsec-cpe-device-shape",
            "data.oci_core_cpe_device_shapes.oci-ipsec-cpe-device-shapes",
            "data.oci_core_images.oracle_linux_images_onprem",
            "data.oci_core_ipsec_connection_tunnels.oci-ipsec-connection-tunnels",
            "data.oci_identity_availability_domain.ad_onprem",
            "oci_core_cpe.oci-ipsec-cpe",
            "oci_core_drg.oci-vcn-drg",
            "oci_core_instance.onprem-vcn-libreswan-instance",
            "oci_core_ipsec.oci-ipsec-connection",
            "oci_core_subnet.onprem-vcn-subnet",
            "oci_core_vcn.onprem-vcn"
          ]
        }
      ]
    },
    {
      "mode": "managed",
      "type": "null_resource",
      "name": "execute-ansible-playbook",
      "provider": "provider[\"registry.terraform.io/hashicorp/null\"]",
      "instances": [
        {
          "schema_version": 0,
          "attributes": {
            "id": "8539774552465657754",
            "triggers": null
          },
          "sensitive_attributes": [],
          "dependencies": [
            "data.oci_core_cpe_device_shape.oci-ipsec-cpe-device-shape",
            "data.oci_core_cpe_device_shapes.oci-ipsec-cpe-device-shapes",
            "data.oci_core_images.oracle_linux_images_onprem",
            "data.oci_core_ipsec_connection_tunnels.oci-ipsec-connection-tunnels",
            "data.oci_identity_availability_domain.ad_onprem",
            "local_file.ansible-vars-generate",
            "oci_core_cpe.oci-ipsec-cpe",
            "oci_core_drg.oci-vcn-drg",
            "oci_core_instance.onprem-vcn-libreswan-instance",
            "oci_core_ipsec.oci-ipsec-connection",
            "oci_core_subnet.onprem-vcn-subnet",
            "oci_core_vcn.onprem-vcn"
          ]
        }
      ]
    },
    {
      "mode": "managed",
      "type": "oci_core_cpe",
      "name": "oci-ipsec-cpe",
      "provider": "provider[\"registry.terraform.io/oracle/oci\"]",
      "instances": [
        {
          "schema_version": 0,
          "attributes": {
            "compartment_id": "ocid1.compartment.oc1..aaaaaaaaopkw7kujv4rcenfsu5plsmry2pxdynxtotc6txeg4rp6rjbtklua",
            "cpe_device_shape_id": "0d703eb6-e19d-43af-8f00-668d3e59e583",
            "defined_tags": {
              "Oracle-Tags.CreatedBy": "oracleidentitycloudservice/mayur.raleraskar@oracle.com",
              "Oracle-Tags.CreatedOn": "2024-10-10T06:20:03.162Z"
            },
            "display_name": "oci-ipsec-cpe",
            "freeform_tags": {},
            "id": "ocid1.cpe.oc1.us-sanjose-1.aaaaaaaav6hx6laneglv7cjide6f5hevj5lk6gsjviidw6kib5w6wne6mvxq",
            "ip_address": "152.67.253.6",
            "is_private": false,
            "time_created": "2024-10-10 06:20:03.176 +0000 UTC",
            "timeouts": null
          },
          "sensitive_attributes": [],
          "private": "eyJlMmJmYjczMC1lY2FhLTExZTYtOGY4OC0zNDM2M2JjN2M0YzAiOnsiY3JlYXRlIjoxMjAwMDAwMDAwMDAwLCJkZWxldGUiOjEyMDAwMDAwMDAwMDAsInVwZGF0ZSI6MTIwMDAwMDAwMDAwMH19",
          "dependencies": [
            "data.oci_core_cpe_device_shape.oci-ipsec-cpe-device-shape",
            "data.oci_core_cpe_device_shapes.oci-ipsec-cpe-device-shapes",
            "data.oci_core_images.oracle_linux_images_onprem",
            "data.oci_identity_availability_domain.ad_onprem",
            "oci_core_instance.onprem-vcn-libreswan-instance",
            "oci_core_subnet.onprem-vcn-subnet",
            "oci_core_vcn.onprem-vcn"
          ]
        }
      ]
    },
    {
      "mode": "managed",
      "type": "oci_core_default_route_table",
      "name": "oci-default-route-table",
      "provider": "provider[\"registry.terraform.io/oracle/oci\"]",
      "instances": [
        {
          "schema_version": 0,
          "attributes": {
            "compartment_id": "ocid1.compartment.oc1..aaaaaaaaopkw7kujv4rcenfsu5plsmry2pxdynxtotc6txeg4rp6rjbtklua",
            "defined_tags": {
              "Oracle-Tags.CreatedBy": "oracleidentitycloudservice/mayur.raleraskar@oracle.com",
              "Oracle-Tags.CreatedOn": "2024-10-10T06:19:24.472Z"
            },
            "display_name": "Default Route Table for oci-vcn",
            "freeform_tags": {},
            "id": "ocid1.routetable.oc1.us-sanjose-1.aaaaaaaa6fveubjl7ceaik7ydcxni6pwa72xm2fl4ymjmejhwkpugslfcsfa",
            "manage_default_resource_id": "ocid1.routetable.oc1.us-sanjose-1.aaaaaaaa6fveubjl7ceaik7ydcxni6pwa72xm2fl4ymjmejhwkpugslfcsfa",
            "route_rules": [
              {
                "cidr_block": "",
                "description": "",
                "destination": "0.0.0.0/0",
                "destination_type": "CIDR_BLOCK",
                "network_entity_id": "ocid1.internetgateway.oc1.us-sanjose-1.aaaaaaaarz72sgupamtsgmfq7ayxde36tonmp2sa5d2d4hc5vs6kfumr3pna",
                "route_type": ""
              },
              {
                "cidr_block": "",
                "description": "",
                "destination": "172.16.100.0/24",
                "destination_type": "CIDR_BLOCK",
                "network_entity_id": "ocid1.drg.oc1.us-sanjose-1.aaaaaaaa3gtt5rk45pwdjg5mn5f5xwhbwjtdzsu32lic7qxah5qixdphmkva",
                "route_type": ""
              }
            ],
            "state": "AVAILABLE",
            "time_created": "2024-10-10 06:19:24.543 +0000 UTC",
            "timeouts": null
          },
          "sensitive_attributes": [],
          "private": "eyJlMmJmYjczMC1lY2FhLTExZTYtOGY4OC0zNDM2M2JjN2M0YzAiOnsiY3JlYXRlIjoxMjAwMDAwMDAwMDAwLCJkZWxldGUiOjEyMDAwMDAwMDAwMDAsInVwZGF0ZSI6MTIwMDAwMDAwMDAwMH19",
          "dependencies": [
            "data.oci_core_vcn.oci-default-route-table-id",
            "oci_core_drg.oci-vcn-drg",
            "oci_core_internet_gateway.oci-internet-gateway",
            "oci_core_vcn.oci-vcn"
          ]
        }
      ]
    },
    {
      "mode": "managed",
      "type": "oci_core_default_route_table",
      "name": "onprem-default-route-table",
      "provider": "provider[\"registry.terraform.io/oracle/oci\"].on_prem_simulation",
      "instances": [
        {
          "schema_version": 0,
          "attributes": {
            "compartment_id": "ocid1.compartment.oc1..aaaaaaaaopkw7kujv4rcenfsu5plsmry2pxdynxtotc6txeg4rp6rjbtklua",
            "defined_tags": {
              "Oracle-Tags.CreatedBy": "oracleidentitycloudservice/mayur.raleraskar@oracle.com",
              "Oracle-Tags.CreatedOn": "2024-10-10T06:19:24.519Z"
            },
            "display_name": "Default Route Table for onprem-vcn",
            "freeform_tags": {},
            "id": "ocid1.routetable.oc1.us-sanjose-1.aaaaaaaaytvx2evtpzd2heeen4l4visyqkgsnjprx4dmmhnr4chqu5pgsm4q",
            "manage_default_resource_id": "ocid1.routetable.oc1.us-sanjose-1.aaaaaaaaytvx2evtpzd2heeen4l4visyqkgsnjprx4dmmhnr4chqu5pgsm4q",
            "route_rules": [
              {
                "cidr_block": "",
                "description": "",
                "destination": "0.0.0.0/0",
                "destination_type": "CIDR_BLOCK",
                "network_entity_id": "ocid1.internetgateway.oc1.us-sanjose-1.aaaaaaaa256msthjmabyfyxhnq2cnugml5wjhw27pwm4pcuxqkhunzeh3yoa",
                "route_type": ""
              },
              {
                "cidr_block": "",
                "description": "",
                "destination": "192.168.100.0/24",
                "destination_type": "CIDR_BLOCK",
                "network_entity_id": "ocid1.privateip.oc1.us-sanjose-1.abzwuljrrditx7lxxukvpqk562aq53jbde2vbzuqd266yqiy7jembbi5u2ga",
                "route_type": ""
              }
            ],
            "state": "AVAILABLE",
            "time_created": "2024-10-10 06:19:24.563 +0000 UTC",
            "timeouts": null
          },
          "sensitive_attributes": [],
          "private": "eyJlMmJmYjczMC1lY2FhLTExZTYtOGY4OC0zNDM2M2JjN2M0YzAiOnsiY3JlYXRlIjoxMjAwMDAwMDAwMDAwLCJkZWxldGUiOjEyMDAwMDAwMDAwMDAsInVwZGF0ZSI6MTIwMDAwMDAwMDAwMH19",
          "dependencies": [
            "data.oci_core_images.oracle_linux_images_onprem",
            "data.oci_core_private_ips.onprem-vcn-libreswan-instance-vnic-private-ip-id",
            "data.oci_core_vcn.onprem-default-route-table-id",
            "data.oci_identity_availability_domain.ad_onprem",
            "oci_core_instance.onprem-vcn-libreswan-instance",
            "oci_core_internet_gateway.onprem-internet-gateway",
            "oci_core_subnet.onprem-vcn-subnet",
            "oci_core_vcn.onprem-vcn"
          ]
        }
      ]
    },
    {
      "mode": "managed",
      "type": "oci_core_default_security_list",
      "name": "oci-vcn-subnet-security-list",
      "provider": "provider[\"registry.terraform.io/oracle/oci\"]",
      "instances": [
        {
          "schema_version": 0,
          "attributes": {
            "compartment_id": "ocid1.compartment.oc1..aaaaaaaaopkw7kujv4rcenfsu5plsmry2pxdynxtotc6txeg4rp6rjbtklua",
            "defined_tags": {
              "Oracle-Tags.CreatedBy": "oracleidentitycloudservice/mayur.raleraskar@oracle.com",
              "Oracle-Tags.CreatedOn": "2024-10-10T06:19:24.472Z"
            },
            "display_name": "Default Security List for oci-vcn",
            "egress_security_rules": [
              {
                "description": "",
                "destination": "0.0.0.0/0",
                "destination_type": "CIDR_BLOCK",
                "icmp_options": [],
                "protocol": "all",
                "stateless": false,
                "tcp_options": [],
                "udp_options": []
              }
            ],
            "freeform_tags": {},
            "id": "ocid1.securitylist.oc1.us-sanjose-1.aaaaaaaaxn3nnss7f77vuofnkjk3xewj4zxdye4n2a5rfnozjmr6eqvjbgia",
            "ingress_security_rules": [
              {
                "description": "",
                "icmp_options": [],
                "protocol": "all",
                "source": "0.0.0.0/0",
                "source_type": "CIDR_BLOCK",
                "stateless": false,
                "tcp_options": [],
                "udp_options": []
              }
            ],
            "manage_default_resource_id": "ocid1.securitylist.oc1.us-sanjose-1.aaaaaaaaxn3nnss7f77vuofnkjk3xewj4zxdye4n2a5rfnozjmr6eqvjbgia",
            "state": "AVAILABLE",
            "time_created": "2024-10-10 06:19:24.543 +0000 UTC",
            "timeouts": null
          },
          "sensitive_attributes": [],
          "private": "eyJlMmJmYjczMC1lY2FhLTExZTYtOGY4OC0zNDM2M2JjN2M0YzAiOnsiY3JlYXRlIjoxMjAwMDAwMDAwMDAwLCJkZWxldGUiOjEyMDAwMDAwMDAwMDAsInVwZGF0ZSI6MTIwMDAwMDAwMDAwMH19",
          "dependencies": [
            "oci_core_vcn.oci-vcn"
          ]
        }
      ]
    },
    {
      "mode": "managed",
      "type": "oci_core_default_security_list",
      "name": "onprem-vcn-subnet-security-list",
      "provider": "provider[\"registry.terraform.io/oracle/oci\"].on_prem_simulation",
      "instances": [
        {
          "schema_version": 0,
          "attributes": {
            "compartment_id": "ocid1.compartment.oc1..aaaaaaaaopkw7kujv4rcenfsu5plsmry2pxdynxtotc6txeg4rp6rjbtklua",
            "defined_tags": {
              "Oracle-Tags.CreatedBy": "oracleidentitycloudservice/mayur.raleraskar@oracle.com",
              "Oracle-Tags.CreatedOn": "2024-10-10T06:19:24.519Z"
            },
            "display_name": "Default Security List for onprem-vcn",
            "egress_security_rules": [
              {
                "description": "",
                "destination": "0.0.0.0/0",
                "destination_type": "CIDR_BLOCK",
                "icmp_options": [],
                "protocol": "all",
                "stateless": false,
                "tcp_options": [],
                "udp_options": []
              }
            ],
            "freeform_tags": {},
            "id": "ocid1.securitylist.oc1.us-sanjose-1.aaaaaaaane5wela74ib7lrp6qrfvmgymutd5m6dd3y552zndpgfhthp3sw5q",
            "ingress_security_rules": [
              {
                "description": "",
                "icmp_options": [],
                "protocol": "all",
                "source": "0.0.0.0/0",
                "source_type": "CIDR_BLOCK",
                "stateless": false,
                "tcp_options": [],
                "udp_options": []
              }
            ],
            "manage_default_resource_id": "ocid1.securitylist.oc1.us-sanjose-1.aaaaaaaane5wela74ib7lrp6qrfvmgymutd5m6dd3y552zndpgfhthp3sw5q",
            "state": "AVAILABLE",
            "time_created": "2024-10-10 06:19:24.563 +0000 UTC",
            "timeouts": null
          },
          "sensitive_attributes": [],
          "private": "eyJlMmJmYjczMC1lY2FhLTExZTYtOGY4OC0zNDM2M2JjN2M0YzAiOnsiY3JlYXRlIjoxMjAwMDAwMDAwMDAwLCJkZWxldGUiOjEyMDAwMDAwMDAwMDAsInVwZGF0ZSI6MTIwMDAwMDAwMDAwMH19",
          "dependencies": [
            "oci_core_vcn.onprem-vcn"
          ]
        }
      ]
    },
    {
      "mode": "managed",
      "type": "oci_core_drg",
      "name": "oci-vcn-drg",
      "provider": "provider[\"registry.terraform.io/oracle/oci\"]",
      "instances": [
        {
          "schema_version": 0,
          "attributes": {
            "compartment_id": "ocid1.compartment.oc1..aaaaaaaaopkw7kujv4rcenfsu5plsmry2pxdynxtotc6txeg4rp6rjbtklua",
            "default_drg_route_tables": [
              {
                "ipsec_tunnel": "ocid1.drgroutetable.oc1.us-sanjose-1.aaaaaaaabocuyytqf2lufndjyql242kxm4zzk3wuznmynpa5ttjm4ctd7e6q",
                "remote_peering_connection": "ocid1.drgroutetable.oc1.us-sanjose-1.aaaaaaaabocuyytqf2lufndjyql242kxm4zzk3wuznmynpa5ttjm4ctd7e6q",
                "vcn": "ocid1.drgroutetable.oc1.us-sanjose-1.aaaaaaaaraii4vrfhwzxezyvpnrfkjaea6uxu35spjhhfyiy23gou3u5gzxq",
                "virtual_circuit": "ocid1.drgroutetable.oc1.us-sanjose-1.aaaaaaaabocuyytqf2lufndjyql242kxm4zzk3wuznmynpa5ttjm4ctd7e6q"
              }
            ],
            "default_export_drg_route_distribution_id": "ocid1.drgroutedistribution.oc1.us-sanjose-1.aaaaaaaatnhisadojcthgz6u76g64wxkcoq66wif53yndtqtruebhdq4j26a",
            "defined_tags": {
              "Oracle-Tags.CreatedBy": "oracleidentitycloudservice/mayur.raleraskar@oracle.com",
              "Oracle-Tags.CreatedOn": "2024-10-10T06:19:24.487Z"
            },
            "display_name": "oci-vcn-drg",
            "freeform_tags": {},
            "id": "ocid1.drg.oc1.us-sanjose-1.aaaaaaaa3gtt5rk45pwdjg5mn5f5xwhbwjtdzsu32lic7qxah5qixdphmkva",
            "redundancy_status": "NOT_AVAILABLE",
            "state": "AVAILABLE",
            "time_created": "2024-10-10 06:19:24.511 +0000 UTC",
            "timeouts": null
          },
          "sensitive_attributes": [],
          "private": "eyJlMmJmYjczMC1lY2FhLTExZTYtOGY4OC0zNDM2M2JjN2M0YzAiOnsiY3JlYXRlIjoxMjAwMDAwMDAwMDAwLCJkZWxldGUiOjEyMDAwMDAwMDAwMDAsInVwZGF0ZSI6MTIwMDAwMDAwMDAwMH19"
        }
      ]
    },
    {
      "mode": "managed",
      "type": "oci_core_drg_attachment",
      "name": "oci-vcn-drg-attachment",
      "provider": "provider[\"registry.terraform.io/oracle/oci\"]",
      "instances": [
        {
          "schema_version": 0,
          "attributes": {
            "compartment_id": "ocid1.compartment.oc1..aaaaaaaaopkw7kujv4rcenfsu5plsmry2pxdynxtotc6txeg4rp6rjbtklua",
            "defined_tags": {},
            "display_name": "oci-vcn-drg-attachment",
            "drg_id": "ocid1.drg.oc1.us-sanjose-1.aaaaaaaa3gtt5rk45pwdjg5mn5f5xwhbwjtdzsu32lic7qxah5qixdphmkva",
            "drg_route_table_id": "ocid1.drgroutetable.oc1.us-sanjose-1.aaaaaaaaxxirztquudbqxfm4alhy3gnwqblqbzmy434vebrc4aneyxpjjnlq",
            "export_drg_route_distribution_id": null,
            "freeform_tags": {},
            "id": "ocid1.drgattachment.oc1.us-sanjose-1.aaaaaaaagpedknzbsiikakqu4in7rhw3oiod53gp6nwbfxhi5p5skbyxs7fa",
            "is_cross_tenancy": false,
            "network_details": [
              {
                "id": "ocid1.vcn.oc1.us-sanjose-1.amaaaaaak6odqwqau3n6ng2ax26bup5cr77atuubkgvhu3qo6vvkkq2saoua",
                "ids": [],
                "ipsec_connection_id": "",
                "route_table_id": "",
                "transport_attachment_id": "",
                "transport_only_mode": false,
                "type": "VCN",
                "vcn_route_type": "SUBNET_CIDRS"
              }
            ],
            "remove_export_drg_route_distribution_trigger": null,
            "route_table_id": null,
            "state": "ATTACHED",
            "time_created": "2024-10-10 06:19:53.166 +0000 UTC",
            "timeouts": null,
            "vcn_id": "ocid1.vcn.oc1.us-sanjose-1.amaaaaaak6odqwqau3n6ng2ax26bup5cr77atuubkgvhu3qo6vvkkq2saoua"
          },
          "sensitive_attributes": [],
          "private": "eyJlMmJmYjczMC1lY2FhLTExZTYtOGY4OC0zNDM2M2JjN2M0YzAiOnsiY3JlYXRlIjoxMjAwMDAwMDAwMDAwLCJkZWxldGUiOjEyMDAwMDAwMDAwMDAsInVwZGF0ZSI6MTIwMDAwMDAwMDAwMH19",
          "dependencies": [
            "oci_core_drg.oci-vcn-drg",
            "oci_core_drg_route_distribution.oci-vcn-drg-route-distribution",
            "oci_core_drg_route_table.oci-vcn-drg-route-table",
            "oci_core_vcn.oci-vcn"
          ]
        }
      ]
    },
    {
      "mode": "managed",
      "type": "oci_core_drg_attachment_management",
      "name": "oci-vcn-drg-ipsec-attachment-tunnel-a",
      "provider": "provider[\"registry.terraform.io/oracle/oci\"]",
      "instances": [
        {
          "schema_version": 0,
          "attributes": {
            "attachment_type": "IPSEC_TUNNEL",
            "compartment_id": "ocid1.compartment.oc1..aaaaaaaaopkw7kujv4rcenfsu5plsmry2pxdynxtotc6txeg4rp6rjbtklua",
            "defined_tags": {
              "Oracle-Tags.CreatedBy": "oracleidentitycloudservice/mayur.raleraskar@oracle.com",
              "Oracle-Tags.CreatedOn": "2024-10-10T06:20:03.460Z"
            },
            "display_name": "oci-vcn-drg-ipsec-attachment-tunnel-a",
            "drg_id": "ocid1.drg.oc1.us-sanjose-1.aaaaaaaa3gtt5rk45pwdjg5mn5f5xwhbwjtdzsu32lic7qxah5qixdphmkva",
            "drg_route_table_id": "ocid1.drgroutetable.oc1.us-sanjose-1.aaaaaaaaxxirztquudbqxfm4alhy3gnwqblqbzmy434vebrc4aneyxpjjnlq",
            "export_drg_route_distribution_id": "ocid1.drgroutedistribution.oc1.us-sanjose-1.aaaaaaaatnhisadojcthgz6u76g64wxkcoq66wif53yndtqtruebhdq4j26a",
            "freeform_tags": {},
            "id": "ocid1.drgattachment.oc1.us-sanjose-1.aaaaaaaa4eklgmriijfgudolovyaez6e4ujy6oasjqaufr2lmntttydej2vq",
            "is_cross_tenancy": false,
            "network_details": [],
            "network_id": "ocid1.ipsectunnel.oc1.us-sanjose-1.aaaaaaaa5paryzqmit2sfcobqwslobrbcrxjidwvhgw2g4xb6bqcnlmurcfq",
            "remove_export_drg_route_distribution_trigger": null,
            "route_table_id": null,
            "state": "ATTACHED",
            "time_created": "2024-10-10 06:20:08.807 +0000 UTC",
            "timeouts": null,
            "vcn_id": null
          },
          "sensitive_attributes": [],
          "private": "eyJlMmJmYjczMC1lY2FhLTExZTYtOGY4OC0zNDM2M2JjN2M0YzAiOnsiY3JlYXRlIjoxMjAwMDAwMDAwMDAwLCJkZWxldGUiOjEyMDAwMDAwMDAwMDAsInVwZGF0ZSI6MTIwMDAwMDAwMDAwMH19",
          "dependencies": [
            "data.oci_core_cpe_device_shape.oci-ipsec-cpe-device-shape",
            "data.oci_core_cpe_device_shapes.oci-ipsec-cpe-device-shapes",
            "data.oci_core_images.oracle_linux_images_onprem",
            "data.oci_core_ipsec_connection_tunnels.oci-ipsec-connection-tunnels",
            "data.oci_identity_availability_domain.ad_onprem",
            "oci_core_cpe.oci-ipsec-cpe",
            "oci_core_drg.oci-vcn-drg",
            "oci_core_drg_route_distribution.oci-vcn-drg-route-distribution",
            "oci_core_drg_route_table.oci-vcn-drg-route-table",
            "oci_core_instance.onprem-vcn-libreswan-instance",
            "oci_core_ipsec.oci-ipsec-connection",
            "oci_core_subnet.onprem-vcn-subnet",
            "oci_core_vcn.onprem-vcn"
          ]
        }
      ]
    },
    {
      "mode": "managed",
      "type": "oci_core_drg_attachment_management",
      "name": "oci-vcn-drg-ipsec-attachment-tunnel-b",
      "provider": "provider[\"registry.terraform.io/oracle/oci\"]",
      "instances": [
        {
          "schema_version": 0,
          "attributes": {
            "attachment_type": "IPSEC_TUNNEL",
            "compartment_id": "ocid1.compartment.oc1..aaaaaaaaopkw7kujv4rcenfsu5plsmry2pxdynxtotc6txeg4rp6rjbtklua",
            "defined_tags": {
              "Oracle-Tags.CreatedBy": "oracleidentitycloudservice/mayur.raleraskar@oracle.com",
              "Oracle-Tags.CreatedOn": "2024-10-10T06:20:03.460Z"
            },
            "display_name": "oci-vcn-drg-ipsec-attachment-tunnel-b",
            "drg_id": "ocid1.drg.oc1.us-sanjose-1.aaaaaaaa3gtt5rk45pwdjg5mn5f5xwhbwjtdzsu32lic7qxah5qixdphmkva",
            "drg_route_table_id": "ocid1.drgroutetable.oc1.us-sanjose-1.aaaaaaaaxxirztquudbqxfm4alhy3gnwqblqbzmy434vebrc4aneyxpjjnlq",
            "export_drg_route_distribution_id": "ocid1.drgroutedistribution.oc1.us-sanjose-1.aaaaaaaatnhisadojcthgz6u76g64wxkcoq66wif53yndtqtruebhdq4j26a",
            "freeform_tags": {},
            "id": "ocid1.drgattachment.oc1.us-sanjose-1.aaaaaaaadf55q622uko54ajpysrbmzmvapw35ahvsoxh6ivxjcum37ntxkvq",
            "is_cross_tenancy": false,
            "network_details": [],
            "network_id": "ocid1.ipsectunnel.oc1.us-sanjose-1.aaaaaaaai4bxrwwpizzorwzipeg36g72dqgmipiuhws5p5hjz2jtlixggawq",
            "remove_export_drg_route_distribution_trigger": null,
            "route_table_id": null,
            "state": "ATTACHED",
            "time_created": "2024-10-10 06:20:09.053 +0000 UTC",
            "timeouts": null,
            "vcn_id": null
          },
          "sensitive_attributes": [],
          "private": "eyJlMmJmYjczMC1lY2FhLTExZTYtOGY4OC0zNDM2M2JjN2M0YzAiOnsiY3JlYXRlIjoxMjAwMDAwMDAwMDAwLCJkZWxldGUiOjEyMDAwMDAwMDAwMDAsInVwZGF0ZSI6MTIwMDAwMDAwMDAwMH19",
          "dependencies": [
            "data.oci_core_cpe_device_shape.oci-ipsec-cpe-device-shape",
            "data.oci_core_cpe_device_shapes.oci-ipsec-cpe-device-shapes",
            "data.oci_core_images.oracle_linux_images_onprem",
            "data.oci_core_ipsec_connection_tunnels.oci-ipsec-connection-tunnels",
            "data.oci_identity_availability_domain.ad_onprem",
            "oci_core_cpe.oci-ipsec-cpe",
            "oci_core_drg.oci-vcn-drg",
            "oci_core_drg_route_distribution.oci-vcn-drg-route-distribution",
            "oci_core_drg_route_table.oci-vcn-drg-route-table",
            "oci_core_instance.onprem-vcn-libreswan-instance",
            "oci_core_ipsec.oci-ipsec-connection",
            "oci_core_subnet.onprem-vcn-subnet",
            "oci_core_vcn.onprem-vcn"
          ]
        }
      ]
    },
    {
      "mode": "managed",
      "type": "oci_core_drg_route_distribution",
      "name": "oci-vcn-drg-route-distribution",
      "provider": "provider[\"registry.terraform.io/oracle/oci\"]",
      "instances": [
        {
          "schema_version": 0,
          "attributes": {
            "compartment_id": "ocid1.compartment.oc1..aaaaaaaaopkw7kujv4rcenfsu5plsmry2pxdynxtotc6txeg4rp6rjbtklua",
            "defined_tags": {
              "Oracle-Tags.CreatedBy": "oracleidentitycloudservice/mayur.raleraskar@oracle.com",
              "Oracle-Tags.CreatedOn": "2024-10-10T06:19:24.487Z"
            },
            "display_name": "oci-vcn-drg-route-distribution",
            "distribution_type": "IMPORT",
            "drg_id": "ocid1.drg.oc1.us-sanjose-1.aaaaaaaa3gtt5rk45pwdjg5mn5f5xwhbwjtdzsu32lic7qxah5qixdphmkva",
            "freeform_tags": {},
            "id": "ocid1.drgroutedistribution.oc1.us-sanjose-1.aaaaaaaac5igp7cnbb4glxpdkt66crovluokb4ys3efglmmj4vqjiqt44dia",
            "state": "AVAILABLE",
            "time_created": "2024-10-10 06:19:38.859 +0000 UTC",
            "timeouts": null
          },
          "sensitive_attributes": [],
          "private": "eyJlMmJmYjczMC1lY2FhLTExZTYtOGY4OC0zNDM2M2JjN2M0YzAiOnsiY3JlYXRlIjoxMjAwMDAwMDAwMDAwLCJkZWxldGUiOjEyMDAwMDAwMDAwMDAsInVwZGF0ZSI6MTIwMDAwMDAwMDAwMH19",
          "dependencies": [
            "oci_core_drg.oci-vcn-drg"
          ]
        }
      ]
    },
    {
      "mode": "managed",
      "type": "oci_core_drg_route_distribution_statement",
      "name": "oci-vcn-drg-route-distributio-statements",
      "provider": "provider[\"registry.terraform.io/oracle/oci\"]",
      "instances": [
        {
          "schema_version": 0,
          "attributes": {
            "action": "ACCEPT",
            "drg_route_distribution_id": "ocid1.drgroutedistribution.oc1.us-sanjose-1.aaaaaaaac5igp7cnbb4glxpdkt66crovluokb4ys3efglmmj4vqjiqt44dia",
            "id": "drgRouteDistributions/ocid1.drgroutedistribution.oc1.us-sanjose-1.aaaaaaaac5igp7cnbb4glxpdkt66crovluokb4ys3efglmmj4vqjiqt44dia/statements/119",
            "match_criteria": [],
            "priority": 1,
            "timeouts": null
          },
          "sensitive_attributes": [],
          "private": "eyJlMmJmYjczMC1lY2FhLTExZTYtOGY4OC0zNDM2M2JjN2M0YzAiOnsiY3JlYXRlIjoxMjAwMDAwMDAwMDAwLCJkZWxldGUiOjEyMDAwMDAwMDAwMDAsInVwZGF0ZSI6MTIwMDAwMDAwMDAwMH19",
          "dependencies": [
            "oci_core_drg.oci-vcn-drg",
            "oci_core_drg_route_distribution.oci-vcn-drg-route-distribution"
          ]
        }
      ]
    },
    {
      "mode": "managed",
      "type": "oci_core_drg_route_table",
      "name": "oci-vcn-drg-route-table",
      "provider": "provider[\"registry.terraform.io/oracle/oci\"]",
      "instances": [
        {
          "schema_version": 0,
          "attributes": {
            "compartment_id": "ocid1.compartment.oc1..aaaaaaaaopkw7kujv4rcenfsu5plsmry2pxdynxtotc6txeg4rp6rjbtklua",
            "defined_tags": {
              "Oracle-Tags.CreatedBy": "oracleidentitycloudservice/mayur.raleraskar@oracle.com",
              "Oracle-Tags.CreatedOn": "2024-10-10T06:19:24.487Z"
            },
            "display_name": "oci-vcn-drg-route-table",
            "drg_id": "ocid1.drg.oc1.us-sanjose-1.aaaaaaaa3gtt5rk45pwdjg5mn5f5xwhbwjtdzsu32lic7qxah5qixdphmkva",
            "freeform_tags": {},
            "id": "ocid1.drgroutetable.oc1.us-sanjose-1.aaaaaaaaxxirztquudbqxfm4alhy3gnwqblqbzmy434vebrc4aneyxpjjnlq",
            "import_drg_route_distribution_id": "ocid1.drgroutedistribution.oc1.us-sanjose-1.aaaaaaaac5igp7cnbb4glxpdkt66crovluokb4ys3efglmmj4vqjiqt44dia",
            "is_ecmp_enabled": false,
            "remove_import_trigger": null,
            "state": "AVAILABLE",
            "time_created": "2024-10-10 06:19:39.31 +0000 UTC",
            "timeouts": null
          },
          "sensitive_attributes": [],
          "private": "eyJlMmJmYjczMC1lY2FhLTExZTYtOGY4OC0zNDM2M2JjN2M0YzAiOnsiY3JlYXRlIjoxMjAwMDAwMDAwMDAwLCJkZWxldGUiOjEyMDAwMDAwMDAwMDAsInVwZGF0ZSI6MTIwMDAwMDAwMDAwMH19",
          "dependencies": [
            "oci_core_drg.oci-vcn-drg",
            "oci_core_drg_route_distribution.oci-vcn-drg-route-distribution"
          ]
        }
      ]
    },
    {
      "mode": "managed",
      "type": "oci_core_instance",
      "name": "oci-vcn-instance",
      "provider": "provider[\"registry.terraform.io/oracle/oci\"]",
      "instances": [
        {
          "schema_version": 0,
          "attributes": {
            "agent_config": [
              {
                "are_all_plugins_disabled": false,
                "is_management_disabled": false,
                "is_monitoring_disabled": false,
                "plugins_config": []
              }
            ],
            "async": null,
            "availability_config": [
              {
                "is_live_migration_preferred": false,
                "recovery_action": "RESTORE_INSTANCE"
              }
            ],
            "availability_domain": "hdVp:US-SANJOSE-1-AD-1",
            "boot_volume_id": "ocid1.bootvolume.oc1.us-sanjose-1.abzwuljrebdy7zfibwxgdachclmb2zi6skrh3yuriezd5tbfjjpeo2lbo6bq",
            "capacity_reservation_id": null,
            "cluster_placement_group_id": null,
            "compartment_id": "ocid1.compartment.oc1..aaaaaaaaopkw7kujv4rcenfsu5plsmry2pxdynxtotc6txeg4rp6rjbtklua",
            "compute_cluster_id": null,
            "create_vnic_details": [
              {
                "assign_ipv6ip": false,
                "assign_private_dns_record": true,
                "assign_public_ip": "true",
                "defined_tags": {
                  "Oracle-Tags.CreatedBy": "oracleidentitycloudservice/mayur.raleraskar@oracle.com",
                  "Oracle-Tags.CreatedOn": "2024-10-10T06:19:28.038Z"
                },
                "display_name": "primary_vnic",
                "freeform_tags": {},
                "hostname_label": "vnic0",
                "ipv6address_ipv6subnet_cidr_pair_details": [],
                "nsg_ids": [],
                "private_ip": "192.168.100.106",
                "security_attributes": {},
                "skip_source_dest_check": false,
                "subnet_id": "ocid1.subnet.oc1.us-sanjose-1.aaaaaaaaulcsr7b4enles55wl75yhlnxyxmtzjny6a5z6qclt6355c5v3lna",
                "vlan_id": ""
              }
            ],
            "dedicated_vm_host_id": null,
            "defined_tags": {
              "Oracle-Tags.CreatedBy": "oracleidentitycloudservice/mayur.raleraskar@oracle.com",
              "Oracle-Tags.CreatedOn": "2024-10-10T06:19:27.879Z"
            },
            "display_name": "oci-vcn-instance",
            "extended_metadata": {},
            "fault_domain": "FAULT-DOMAIN-3",
            "freeform_tags": {},
            "hostname_label": "vnic0",
            "id": "ocid1.instance.oc1.us-sanjose-1.anzwuljrk6odqwqcuqnd2l3pt46glgos5esxav3o22vt3ebrkjbbavhabapq",
            "image": "ocid1.image.oc1.us-sanjose-1.aaaaaaaayakzgmbaud2fez75fimhrjdhwj67ncgj6esnvuq2uveuxp3hl2kq",
            "instance_configuration_id": null,
            "instance_options": [
              {
                "are_legacy_imds_endpoints_disabled": false
              }
            ],
            "ipxe_script": null,
            "is_cross_numa_node": false,
            "is_pv_encryption_in_transit_enabled": null,
            "launch_mode": "PARAVIRTUALIZED",
            "launch_options": [
              {
                "boot_volume_type": "PARAVIRTUALIZED",
                "firmware": "UEFI_64",
                "is_consistent_volume_naming_enabled": true,
                "is_pv_encryption_in_transit_enabled": false,
                "network_type": "PARAVIRTUALIZED",
                "remote_data_volume_type": "PARAVIRTUALIZED"
              }
            ],
            "launch_volume_attachments": null,
            "metadata": {
              "ssh_authorized_keys": "ssh-rsa AAAAB3NzaC1yc2EAAAADAQABAAABAQC3Ia43KwOAzwtR7F0xVChRoqhCHILBZ/W5Zv90wrmGsk8pPOhMo3hxGxMU59YbpHu9u+ETiJ2xrVn7AcfduJOX9Y2QxsU6u3lTmFKPhN0E3mTZD5+nSFm4xzqQ6ablS3n3XTwuhSk9iCO84ZoEnpZGIRWcV/D/r4YAiQBcyD68Rjm4JmFbRhgLn2/ckX6qfx6EMI42/PWQrDatqTEHj3lBg8oMR7gOpe28IYwhgTTSwMip8NTmoWJHT0KPQRRguZUcIkkq6WaVpZUNBrT4NujlQ9HqznMJE0Lh4SYc8BK54Me+e5v/TEmfcBEwE1JEBaNmZogRJQzGj9o0pIZshzzv ssh-key-2024-06-19"
            },
            "platform_config": [],
            "preemptible_instance_config": [],
            "preserve_boot_volume": null,
            "preserve_data_volumes_created_at_launch": null,
            "private_ip": "192.168.100.106",
            "public_ip": "165.1.74.46",
            "region": "us-sanjose-1",
            "security_attributes": {},
            "security_attributes_state": "STABLE",
            "shape": "VM.Standard.A1.Flex",
            "shape_config": [
              {
                "baseline_ocpu_utilization": "",
                "gpu_description": "",
                "gpus": 0,
                "local_disk_description": "",
                "local_disks": 0,
                "local_disks_total_size_in_gbs": 0,
                "max_vnic_attachments": 3,
                "memory_in_gbs": 12,
                "networking_bandwidth_in_gbps": 3,
                "nvmes": 0,
                "ocpus": 3,
                "processor_description": "3.0 GHz Ampere® Altra™",
                "vcpus": 3
              }
            ],
            "source_details": [
              {
                "boot_volume_size_in_gbs": "47",
                "boot_volume_vpus_per_gb": "10",
                "instance_source_image_filter_details": [],
                "is_preserve_boot_volume_enabled": false,
                "kms_key_id": "",
                "source_id": "ocid1.image.oc1.us-sanjose-1.aaaaaaaayakzgmbaud2fez75fimhrjdhwj67ncgj6esnvuq2uveuxp3hl2kq",
                "source_type": "image"
              }
            ],
            "state": "RUNNING",
            "subnet_id": "ocid1.subnet.oc1.us-sanjose-1.aaaaaaaaulcsr7b4enles55wl75yhlnxyxmtzjny6a5z6qclt6355c5v3lna",
            "system_tags": {},
            "time_created": "2024-10-10 06:19:28.474 +0000 UTC",
            "time_maintenance_reboot_due": "",
            "timeouts": null,
            "update_operation_constraint": null
          },
          "sensitive_attributes": [],
          "private": "eyJlMmJmYjczMC1lY2FhLTExZTYtOGY4OC0zNDM2M2JjN2M0YzAiOnsiY3JlYXRlIjoyNzAwMDAwMDAwMDAwLCJkZWxldGUiOjQ1MDAwMDAwMDAwMDAsInVwZGF0ZSI6MjcwMDAwMDAwMDAwMH19",
          "dependencies": [
            "data.oci_core_images.oracle_linux_images_oci",
            "data.oci_identity_availability_domain.ad_oci",
            "oci_core_subnet.oci-vcn-subnet",
            "oci_core_vcn.oci-vcn"
          ]
        }
      ]
    },
    {
      "mode": "managed",
      "type": "oci_core_instance",
      "name": "onprem-vcn-instance",
      "provider": "provider[\"registry.terraform.io/oracle/oci\"].on_prem_simulation",
      "instances": [
        {
          "schema_version": 0,
          "attributes": {
            "agent_config": [
              {
                "are_all_plugins_disabled": false,
                "is_management_disabled": false,
                "is_monitoring_disabled": false,
                "plugins_config": []
              }
            ],
            "async": null,
            "availability_config": [
              {
                "is_live_migration_preferred": false,
                "recovery_action": "RESTORE_INSTANCE"
              }
            ],
            "availability_domain": "hdVp:US-SANJOSE-1-AD-1",
            "boot_volume_id": "ocid1.bootvolume.oc1.us-sanjose-1.abzwuljrqr2nd2jfohprjrvre4jwk4jdjxcw3mothowr6sldqdmuz2lgo6jq",
            "capacity_reservation_id": null,
            "cluster_placement_group_id": null,
            "compartment_id": "ocid1.compartment.oc1..aaaaaaaaopkw7kujv4rcenfsu5plsmry2pxdynxtotc6txeg4rp6rjbtklua",
            "compute_cluster_id": null,
            "create_vnic_details": [
              {
                "assign_ipv6ip": false,
                "assign_private_dns_record": true,
                "assign_public_ip": "true",
                "defined_tags": {
                  "Oracle-Tags.CreatedBy": "oracleidentitycloudservice/mayur.raleraskar@oracle.com",
                  "Oracle-Tags.CreatedOn": "2024-10-10T06:19:28.314Z"
                },
                "display_name": "Primaryvnic",
                "freeform_tags": {},
                "hostname_label": "onprem-vcn-subnet-vnic",
                "ipv6address_ipv6subnet_cidr_pair_details": [],
                "nsg_ids": [],
                "private_ip": "172.16.100.20",
                "security_attributes": {},
                "skip_source_dest_check": true,
                "subnet_id": "ocid1.subnet.oc1.us-sanjose-1.aaaaaaaavugyqowkjfxc7tkc3bnpoomjtdy6zrprzynfw635dvihro35lcea",
                "vlan_id": ""
              }
            ],
            "dedicated_vm_host_id": null,
            "defined_tags": {
              "Oracle-Tags.CreatedBy": "oracleidentitycloudservice/mayur.raleraskar@oracle.com",
              "Oracle-Tags.CreatedOn": "2024-10-10T06:19:28.169Z"
            },
            "display_name": "onprem-vcn-instance",
            "extended_metadata": {},
            "fault_domain": "FAULT-DOMAIN-3",
            "freeform_tags": {},
            "hostname_label": "onprem-vcn-subnet-vnic",
            "id": "ocid1.instance.oc1.us-sanjose-1.anzwuljrk6odqwqcjkpqcak3whjsiddzz6bdq563ngs3s55t6ktz6sk5rhna",
            "image": "ocid1.image.oc1.us-sanjose-1.aaaaaaaayakzgmbaud2fez75fimhrjdhwj67ncgj6esnvuq2uveuxp3hl2kq",
            "instance_configuration_id": null,
            "instance_options": [
              {
                "are_legacy_imds_endpoints_disabled": false
              }
            ],
            "ipxe_script": null,
            "is_cross_numa_node": false,
            "is_pv_encryption_in_transit_enabled": null,
            "launch_mode": "PARAVIRTUALIZED",
            "launch_options": [
              {
                "boot_volume_type": "PARAVIRTUALIZED",
                "firmware": "UEFI_64",
                "is_consistent_volume_naming_enabled": true,
                "is_pv_encryption_in_transit_enabled": false,
                "network_type": "PARAVIRTUALIZED",
                "remote_data_volume_type": "PARAVIRTUALIZED"
              }
            ],
            "launch_volume_attachments": null,
            "metadata": {
              "ssh_authorized_keys": "ssh-rsa AAAAB3NzaC1yc2EAAAADAQABAAABAQC3Ia43KwOAzwtR7F0xVChRoqhCHILBZ/W5Zv90wrmGsk8pPOhMo3hxGxMU59YbpHu9u+ETiJ2xrVn7AcfduJOX9Y2QxsU6u3lTmFKPhN0E3mTZD5+nSFm4xzqQ6ablS3n3XTwuhSk9iCO84ZoEnpZGIRWcV/D/r4YAiQBcyD68Rjm4JmFbRhgLn2/ckX6qfx6EMI42/PWQrDatqTEHj3lBg8oMR7gOpe28IYwhgTTSwMip8NTmoWJHT0KPQRRguZUcIkkq6WaVpZUNBrT4NujlQ9HqznMJE0Lh4SYc8BK54Me+e5v/TEmfcBEwE1JEBaNmZogRJQzGj9o0pIZshzzv ssh-key-2024-06-19"
            },
            "platform_config": [],
            "preemptible_instance_config": [],
            "preserve_boot_volume": null,
            "preserve_data_volumes_created_at_launch": null,
            "private_ip": "172.16.100.20",
            "public_ip": "146.235.200.108",
            "region": "us-sanjose-1",
            "security_attributes": {},
            "security_attributes_state": "STABLE",
            "shape": "VM.Standard.A1.Flex",
            "shape_config": [
              {
                "baseline_ocpu_utilization": "",
                "gpu_description": "",
                "gpus": 0,
                "local_disk_description": "",
                "local_disks": 0,
                "local_disks_total_size_in_gbs": 0,
                "max_vnic_attachments": 3,
                "memory_in_gbs": 12,
                "networking_bandwidth_in_gbps": 3,
                "nvmes": 0,
                "ocpus": 3,
                "processor_description": "3.0 GHz Ampere® Altra™",
                "vcpus": 3
              }
            ],
            "source_details": [
              {
                "boot_volume_size_in_gbs": "47",
                "boot_volume_vpus_per_gb": "10",
                "instance_source_image_filter_details": [],
                "is_preserve_boot_volume_enabled": false,
                "kms_key_id": "",
                "source_id": "ocid1.image.oc1.us-sanjose-1.aaaaaaaayakzgmbaud2fez75fimhrjdhwj67ncgj6esnvuq2uveuxp3hl2kq",
                "source_type": "image"
              }
            ],
            "state": "RUNNING",
            "subnet_id": "ocid1.subnet.oc1.us-sanjose-1.aaaaaaaavugyqowkjfxc7tkc3bnpoomjtdy6zrprzynfw635dvihro35lcea",
            "system_tags": {},
            "time_created": "2024-10-10 06:19:28.735 +0000 UTC",
            "time_maintenance_reboot_due": "",
            "timeouts": null,
            "update_operation_constraint": null
          },
          "sensitive_attributes": [],
          "private": "eyJlMmJmYjczMC1lY2FhLTExZTYtOGY4OC0zNDM2M2JjN2M0YzAiOnsiY3JlYXRlIjoyNzAwMDAwMDAwMDAwLCJkZWxldGUiOjQ1MDAwMDAwMDAwMDAsInVwZGF0ZSI6MjcwMDAwMDAwMDAwMH19",
          "dependencies": [
            "data.oci_core_images.oracle_linux_images_onprem",
            "data.oci_identity_availability_domain.ad_onprem",
            "oci_core_subnet.onprem-vcn-subnet",
            "oci_core_vcn.onprem-vcn"
          ]
        }
      ]
    },
    {
      "mode": "managed",
      "type": "oci_core_instance",
      "name": "onprem-vcn-libreswan-instance",
      "provider": "provider[\"registry.terraform.io/oracle/oci\"].on_prem_simulation",
      "instances": [
        {
          "schema_version": 0,
          "attributes": {
            "agent_config": [
              {
                "are_all_plugins_disabled": false,
                "is_management_disabled": false,
                "is_monitoring_disabled": false,
                "plugins_config": []
              }
            ],
            "async": null,
            "availability_config": [
              {
                "is_live_migration_preferred": false,
                "recovery_action": "RESTORE_INSTANCE"
              }
            ],
            "availability_domain": "hdVp:US-SANJOSE-1-AD-1",
            "boot_volume_id": "ocid1.bootvolume.oc1.us-sanjose-1.abzwuljrjwwmunymoo4rnume2grnhuqdjl4fwdnomrtnotmh54wkgekzskfa",
            "capacity_reservation_id": null,
            "cluster_placement_group_id": null,
            "compartment_id": "ocid1.compartment.oc1..aaaaaaaaopkw7kujv4rcenfsu5plsmry2pxdynxtotc6txeg4rp6rjbtklua",
            "compute_cluster_id": null,
            "create_vnic_details": [
              {
                "assign_ipv6ip": false,
                "assign_private_dns_record": true,
                "assign_public_ip": "true",
                "defined_tags": {
                  "Oracle-Tags.CreatedBy": "oracleidentitycloudservice/mayur.raleraskar@oracle.com",
                  "Oracle-Tags.CreatedOn": "2024-10-10T06:19:28.198Z"
                },
                "display_name": "primary_vnic",
                "freeform_tags": {},
                "hostname_label": "cpe",
                "ipv6address_ipv6subnet_cidr_pair_details": [],
                "nsg_ids": [],
                "private_ip": "172.16.100.16",
                "security_attributes": {},
                "skip_source_dest_check": true,
                "subnet_id": "ocid1.subnet.oc1.us-sanjose-1.aaaaaaaavugyqowkjfxc7tkc3bnpoomjtdy6zrprzynfw635dvihro35lcea",
                "vlan_id": ""
              }
            ],
            "dedicated_vm_host_id": null,
            "defined_tags": {
              "Oracle-Tags.CreatedBy": "oracleidentitycloudservice/mayur.raleraskar@oracle.com",
              "Oracle-Tags.CreatedOn": "2024-10-10T06:19:28.068Z"
            },
            "display_name": "onprem_cpe",
            "extended_metadata": {},
            "fault_domain": "FAULT-DOMAIN-3",
            "freeform_tags": {},
            "hostname_label": "cpe",
            "id": "ocid1.instance.oc1.us-sanjose-1.anzwuljrk6odqwqclcg6on34n4xbirpuumiv74hporbpuhfcqff3qbt2wcca",
            "image": "ocid1.image.oc1.us-sanjose-1.aaaaaaaayakzgmbaud2fez75fimhrjdhwj67ncgj6esnvuq2uveuxp3hl2kq",
            "instance_configuration_id": null,
            "instance_options": [
              {
                "are_legacy_imds_endpoints_disabled": false
              }
            ],
            "ipxe_script": null,
            "is_cross_numa_node": false,
            "is_pv_encryption_in_transit_enabled": null,
            "launch_mode": "PARAVIRTUALIZED",
            "launch_options": [
              {
                "boot_volume_type": "PARAVIRTUALIZED",
                "firmware": "UEFI_64",
                "is_consistent_volume_naming_enabled": true,
                "is_pv_encryption_in_transit_enabled": false,
                "network_type": "PARAVIRTUALIZED",
                "remote_data_volume_type": "PARAVIRTUALIZED"
              }
            ],
            "launch_volume_attachments": null,
            "metadata": {
              "ssh_authorized_keys": "ssh-rsa AAAAB3NzaC1yc2EAAAADAQABAAABAQC3Ia43KwOAzwtR7F0xVChRoqhCHILBZ/W5Zv90wrmGsk8pPOhMo3hxGxMU59YbpHu9u+ETiJ2xrVn7AcfduJOX9Y2QxsU6u3lTmFKPhN0E3mTZD5+nSFm4xzqQ6ablS3n3XTwuhSk9iCO84ZoEnpZGIRWcV/D/r4YAiQBcyD68Rjm4JmFbRhgLn2/ckX6qfx6EMI42/PWQrDatqTEHj3lBg8oMR7gOpe28IYwhgTTSwMip8NTmoWJHT0KPQRRguZUcIkkq6WaVpZUNBrT4NujlQ9HqznMJE0Lh4SYc8BK54Me+e5v/TEmfcBEwE1JEBaNmZogRJQzGj9o0pIZshzzv ssh-key-2024-06-19"
            },
            "platform_config": [],
            "preemptible_instance_config": [],
            "preserve_boot_volume": null,
            "preserve_data_volumes_created_at_launch": null,
            "private_ip": "172.16.100.16",
            "public_ip": "152.67.253.6",
            "region": "us-sanjose-1",
            "security_attributes": {},
            "security_attributes_state": "STABLE",
            "shape": "VM.Standard.A1.Flex",
            "shape_config": [
              {
                "baseline_ocpu_utilization": "",
                "gpu_description": "",
                "gpus": 0,
                "local_disk_description": "",
                "local_disks": 0,
                "local_disks_total_size_in_gbs": 0,
                "max_vnic_attachments": 3,
                "memory_in_gbs": 12,
                "networking_bandwidth_in_gbps": 3,
                "nvmes": 0,
                "ocpus": 3,
                "processor_description": "3.0 GHz Ampere® Altra™",
                "vcpus": 3
              }
            ],
            "source_details": [
              {
                "boot_volume_size_in_gbs": "47",
                "boot_volume_vpus_per_gb": "10",
                "instance_source_image_filter_details": [],
                "is_preserve_boot_volume_enabled": false,
                "kms_key_id": "",
                "source_id": "ocid1.image.oc1.us-sanjose-1.aaaaaaaayakzgmbaud2fez75fimhrjdhwj67ncgj6esnvuq2uveuxp3hl2kq",
                "source_type": "image"
              }
            ],
            "state": "RUNNING",
            "subnet_id": "ocid1.subnet.oc1.us-sanjose-1.aaaaaaaavugyqowkjfxc7tkc3bnpoomjtdy6zrprzynfw635dvihro35lcea",
            "system_tags": {},
            "time_created": "2024-10-10 06:19:28.647 +0000 UTC",
            "time_maintenance_reboot_due": "",
            "timeouts": null,
            "update_operation_constraint": null
          },
          "sensitive_attributes": [],
          "private": "eyJlMmJmYjczMC1lY2FhLTExZTYtOGY4OC0zNDM2M2JjN2M0YzAiOnsiY3JlYXRlIjoyNzAwMDAwMDAwMDAwLCJkZWxldGUiOjQ1MDAwMDAwMDAwMDAsInVwZGF0ZSI6MjcwMDAwMDAwMDAwMH19",
          "dependencies": [
            "data.oci_core_images.oracle_linux_images_onprem",
            "data.oci_identity_availability_domain.ad_onprem",
            "oci_core_subnet.onprem-vcn-subnet",
            "oci_core_vcn.onprem-vcn"
          ]
        }
      ]
    },
    {
      "mode": "managed",
      "type": "oci_core_internet_gateway",
      "name": "oci-internet-gateway",
      "provider": "provider[\"registry.terraform.io/oracle/oci\"]",
      "instances": [
        {
          "schema_version": 0,
          "attributes": {
            "compartment_id": "ocid1.compartment.oc1..aaaaaaaaopkw7kujv4rcenfsu5plsmry2pxdynxtotc6txeg4rp6rjbtklua",
            "defined_tags": {
              "Oracle-Tags.CreatedBy": "oracleidentitycloudservice/mayur.raleraskar@oracle.com",
              "Oracle-Tags.CreatedOn": "2024-10-10T06:19:25.248Z"
            },
            "display_name": "oci-igw",
            "enabled": true,
            "freeform_tags": {},
            "id": "ocid1.internetgateway.oc1.us-sanjose-1.aaaaaaaarz72sgupamtsgmfq7ayxde36tonmp2sa5d2d4hc5vs6kfumr3pna",
            "route_table_id": null,
            "state": "AVAILABLE",
            "time_created": "2024-10-10 06:19:25.289 +0000 UTC",
            "timeouts": null,
            "vcn_id": "ocid1.vcn.oc1.us-sanjose-1.amaaaaaak6odqwqau3n6ng2ax26bup5cr77atuubkgvhu3qo6vvkkq2saoua"
          },
          "sensitive_attributes": [],
          "private": "eyJlMmJmYjczMC1lY2FhLTExZTYtOGY4OC0zNDM2M2JjN2M0YzAiOnsiY3JlYXRlIjoxMjAwMDAwMDAwMDAwLCJkZWxldGUiOjEyMDAwMDAwMDAwMDAsInVwZGF0ZSI6MTIwMDAwMDAwMDAwMH19",
          "dependencies": [
            "oci_core_vcn.oci-vcn"
          ]
        }
      ]
    },
    {
      "mode": "managed",
      "type": "oci_core_internet_gateway",
      "name": "onprem-internet-gateway",
      "provider": "provider[\"registry.terraform.io/oracle/oci\"].on_prem_simulation",
      "instances": [
        {
          "schema_version": 0,
          "attributes": {
            "compartment_id": "ocid1.compartment.oc1..aaaaaaaaopkw7kujv4rcenfsu5plsmry2pxdynxtotc6txeg4rp6rjbtklua",
            "defined_tags": {
              "Oracle-Tags.CreatedBy": "oracleidentitycloudservice/mayur.raleraskar@oracle.com",
              "Oracle-Tags.CreatedOn": "2024-10-10T06:19:25.299Z"
            },
            "display_name": "onprem-igw",
            "enabled": true,
            "freeform_tags": {},
            "id": "ocid1.internetgateway.oc1.us-sanjose-1.aaaaaaaa256msthjmabyfyxhnq2cnugml5wjhw27pwm4pcuxqkhunzeh3yoa",
            "route_table_id": null,
            "state": "AVAILABLE",
            "time_created": "2024-10-10 06:19:25.334 +0000 UTC",
            "timeouts": null,
            "vcn_id": "ocid1.vcn.oc1.us-sanjose-1.amaaaaaak6odqwqazmuhj5u7xw36fswcyrcvncx3544bfn7g55jbquvdqtaa"
          },
          "sensitive_attributes": [],
          "private": "eyJlMmJmYjczMC1lY2FhLTExZTYtOGY4OC0zNDM2M2JjN2M0YzAiOnsiY3JlYXRlIjoxMjAwMDAwMDAwMDAwLCJkZWxldGUiOjEyMDAwMDAwMDAwMDAsInVwZGF0ZSI6MTIwMDAwMDAwMDAwMH19",
          "dependencies": [
            "oci_core_vcn.onprem-vcn"
          ]
        }
      ]
    },
    {
      "mode": "managed",
      "type": "oci_core_ipsec",
      "name": "oci-ipsec-connection",
      "provider": "provider[\"registry.terraform.io/oracle/oci\"]",
      "instances": [
        {
          "schema_version": 0,
          "attributes": {
            "compartment_id": "ocid1.compartment.oc1..aaaaaaaaopkw7kujv4rcenfsu5plsmry2pxdynxtotc6txeg4rp6rjbtklua",
            "cpe_id": "ocid1.cpe.oc1.us-sanjose-1.aaaaaaaav6hx6laneglv7cjide6f5hevj5lk6gsjviidw6kib5w6wne6mvxq",
            "cpe_local_identifier": "152.67.253.6",
            "cpe_local_identifier_type": "IP_ADDRESS",
            "defined_tags": {
              "Oracle-Tags.CreatedBy": "oracleidentitycloudservice/mayur.raleraskar@oracle.com",
              "Oracle-Tags.CreatedOn": "2024-10-10T06:20:03.460Z"
            },
            "display_name": "oci-ipsec-connection",
            "drg_id": "ocid1.drg.oc1.us-sanjose-1.aaaaaaaa3gtt5rk45pwdjg5mn5f5xwhbwjtdzsu32lic7qxah5qixdphmkva",
            "freeform_tags": {},
            "id": "ocid1.ipsecconnection.oc1.us-sanjose-1.aaaaaaaazuohopcxyngjiz7vwwlxtxnhgo2a3tbldberlme5mgif5lumk2qq",
            "state": "AVAILABLE",
            "static_routes": [
              "172.16.100.0/24"
            ],
            "time_created": "2024-10-10 06:20:03.529 +0000 UTC",
            "timeouts": null,
            "transport_type": "INTERNET",
            "tunnel_configuration": null
          },
          "sensitive_attributes": [],
          "private": "eyJlMmJmYjczMC1lY2FhLTExZTYtOGY4OC0zNDM2M2JjN2M0YzAiOnsiY3JlYXRlIjoxMjAwMDAwMDAwMDAwLCJkZWxldGUiOjEyMDAwMDAwMDAwMDAsInVwZGF0ZSI6MTIwMDAwMDAwMDAwMH19",
          "dependencies": [
            "data.oci_core_cpe_device_shape.oci-ipsec-cpe-device-shape",
            "data.oci_core_cpe_device_shapes.oci-ipsec-cpe-device-shapes",
            "data.oci_core_images.oracle_linux_images_onprem",
            "data.oci_identity_availability_domain.ad_onprem",
            "oci_core_cpe.oci-ipsec-cpe",
            "oci_core_drg.oci-vcn-drg",
            "oci_core_instance.onprem-vcn-libreswan-instance",
            "oci_core_subnet.onprem-vcn-subnet",
            "oci_core_vcn.onprem-vcn"
          ]
        }
      ]
    },
    {
      "mode": "managed",
      "type": "oci_core_ipsec_connection_tunnel_management",
      "name": "oci-ipsec-connection-tunnel-management-a",
      "provider": "provider[\"registry.terraform.io/oracle/oci\"]",
      "instances": [
        {
          "schema_version": 0,
          "attributes": {
            "associated_virtual_circuits": [],
            "bgp_session_info": [
              {
                "bgp_ipv6_state": "DOWN",
                "bgp_ipv6state": "DOWN",
                "bgp_state": "DOWN",
                "customer_bgp_asn": "65065",
                "customer_interface_ip": "10.10.100.101/30",
                "customer_interface_ipv6": "",
                "oracle_bgp_asn": "31898",
                "oracle_interface_ip": "10.10.100.102/30",
                "oracle_interface_ipv6": ""
              }
            ],
            "compartment_id": "ocid1.compartment.oc1..aaaaaaaaopkw7kujv4rcenfsu5plsmry2pxdynxtotc6txeg4rp6rjbtklua",
            "cpe_ip": "152.67.253.6",
            "display_name": "oci-ipsec-tunnel-a",
            "dpd_config": [],
            "dpd_mode": "INITIATE_AND_RESPOND",
            "dpd_timeout_in_sec": 20,
            "encryption_domain_config": [],
            "id": "ocid1.ipsectunnel.oc1.us-sanjose-1.aaaaaaaa5paryzqmit2sfcobqwslobrbcrxjidwvhgw2g4xb6bqcnlmurcfq",
            "ike_version": "V2",
            "ipsec_id": "ocid1.ipsecconnection.oc1.us-sanjose-1.aaaaaaaazuohopcxyngjiz7vwwlxtxnhgo2a3tbldberlme5mgif5lumk2qq",
            "nat_translation_enabled": "AUTO",
            "oracle_can_initiate": "INITIATOR_OR_RESPONDER",
            "phase_one_details": [
              {
                "custom_authentication_algorithm": "",
                "custom_dh_group": "",
                "custom_encryption_algorithm": "",
                "is_custom_phase_one_config": false,
                "is_ike_established": true,
                "lifetime": 28800,
                "negotiated_authentication_algorithm": "",
                "negotiated_dh_group": "",
                "negotiated_encryption_algorithm": "",
                "remaining_lifetime": "",
                "remaining_lifetime_int": 0,
                "remaining_lifetime_last_retrieved": "2024-10-10 06:22:43.565 +0000 UTC"
              }
            ],
            "phase_two_details": [
              {
                "custom_authentication_algorithm": "",
                "custom_encryption_algorithm": "",
                "dh_group": "GROUP5",
                "is_custom_phase_two_config": false,
                "is_esp_established": false,
                "is_pfs_enabled": true,
                "lifetime": 3600,
                "negotiated_authentication_algorithm": "",
                "negotiated_dh_group": "",
                "negotiated_encryption_algorithm": "",
                "remaining_lifetime": "",
                "remaining_lifetime_int": 0,
                "remaining_lifetime_last_retrieved": "2024-10-10 06:22:43.565 +0000 UTC"
              }
            ],
            "routing": "BGP",
            "shared_secret": "20992099",
            "state": "AVAILABLE",
            "status": "DOWN",
            "time_created": "2024-10-10 06:20:03.696 +0000 UTC",
            "time_status_updated": "2024-10-10 06:22:43.561 +0000 UTC",
            "timeouts": null,
            "tunnel_id": "ocid1.ipsectunnel.oc1.us-sanjose-1.aaaaaaaa5paryzqmit2sfcobqwslobrbcrxjidwvhgw2g4xb6bqcnlmurcfq",
            "vpn_ip": "129.159.42.121"
          },
          "sensitive_attributes": [
            [
              {
                "type": "get_attr",
                "value": "shared_secret"
              }
            ]
          ],
          "private": "eyJlMmJmYjczMC1lY2FhLTExZTYtOGY4OC0zNDM2M2JjN2M0YzAiOnsiY3JlYXRlIjoxMjAwMDAwMDAwMDAwLCJkZWxldGUiOjEyMDAwMDAwMDAwMDAsInVwZGF0ZSI6MTIwMDAwMDAwMDAwMH19",
          "dependencies": [
            "data.oci_core_cpe_device_shape.oci-ipsec-cpe-device-shape",
            "data.oci_core_cpe_device_shapes.oci-ipsec-cpe-device-shapes",
            "data.oci_core_images.oracle_linux_images_onprem",
            "data.oci_core_ipsec_connection_tunnels.oci-ipsec-connection-tunnels",
            "data.oci_core_ipsec_connections.oci-ipsec-connections",
            "data.oci_identity_availability_domain.ad_onprem",
            "oci_core_cpe.oci-ipsec-cpe",
            "oci_core_drg.oci-vcn-drg",
            "oci_core_instance.onprem-vcn-libreswan-instance",
            "oci_core_ipsec.oci-ipsec-connection",
            "oci_core_subnet.onprem-vcn-subnet",
            "oci_core_vcn.onprem-vcn"
          ]
        }
      ]
    },
    {
      "mode": "managed",
      "type": "oci_core_ipsec_connection_tunnel_management",
      "name": "oci-ipsec-connection-tunnel-management-b",
      "provider": "provider[\"registry.terraform.io/oracle/oci\"]",
      "instances": [
        {
          "schema_version": 0,
          "attributes": {
            "associated_virtual_circuits": [],
            "bgp_session_info": [
              {
                "bgp_ipv6_state": "DOWN",
                "bgp_ipv6state": "DOWN",
                "bgp_state": "DOWN",
                "customer_bgp_asn": "65065",
                "customer_interface_ip": "10.10.100.105/30",
                "customer_interface_ipv6": "",
                "oracle_bgp_asn": "31898",
                "oracle_interface_ip": "10.10.100.106/30",
                "oracle_interface_ipv6": ""
              }
            ],
            "compartment_id": "ocid1.compartment.oc1..aaaaaaaaopkw7kujv4rcenfsu5plsmry2pxdynxtotc6txeg4rp6rjbtklua",
            "cpe_ip": "152.67.253.6",
            "display_name": "oci-ipsec-tunnel-b",
            "dpd_config": [],
            "dpd_mode": "INITIATE_AND_RESPOND",
            "dpd_timeout_in_sec": 20,
            "encryption_domain_config": [],
            "id": "ocid1.ipsectunnel.oc1.us-sanjose-1.aaaaaaaai4bxrwwpizzorwzipeg36g72dqgmipiuhws5p5hjz2jtlixggawq",
            "ike_version": "V2",
            "ipsec_id": "ocid1.ipsecconnection.oc1.us-sanjose-1.aaaaaaaazuohopcxyngjiz7vwwlxtxnhgo2a3tbldberlme5mgif5lumk2qq",
            "nat_translation_enabled": "AUTO",
            "oracle_can_initiate": "INITIATOR_OR_RESPONDER",
            "phase_one_details": [
              {
                "custom_authentication_algorithm": "",
                "custom_dh_group": "",
                "custom_encryption_algorithm": "",
                "is_custom_phase_one_config": false,
                "is_ike_established": true,
                "lifetime": 28800,
                "negotiated_authentication_algorithm": "",
                "negotiated_dh_group": "",
                "negotiated_encryption_algorithm": "",
                "remaining_lifetime": "",
                "remaining_lifetime_int": 0,
                "remaining_lifetime_last_retrieved": "2024-10-10 06:23:17.332 +0000 UTC"
              }
            ],
            "phase_two_details": [
              {
                "custom_authentication_algorithm": "",
                "custom_encryption_algorithm": "",
                "dh_group": "GROUP5",
                "is_custom_phase_two_config": false,
                "is_esp_established": false,
                "is_pfs_enabled": true,
                "lifetime": 3600,
                "negotiated_authentication_algorithm": "",
                "negotiated_dh_group": "",
                "negotiated_encryption_algorithm": "",
                "remaining_lifetime": "",
                "remaining_lifetime_int": 0,
                "remaining_lifetime_last_retrieved": "2024-10-10 06:23:17.332 +0000 UTC"
              }
            ],
            "routing": "BGP",
            "shared_secret": "30993099",
            "state": "AVAILABLE",
            "status": "DOWN",
            "time_created": "2024-10-10 06:20:03.677 +0000 UTC",
            "time_status_updated": "2024-10-10 06:23:17.329 +0000 UTC",
            "timeouts": null,
            "tunnel_id": "ocid1.ipsectunnel.oc1.us-sanjose-1.aaaaaaaai4bxrwwpizzorwzipeg36g72dqgmipiuhws5p5hjz2jtlixggawq",
            "vpn_ip": "152.67.254.73"
          },
          "sensitive_attributes": [
            [
              {
                "type": "get_attr",
                "value": "shared_secret"
              }
            ]
          ],
          "private": "eyJlMmJmYjczMC1lY2FhLTExZTYtOGY4OC0zNDM2M2JjN2M0YzAiOnsiY3JlYXRlIjoxMjAwMDAwMDAwMDAwLCJkZWxldGUiOjEyMDAwMDAwMDAwMDAsInVwZGF0ZSI6MTIwMDAwMDAwMDAwMH19",
          "dependencies": [
            "data.oci_core_cpe_device_shape.oci-ipsec-cpe-device-shape",
            "data.oci_core_cpe_device_shapes.oci-ipsec-cpe-device-shapes",
            "data.oci_core_images.oracle_linux_images_onprem",
            "data.oci_core_ipsec_connection_tunnels.oci-ipsec-connection-tunnels",
            "data.oci_core_ipsec_connections.oci-ipsec-connections",
            "data.oci_identity_availability_domain.ad_onprem",
            "oci_core_cpe.oci-ipsec-cpe",
            "oci_core_drg.oci-vcn-drg",
            "oci_core_instance.onprem-vcn-libreswan-instance",
            "oci_core_ipsec.oci-ipsec-connection",
            "oci_core_subnet.onprem-vcn-subnet",
            "oci_core_vcn.onprem-vcn"
          ]
        }
      ]
    },
    {
      "mode": "managed",
      "type": "oci_core_subnet",
      "name": "oci-vcn-subnet",
      "provider": "provider[\"registry.terraform.io/oracle/oci\"]",
      "instances": [
        {
          "schema_version": 0,
          "attributes": {
            "availability_domain": null,
            "cidr_block": "192.168.100.0/25",
            "compartment_id": "ocid1.compartment.oc1..aaaaaaaaopkw7kujv4rcenfsu5plsmry2pxdynxtotc6txeg4rp6rjbtklua",
            "defined_tags": {
              "Oracle-Tags.CreatedBy": "oracleidentitycloudservice/mayur.raleraskar@oracle.com",
              "Oracle-Tags.CreatedOn": "2024-10-10T06:19:25.449Z"
            },
            "dhcp_options_id": "ocid1.dhcpoptions.oc1.us-sanjose-1.aaaaaaaajqdnkxovfkrcjmlyywuoy6mujhdgofodpqfhkc6mlpzaynptoeva",
            "display_name": "oci-vcn-subnet",
            "dns_label": "ocivcnsubnet",
            "freeform_tags": {},
            "id": "ocid1.subnet.oc1.us-sanjose-1.aaaaaaaaulcsr7b4enles55wl75yhlnxyxmtzjny6a5z6qclt6355c5v3lna",
            "ipv6cidr_block": null,
            "ipv6cidr_blocks": [],
            "ipv6virtual_router_ip": null,
            "prohibit_internet_ingress": false,
            "prohibit_public_ip_on_vnic": false,
            "route_table_id": "ocid1.routetable.oc1.us-sanjose-1.aaaaaaaa6fveubjl7ceaik7ydcxni6pwa72xm2fl4ymjmejhwkpugslfcsfa",
            "security_list_ids": [
              "ocid1.securitylist.oc1.us-sanjose-1.aaaaaaaaxn3nnss7f77vuofnkjk3xewj4zxdye4n2a5rfnozjmr6eqvjbgia"
            ],
            "state": "AVAILABLE",
            "subnet_domain_name": "ocivcnsubnet.ocivcn.oraclevcn.com",
            "time_created": "2024-10-10 06:19:25.499 +0000 UTC",
            "timeouts": null,
            "vcn_id": "ocid1.vcn.oc1.us-sanjose-1.amaaaaaak6odqwqau3n6ng2ax26bup5cr77atuubkgvhu3qo6vvkkq2saoua",
            "virtual_router_ip": "192.168.100.1",
            "virtual_router_mac": "00:00:17:F2:BD:62"
          },
          "sensitive_attributes": [],
          "private": "eyJlMmJmYjczMC1lY2FhLTExZTYtOGY4OC0zNDM2M2JjN2M0YzAiOnsiY3JlYXRlIjoxMjAwMDAwMDAwMDAwLCJkZWxldGUiOjEyMDAwMDAwMDAwMDAsInVwZGF0ZSI6MTIwMDAwMDAwMDAwMH19",
          "dependencies": [
            "oci_core_vcn.oci-vcn"
          ]
        }
      ]
    },
    {
      "mode": "managed",
      "type": "oci_core_subnet",
      "name": "onprem-vcn-subnet",
      "provider": "provider[\"registry.terraform.io/oracle/oci\"].on_prem_simulation",
      "instances": [
        {
          "schema_version": 0,
          "attributes": {
            "availability_domain": null,
            "cidr_block": "172.16.100.0/25",
            "compartment_id": "ocid1.compartment.oc1..aaaaaaaaopkw7kujv4rcenfsu5plsmry2pxdynxtotc6txeg4rp6rjbtklua",
            "defined_tags": {
              "Oracle-Tags.CreatedBy": "oracleidentitycloudservice/mayur.raleraskar@oracle.com",
              "Oracle-Tags.CreatedOn": "2024-10-10T06:19:25.460Z"
            },
            "dhcp_options_id": "ocid1.dhcpoptions.oc1.us-sanjose-1.aaaaaaaaeudejvbfelgot2urrwrhfn2kxktoev4mvbf6jydiohsqmgm72fma",
            "display_name": "onprem-vcn-subnet",
            "dns_label": "onpremvcnsubnet",
            "freeform_tags": {},
            "id": "ocid1.subnet.oc1.us-sanjose-1.aaaaaaaavugyqowkjfxc7tkc3bnpoomjtdy6zrprzynfw635dvihro35lcea",
            "ipv6cidr_block": null,
            "ipv6cidr_blocks": [],
            "ipv6virtual_router_ip": null,
            "prohibit_internet_ingress": false,
            "prohibit_public_ip_on_vnic": false,
            "route_table_id": "ocid1.routetable.oc1.us-sanjose-1.aaaaaaaaytvx2evtpzd2heeen4l4visyqkgsnjprx4dmmhnr4chqu5pgsm4q",
            "security_list_ids": [
              "ocid1.securitylist.oc1.us-sanjose-1.aaaaaaaane5wela74ib7lrp6qrfvmgymutd5m6dd3y552zndpgfhthp3sw5q"
            ],
            "state": "AVAILABLE",
            "subnet_domain_name": "onpremvcnsubnet.onpremvcn.oraclevcn.com",
            "time_created": "2024-10-10 06:19:25.509 +0000 UTC",
            "timeouts": null,
            "vcn_id": "ocid1.vcn.oc1.us-sanjose-1.amaaaaaak6odqwqazmuhj5u7xw36fswcyrcvncx3544bfn7g55jbquvdqtaa",
            "virtual_router_ip": "172.16.100.1",
            "virtual_router_mac": "00:00:17:5A:7B:4D"
          },
          "sensitive_attributes": [],
          "private": "eyJlMmJmYjczMC1lY2FhLTExZTYtOGY4OC0zNDM2M2JjN2M0YzAiOnsiY3JlYXRlIjoxMjAwMDAwMDAwMDAwLCJkZWxldGUiOjEyMDAwMDAwMDAwMDAsInVwZGF0ZSI6MTIwMDAwMDAwMDAwMH19",
          "dependencies": [
            "oci_core_vcn.onprem-vcn"
          ]
        }
      ]
    },
    {
      "mode": "managed",
      "type": "oci_core_vcn",
      "name": "oci-vcn",
      "provider": "provider[\"registry.terraform.io/oracle/oci\"]",
      "instances": [
        {
          "schema_version": 0,
          "attributes": {
            "byoipv6cidr_blocks": [],
            "byoipv6cidr_details": null,
            "cidr_block": "192.168.100.0/24",
            "cidr_blocks": [
              "192.168.100.0/24"
            ],
            "compartment_id": "ocid1.compartment.oc1..aaaaaaaaopkw7kujv4rcenfsu5plsmry2pxdynxtotc6txeg4rp6rjbtklua",
            "default_dhcp_options_id": "ocid1.dhcpoptions.oc1.us-sanjose-1.aaaaaaaajqdnkxovfkrcjmlyywuoy6mujhdgofodpqfhkc6mlpzaynptoeva",
            "default_route_table_id": "ocid1.routetable.oc1.us-sanjose-1.aaaaaaaa6fveubjl7ceaik7ydcxni6pwa72xm2fl4ymjmejhwkpugslfcsfa",
            "default_security_list_id": "ocid1.securitylist.oc1.us-sanjose-1.aaaaaaaaxn3nnss7f77vuofnkjk3xewj4zxdye4n2a5rfnozjmr6eqvjbgia",
            "defined_tags": {
              "Oracle-Tags.CreatedBy": "oracleidentitycloudservice/mayur.raleraskar@oracle.com",
              "Oracle-Tags.CreatedOn": "2024-10-10T06:19:24.472Z"
            },
            "display_name": "oci-vcn",
            "dns_label": "ocivcn",
            "freeform_tags": {},
            "id": "ocid1.vcn.oc1.us-sanjose-1.amaaaaaak6odqwqau3n6ng2ax26bup5cr77atuubkgvhu3qo6vvkkq2saoua",
            "ipv6cidr_blocks": [],
            "ipv6private_cidr_blocks": [],
            "is_ipv6enabled": false,
            "is_oracle_gua_allocation_enabled": null,
            "state": "AVAILABLE",
            "time_created": "2024-10-10 06:19:24.543 +0000 UTC",
            "timeouts": null,
            "vcn_domain_name": "ocivcn.oraclevcn.com"
          },
          "sensitive_attributes": [],
          "private": "eyJlMmJmYjczMC1lY2FhLTExZTYtOGY4OC0zNDM2M2JjN2M0YzAiOnsiY3JlYXRlIjoxMjAwMDAwMDAwMDAwLCJkZWxldGUiOjEyMDAwMDAwMDAwMDAsInVwZGF0ZSI6MTIwMDAwMDAwMDAwMH19"
        }
      ]
    },
    {
      "mode": "managed",
      "type": "oci_core_vcn",
      "name": "onprem-vcn",
      "provider": "provider[\"registry.terraform.io/oracle/oci\"].on_prem_simulation",
      "instances": [
        {
          "schema_version": 0,
          "attributes": {
            "byoipv6cidr_blocks": [],
            "byoipv6cidr_details": null,
            "cidr_block": "172.16.100.0/24",
            "cidr_blocks": [
              "172.16.100.0/24"
            ],
            "compartment_id": "ocid1.compartment.oc1..aaaaaaaaopkw7kujv4rcenfsu5plsmry2pxdynxtotc6txeg4rp6rjbtklua",
            "default_dhcp_options_id": "ocid1.dhcpoptions.oc1.us-sanjose-1.aaaaaaaaeudejvbfelgot2urrwrhfn2kxktoev4mvbf6jydiohsqmgm72fma",
            "default_route_table_id": "ocid1.routetable.oc1.us-sanjose-1.aaaaaaaaytvx2evtpzd2heeen4l4visyqkgsnjprx4dmmhnr4chqu5pgsm4q",
            "default_security_list_id": "ocid1.securitylist.oc1.us-sanjose-1.aaaaaaaane5wela74ib7lrp6qrfvmgymutd5m6dd3y552zndpgfhthp3sw5q",
            "defined_tags": {
              "Oracle-Tags.CreatedBy": "oracleidentitycloudservice/mayur.raleraskar@oracle.com",
              "Oracle-Tags.CreatedOn": "2024-10-10T06:19:24.519Z"
            },
            "display_name": "onprem-vcn",
            "dns_label": "onpremvcn",
            "freeform_tags": {},
            "id": "ocid1.vcn.oc1.us-sanjose-1.amaaaaaak6odqwqazmuhj5u7xw36fswcyrcvncx3544bfn7g55jbquvdqtaa",
            "ipv6cidr_blocks": [],
            "ipv6private_cidr_blocks": [],
            "is_ipv6enabled": false,
            "is_oracle_gua_allocation_enabled": null,
            "state": "AVAILABLE",
            "time_created": "2024-10-10 06:19:24.563 +0000 UTC",
            "timeouts": null,
            "vcn_domain_name": "onpremvcn.oraclevcn.com"
          },
          "sensitive_attributes": [],
          "private": "eyJlMmJmYjczMC1lY2FhLTExZTYtOGY4OC0zNDM2M2JjN2M0YzAiOnsiY3JlYXRlIjoxMjAwMDAwMDAwMDAwLCJkZWxldGUiOjEyMDAwMDAwMDAwMDAsInVwZGF0ZSI6MTIwMDAwMDAwMDAwMH19"
        }
      ]
    },
    {
      "mode": "managed",
      "type": "oci_logging_log",
      "name": "vpn_log",
      "provider": "provider[\"registry.terraform.io/oracle/oci\"]",
      "instances": [
        {
          "schema_version": 0,
          "attributes": {
            "compartment_id": "ocid1.compartment.oc1..aaaaaaaaopkw7kujv4rcenfsu5plsmry2pxdynxtotc6txeg4rp6rjbtklua",
            "configuration": [
              {
                "compartment_id": "ocid1.compartment.oc1..aaaaaaaaopkw7kujv4rcenfsu5plsmry2pxdynxtotc6txeg4rp6rjbtklua",
                "source": [
                  {
                    "category": "read",
                    "parameters": {},
                    "resource": "ocid1.ipsecconnection.oc1.us-sanjose-1.aaaaaaaazuohopcxyngjiz7vwwlxtxnhgo2a3tbldberlme5mgif5lumk2qq",
                    "service": "oci_c3_vpn",
                    "source_type": "OCISERVICE"
                  }
                ]
              }
            ],
            "defined_tags": {
              "Oracle-Tags.CreatedBy": "oracleidentitycloudservice/mayur.raleraskar@oracle.com",
              "Oracle-Tags.CreatedOn": "2024-10-10T06:22:28.920Z"
            },
            "display_name": "vpn_log",
            "freeform_tags": {},
            "id": "ocid1.log.oc1.us-sanjose-1.amaaaaaak6odqwqatukj6u5clrjok7x7mhohtxq3t5igokbyvowg4kvfvteq",
            "is_enabled": false,
            "log_group_id": "ocid1.loggroup.oc1.us-sanjose-1.amaaaaaak6odqwqaydsx5vb74k73raynk43tl54zyr7td3qkluzuak6hipyq",
            "log_type": "SERVICE",
            "retention_duration": 30,
            "state": "ACTIVE",
            "tenancy_id": "ocid1.tenancy.oc1..aaaaaaaak2lpej3xxgd6iayoqdzkrlcn6eqlyfc4yqyc4s57hff7yqiouj2q",
            "time_created": "2024-10-10 06:22:29.01 +0000 UTC",
            "time_last_modified": "2024-10-10 06:22:29.01 +0000 UTC",
            "timeouts": null
          },
          "sensitive_attributes": [],
          "private": "eyJlMmJmYjczMC1lY2FhLTExZTYtOGY4OC0zNDM2M2JjN2M0YzAiOnsiY3JlYXRlIjoxMjAwMDAwMDAwMDAwLCJkZWxldGUiOjEyMDAwMDAwMDAwMDAsInVwZGF0ZSI6MTIwMDAwMDAwMDAwMH19",
          "dependencies": [
            "data.oci_core_cpe_device_shape.oci-ipsec-cpe-device-shape",
            "data.oci_core_cpe_device_shapes.oci-ipsec-cpe-device-shapes",
            "data.oci_core_images.oracle_linux_images_onprem",
            "data.oci_identity_availability_domain.ad_onprem",
            "oci_core_cpe.oci-ipsec-cpe",
            "oci_core_drg.oci-vcn-drg",
            "oci_core_instance.onprem-vcn-libreswan-instance",
            "oci_core_ipsec.oci-ipsec-connection",
            "oci_core_subnet.onprem-vcn-subnet",
            "oci_core_vcn.onprem-vcn",
            "oci_logging_log_group.ipsec_log_group"
          ]
        }
      ]
    },
    {
      "mode": "managed",
      "type": "oci_logging_log_group",
      "name": "ipsec_log_group",
      "provider": "provider[\"registry.terraform.io/oracle/oci\"]",
      "instances": [
        {
          "schema_version": 0,
          "attributes": {
            "compartment_id": "ocid1.compartment.oc1..aaaaaaaaopkw7kujv4rcenfsu5plsmry2pxdynxtotc6txeg4rp6rjbtklua",
            "defined_tags": {
              "Oracle-Tags.CreatedBy": "oracleidentitycloudservice/mayur.raleraskar@oracle.com",
              "Oracle-Tags.CreatedOn": "2024-10-10T06:19:24.660Z"
            },
            "description": null,
            "display_name": "ipsec_log_group",
            "freeform_tags": {},
            "id": "ocid1.loggroup.oc1.us-sanjose-1.amaaaaaak6odqwqaydsx5vb74k73raynk43tl54zyr7td3qkluzuak6hipyq",
            "state": "ACTIVE",
            "time_created": "2024-10-10 06:19:24.704 +0000 UTC",
            "time_last_modified": "2024-10-10 06:19:24.704 +0000 UTC",
            "timeouts": null
          },
          "sensitive_attributes": [],
          "private": "eyJlMmJmYjczMC1lY2FhLTExZTYtOGY4OC0zNDM2M2JjN2M0YzAiOnsiY3JlYXRlIjoxMjAwMDAwMDAwMDAwLCJkZWxldGUiOjEyMDAwMDAwMDAwMDAsInVwZGF0ZSI6MTIwMDAwMDAwMDAwMH19"
        }
      ]
    }
  ],
  "check_results": null
}
