{
  "version": 4,
  "terraform_version": "1.9.3",
  "serial": 7939,
  "lineage": "33d5809d-1a5b-cc73-b9a9-c51a15ff22a3",
  "outputs": {
    "oci-ipsec-connection-tunnel-a": {
      "value": "129.159.47.99",
      "type": "string"
    },
    "oci-ipsec-connection-tunnel-b": {
      "value": "152.67.249.34",
      "type": "string"
    },
    "oci-vcn-drg-id": {
      "value": "ocid1.drg.oc1.us-sanjose-1.aaaaaaaa6cmp2lsfvi74ixjcmjk46uzqsdgmkxmp3n6pgwxg7kzsvlknh74q",
      "type": "string"
    },
    "oci-vcn-id": {
      "value": "ocid1.vcn.oc1.us-sanjose-1.amaaaaaak6odqwqadgydpayfi3tva7cl6qy2jmnabl7bkpg7scyyub6aapka",
      "type": "string"
    },
    "oci-vcn-instance-private-ip": {
      "value": "12.0.0.34",
      "type": "string"
    },
    "oci-vcn-instance-public-ip": {
      "value": "165.1.77.181",
      "type": "string"
    },
    "onprem-vcn-id": {
      "value": "ocid1.vcn.oc1.phx.amaaaaaak6odqwqauflpxxhsqljkmddrl3at7l6xknjrkqkxxbyn5gq5dl5q",
      "type": "string"
    },
    "onprem-vcn-instance-private-ip": {
      "value": "10.0.0.55",
      "type": "string"
    },
    "onprem-vcn-instance-public-ip": {
      "value": "129.146.142.144",
      "type": "string"
    },
    "onprem-vcn-libreswan-instance-private-ip": {
      "value": "10.0.0.69",
      "type": "string"
    },
    "onprem-vcn-libreswan-instance-public-ip": {
      "value": "129.146.234.117",
      "type": "string"
    }
  },
  "resources": [
    {
      "mode": "data",
      "type": "oci_core_cpe_device_shape",
      "name": "oci-ipsec-cpe-device-shape",
      "provider": "provider[\"registry.terraform.io/oracle/oci\"]",
      "instances": [
        {
          "schema_version": 0,
          "attributes": {
            "cpe_device_info": [
              {
                "platform_software_version": "3.18 or later",
                "vendor": "Libreswan"
              }
            ],
            "cpe_device_shape_id": "0d703eb6-e19d-43af-8f00-668d3e59e583",
            "id": "0d703eb6-e19d-43af-8f00-668d3e59e583",
            "parameters": [],
            "template": "#-------------------------------------------------------------------------------------------------------------------------------------------------------------\n# Libreswan Configuration Template\n# This template consolidates all VPN Connect information for your IPSec connection from the Oracle Console.\n#-------------------------------------------------------------------------------------------------------------------------------------------------------------\n#\n#-------------------------------------------------------------------------------------------------------------------------------------------------------------\n# The following list of parameters was gathered from your Oracle Console session.\n#-------------------------------------------------------------------------------------------------------------------------------------------------------------\n\u003c#list tunnelConfigurations as tunnelConfig\u003e\n    \u003c#assign internalProperties = tunnelConfig.internalProperties\u003e\n\u003c#-- internalProperty Values --\u003e\n    \u003c#assign cpeIP = internalProperties.cpeIP!r\"${cpeIP}\"\u003e\n    \u003c#assign routes = internalProperties.routes!r\"${routes}\"\u003e\n    \u003c#assign publicIP = internalProperties.publicIP!r\"${publicIP}\"\u003e\n    \u003c#assign remoteId = internalProperties.remoteId!cpeIP\u003e\n    \u003c#assign tunnelPSK = internalProperties.tunnelPSK!r\"${tunnelPSK}\"\u003e\n    \u003c#assign ikeVersion = internalProperties.ikeVersion!\"1\"\u003e\n    \u003c#assign remoteAsnValuePresent=internalProperties.remoteBgpAsn?? || internalProperties.remoteFourOctetBgpAsn??\u003e\n    \u003c#assign bgpEnabled = internalProperties.oracleBgpPeeringIp?? \u0026\u0026 remoteAsnValuePresent \u0026\u0026 internalProperties.regionBgpAsn?? \u0026\u0026 internalProperties.remoteBgpIp?? \u0026\u0026 internalProperties.oracleBgpIp??\u003e\n    \u003c#assign remoteBgpAsn = internalProperties.remoteBgpAsn!r\"${remoteBgpAsn}\"\u003e\n    \u003c#assign remoteBgpIp = internalProperties.remoteBgpIp!r\"${cpeBgpIp}\"\u003e\n    \u003c#assign oracleBgpIp = internalProperties.oracleBgpIp!r\"${oracleBgpIp}\"\u003e\n#\n#    VPN PARAMETERS:\n#    ${cpeIP} = The public IP address for the CPE, as defined in the customer-premises equipment object. This is the IP address of your outside interface.\n#    ${remoteId} = The CPE IKE identifier as configured in the Oracle Console. If you did not configure a custom IKE identifier, this value defaults to the CPE public IP address.\n#    ${publicIP} = The Oracle public IP endpoint obtained from the Oracle Console.\n#    ${ikeVersion} = The IKE version selection for this tunnel (IKEv1 or IKEv2) as configured in the Oracle Console.\n#    ${tunnelPSK} = The shared secret for this IPSec tunnel. By default, Oracle provides the shared secret for the tunnel.\n#    \u003c#if bgpEnabled\u003eBgp \u003c#else\u003eStatic \u003c/#if\u003e= Your chosen routing type for this tunnel (BGP or static).\n#    \u003c#if !bgpEnabled\u003e\u003c#list routes as route\u003e${route}\u003c#sep\u003e, \u003c/#list\u003e = The static route CIDRs configured in the Oracle Console. \u003c#else\u003e\n#    ${remoteBgpAsn} = Your BGP ASN.\n#    ${remoteBgpIp} = The CPE inside tunnel IP, also used for BGP peering. This IP address must be part of the IPSec VPN's encryption domain.\n#    ${oracleBgpIp} = The Oracle inside tunnel IP, also used for BGP peering. This IP address must be part of the IPSec VPN's encryption domain. \u003c/#if\u003e\n#\n\u003c/#list\u003e\n#\n#-------------------------------------------------------------------------------------------------------------------------------------------------------------\n# USEFUL LINKS:\n#\n# Libreswan CPE Guide: https://docs.cloud.oracle.com/iaas/Content/Network/Reference/libreswanCPE.htm\n#\n# Supported IPSec Parameters: https://docs.cloud.oracle.com/iaas/Content/Network/Reference/supportedIPsecparams.htm"
          },
          "sensitive_attributes": []
        }
      ]
    },
    {
      "mode": "data",
      "type": "oci_core_cpe_device_shapes",
      "name": "oci-ipsec-cpe-device-shapes",
      "provider": "provider[\"registry.terraform.io/oracle/oci\"]",
      "instances": [
        {
          "schema_version": 0,
          "attributes": {
            "cpe_device_shapes": [
              {
                "cpe_device_info": [
                  {
                    "platform_software_version": "3.18 or later",
                    "vendor": "Libreswan"
                  }
                ],
                "cpe_device_shape_id": "0d703eb6-e19d-43af-8f00-668d3e59e583",
                "template": ""
              },
              {
                "cpe_device_info": [
                  {
                    "platform_software_version": "ASA Policy-Based VPN 8.5+ (single tunnel, static)",
                    "vendor": "Cisco"
                  }
                ],
                "cpe_device_shape_id": "0e21db6e-b106-481e-a0d0-2150c18b2143",
                "template": ""
              },
              {
                "cpe_device_info": [
                  {
                    "platform_software_version": "IX Series 10.1.16",
                    "vendor": "NEC"
                  }
                ],
                "cpe_device_shape_id": "1020d5ce-4746-47f5-884d-6bab60e0623d",
                "template": ""
              },
              {
                "cpe_device_info": [
                  {
                    "platform_software_version": "PAN-OS 8.0.0",
                    "vendor": "Palo Alto"
                  }
                ],
                "cpe_device_shape_id": "2378763c-4ab1-4345-9ab4-afe1bdbe0167",
                "template": ""
              },
              {
                "cpe_device_info": [
                  {
                    "platform_software_version": "Firebox with Fireware v12",
                    "vendor": "WatchGuard"
                  }
                ],
                "cpe_device_shape_id": "3420e94e-d276-4801-b04c-07cdf543ecb8",
                "template": ""
              },
              {
                "cpe_device_info": [
                  {
                    "platform_software_version": "JunOS 15.1 or later",
                    "vendor": "Juniper MX"
                  }
                ],
                "cpe_device_shape_id": "4b591c1f-b497-4cf3-958c-431c37b8138a",
                "template": ""
              },
              {
                "cpe_device_info": [
                  {
                    "platform_software_version": "RTX RTX1210 Firmware Rev.14.01.28",
                    "vendor": "Yamaha"
                  }
                ],
                "cpe_device_shape_id": "8d5441f1-54fb-495f-ac30-b86bb97f3a2b",
                "template": ""
              },
              {
                "cpe_device_info": [
                  {
                    "platform_software_version": "FortiGate 6.0.4 or later",
                    "vendor": "Fortinet"
                  }
                ],
                "cpe_device_shape_id": "96d2e850-2fd5-4dfe-8032-6ea91f7f8a91",
                "template": ""
              },
              {
                "cpe_device_info": [
                  {
                    "platform_software_version": "N.A",
                    "vendor": "Other"
                  }
                ],
                "cpe_device_shape_id": "a91995b2-92ee-49fa-a765-0bfcee37ffb1",
                "template": ""
              },
              {
                "cpe_device_info": [
                  {
                    "platform_software_version": "RTX RTX830 Firmware Rev.15.02.03",
                    "vendor": "Yamaha"
                  }
                ],
                "cpe_device_shape_id": "be483e18-6f41-4e55-904a-8e18fcb8d627",
                "template": ""
              },
              {
                "cpe_device_info": [
                  {
                    "platform_software_version": "SRX Series - JunOS 11.0 or later",
                    "vendor": "Juniper"
                  }
                ],
                "cpe_device_shape_id": "d2f594be-4cb8-4ea0-b011-8d532e001548",
                "template": ""
              },
              {
                "cpe_device_info": [
                  {
                    "platform_software_version": "ASA Route-Based VPN 9.7.1 or later",
                    "vendor": "Cisco"
                  }
                ],
                "cpe_device_shape_id": "d46a7a22-8022-4e9d-8ce8-b5f1b6f937f3",
                "template": ""
              },
              {
                "cpe_device_info": [
                  {
                    "platform_software_version": "R80.20",
                    "vendor": "Check Point"
                  }
                ],
                "cpe_device_shape_id": "dc9ec6c5-3868-4dca-a64c-e4e69b7ac873",
                "template": ""
              },
              {
                "cpe_device_info": [
                  {
                    "platform_software_version": "IOS version 15.4M or later",
                    "vendor": "Cisco"
                  }
                ],
                "cpe_device_shape_id": "df6b8d43-c05a-4222-b44f-157942fe0dfa",
                "template": ""
              },
              {
                "cpe_device_info": [
                  {
                    "platform_software_version": "FITELnet-F220/F221 Firmware 01.00(00)[0]00.00.0 [2019/07/05 15:00]",
                    "vendor": "Furukawa"
                  }
                ],
                "cpe_device_shape_id": "f90beffc-c916-4b89-a9d7-6d01c52ddb4d",
                "template": ""
              }
            ],
            "filter": null,
            "id": "CoreCpeDeviceShapesDataSource-0"
          },
          "sensitive_attributes": []
        }
      ]
    },
    {
      "mode": "data",
      "type": "oci_core_images",
      "name": "oracle_linux_images_oci",
      "provider": "provider[\"registry.terraform.io/oracle/oci\"]",
      "instances": [
        {
          "schema_version": 0,
          "attributes": {
            "compartment_id": "ocid1.tenancy.oc1..aaaaaaaak2lpej3xxgd6iayoqdzkrlcn6eqlyfc4yqyc4s57hff7yqiouj2q",
            "display_name": null,
            "filter": null,
            "id": "CoreImagesDataSource-3459896441",
            "images": [
              {
                "agent_features": [],
                "base_image_id": "",
                "billable_size_in_gbs": "5",
                "compartment_id": "",
                "create_image_allowed": true,
                "defined_tags": {},
                "display_name": "Oracle-Linux-9.4-aarch64-2024.09.30-0",
                "freeform_tags": {},
                "id": "ocid1.image.oc1.us-sanjose-1.aaaaaaaat4r7jhfi25th47jwqoto7ysfulp4ixusmb2okbvkktc6gammsuga",
                "image_source_details": [],
                "instance_id": "",
                "launch_mode": "NATIVE",
                "launch_options": [
                  {
                    "boot_volume_type": "PARAVIRTUALIZED",
                    "firmware": "UEFI_64",
                    "is_consistent_volume_naming_enabled": true,
                    "is_pv_encryption_in_transit_enabled": true,
                    "network_type": "PARAVIRTUALIZED",
                    "remote_data_volume_type": "PARAVIRTUALIZED"
                  }
                ],
                "listing_type": "",
                "operating_system": "Oracle Linux",
                "operating_system_version": "9",
                "size_in_mbs": "47719",
                "state": "AVAILABLE",
                "time_created": "2024-10-12 04:35:21.315 +0000 UTC"
              },
              {
                "agent_features": [],
                "base_image_id": "",
                "billable_size_in_gbs": "5",
                "compartment_id": "",
                "create_image_allowed": true,
                "defined_tags": {},
                "display_name": "Oracle-Linux-9.4-aarch64-2024.08.29-0",
                "freeform_tags": {},
                "id": "ocid1.image.oc1.us-sanjose-1.aaaaaaaayakzgmbaud2fez75fimhrjdhwj67ncgj6esnvuq2uveuxp3hl2kq",
                "image_source_details": [],
                "instance_id": "",
                "launch_mode": "NATIVE",
                "launch_options": [
                  {
                    "boot_volume_type": "PARAVIRTUALIZED",
                    "firmware": "UEFI_64",
                    "is_consistent_volume_naming_enabled": true,
                    "is_pv_encryption_in_transit_enabled": true,
                    "network_type": "PARAVIRTUALIZED",
                    "remote_data_volume_type": "PARAVIRTUALIZED"
                  }
                ],
                "listing_type": "",
                "operating_system": "Oracle Linux",
                "operating_system_version": "9",
                "size_in_mbs": "47719",
                "state": "AVAILABLE",
                "time_created": "2024-09-18 10:44:19.572 +0000 UTC"
              },
              {
                "agent_features": [],
                "base_image_id": "",
                "billable_size_in_gbs": "5",
                "compartment_id": "",
                "create_image_allowed": true,
                "defined_tags": {},
                "display_name": "Oracle-Linux-9.4-aarch64-2024.07.31-0",
                "freeform_tags": {},
                "id": "ocid1.image.oc1.us-sanjose-1.aaaaaaaacxd3626ahohqubjyxfiaz2znjhacywb2ux3yyvspjdvjqljcgbqa",
                "image_source_details": [],
                "instance_id": "",
                "launch_mode": "NATIVE",
                "launch_options": [
                  {
                    "boot_volume_type": "PARAVIRTUALIZED",
                    "firmware": "UEFI_64",
                    "is_consistent_volume_naming_enabled": true,
                    "is_pv_encryption_in_transit_enabled": true,
                    "network_type": "PARAVIRTUALIZED",
                    "remote_data_volume_type": "PARAVIRTUALIZED"
                  }
                ],
                "listing_type": "",
                "operating_system": "Oracle Linux",
                "operating_system_version": "9",
                "size_in_mbs": "47719",
                "state": "AVAILABLE",
                "time_created": "2024-08-16 18:37:10.739 +0000 UTC"
              }
            ],
            "operating_system": "Oracle Linux",
            "operating_system_version": "9",
            "shape": "VM.Standard.A1.Flex",
            "sort_by": "TIMECREATED",
            "sort_order": "DESC",
            "state": null
          },
          "sensitive_attributes": []
        }
      ]
    },
    {
      "mode": "data",
      "type": "oci_core_images",
      "name": "oracle_linux_images_onprem",
      "provider": "provider[\"registry.terraform.io/oracle/oci\"].on_prem_simulation",
      "instances": [
        {
          "schema_version": 0,
          "attributes": {
            "compartment_id": "ocid1.tenancy.oc1..aaaaaaaak2lpej3xxgd6iayoqdzkrlcn6eqlyfc4yqyc4s57hff7yqiouj2q",
            "display_name": null,
            "filter": null,
            "id": "CoreImagesDataSource-3459896441",
            "images": [
              {
                "agent_features": [],
                "base_image_id": "",
                "billable_size_in_gbs": "5",
                "compartment_id": "",
                "create_image_allowed": true,
                "defined_tags": {},
                "display_name": "Oracle-Linux-9.4-aarch64-2024.09.30-0",
                "freeform_tags": {},
                "id": "ocid1.image.oc1.phx.aaaaaaaaoxcvvajxk2redbtizhxcame3bdb7zmbkkykbrhnymsgl4wmuoyla",
                "image_source_details": [],
                "instance_id": "",
                "launch_mode": "NATIVE",
                "launch_options": [
                  {
                    "boot_volume_type": "PARAVIRTUALIZED",
                    "firmware": "UEFI_64",
                    "is_consistent_volume_naming_enabled": true,
                    "is_pv_encryption_in_transit_enabled": true,
                    "network_type": "PARAVIRTUALIZED",
                    "remote_data_volume_type": "PARAVIRTUALIZED"
                  }
                ],
                "listing_type": "",
                "operating_system": "Oracle Linux",
                "operating_system_version": "9",
                "size_in_mbs": "47719",
                "state": "AVAILABLE",
                "time_created": "2024-10-12 07:12:07.677 +0000 UTC"
              },
              {
                "agent_features": [],
                "base_image_id": "",
                "billable_size_in_gbs": "5",
                "compartment_id": "",
                "create_image_allowed": true,
                "defined_tags": {},
                "display_name": "Oracle-Linux-9.4-aarch64-2024.08.29-0",
                "freeform_tags": {},
                "id": "ocid1.image.oc1.phx.aaaaaaaaja2jqhk23pujmeporqdyyhtpalgbo7754gqay3drx5gj2qisyija",
                "image_source_details": [],
                "instance_id": "",
                "launch_mode": "NATIVE",
                "launch_options": [
                  {
                    "boot_volume_type": "PARAVIRTUALIZED",
                    "firmware": "UEFI_64",
                    "is_consistent_volume_naming_enabled": true,
                    "is_pv_encryption_in_transit_enabled": true,
                    "network_type": "PARAVIRTUALIZED",
                    "remote_data_volume_type": "PARAVIRTUALIZED"
                  }
                ],
                "listing_type": "",
                "operating_system": "Oracle Linux",
                "operating_system_version": "9",
                "size_in_mbs": "47719",
                "state": "AVAILABLE",
                "time_created": "2024-09-18 11:34:03.167 +0000 UTC"
              },
              {
                "agent_features": [],
                "base_image_id": "",
                "billable_size_in_gbs": "5",
                "compartment_id": "",
                "create_image_allowed": true,
                "defined_tags": {},
                "display_name": "Oracle-Linux-9.4-aarch64-2024.07.31-0",
                "freeform_tags": {},
                "id": "ocid1.image.oc1.phx.aaaaaaaaf4kabeftedqqfjarv2gkl46glri3bq7f6jpcz2j6nz7v5zulnt6a",
                "image_source_details": [],
                "instance_id": "",
                "launch_mode": "NATIVE",
                "launch_options": [
                  {
                    "boot_volume_type": "PARAVIRTUALIZED",
                    "firmware": "UEFI_64",
                    "is_consistent_volume_naming_enabled": true,
                    "is_pv_encryption_in_transit_enabled": true,
                    "network_type": "PARAVIRTUALIZED",
                    "remote_data_volume_type": "PARAVIRTUALIZED"
                  }
                ],
                "listing_type": "",
                "operating_system": "Oracle Linux",
                "operating_system_version": "9",
                "size_in_mbs": "47719",
                "state": "AVAILABLE",
                "time_created": "2024-08-16 19:11:15.376 +0000 UTC"
              }
            ],
            "operating_system": "Oracle Linux",
            "operating_system_version": "9",
            "shape": "VM.Standard.A1.Flex",
            "sort_by": "TIMECREATED",
            "sort_order": "DESC",
            "state": null
          },
          "sensitive_attributes": []
        }
      ]
    },
    {
      "mode": "data",
      "type": "oci_core_ipsec_connection_tunnel",
      "name": "oci-ipsec-connection-tunnel-a",
      "provider": "provider[\"registry.terraform.io/oracle/oci\"]",
      "instances": [
        {
          "schema_version": 0,
          "attributes": {
            "associated_virtual_circuits": null,
            "bgp_session_info": [],
            "compartment_id": "ocid1.compartment.oc1..aaaaaaaaopkw7kujv4rcenfsu5plsmry2pxdynxtotc6txeg4rp6rjbtklua",
            "cpe_ip": "129.146.234.117",
            "display_name": "ipsectunnel20241028223028-2",
            "dpd_config": null,
            "dpd_mode": "INITIATE_AND_RESPOND",
            "dpd_timeout_in_sec": 20,
            "encryption_domain_config": [],
            "id": "ocid1.ipsectunnel.oc1.us-sanjose-1.aaaaaaaanhehhgu5iffsgxtt5ipxpdozcfbxlnpo4qpbxpdekoekdr6wifpq",
            "ike_version": "V1",
            "ipsec_id": "ocid1.ipsecconnection.oc1.us-sanjose-1.aaaaaaaak4qs7yx3w2hyml3azunc5coq5cuyzdvo6vdwpojs4gkgpckznlbq",
            "nat_translation_enabled": "AUTO",
            "oracle_can_initiate": "INITIATOR_OR_RESPONDER",
            "phase_one_details": [
              {
                "custom_authentication_algorithm": "",
                "custom_dh_group": "",
                "custom_encryption_algorithm": "",
                "is_custom_phase_one_config": false,
                "is_ike_established": true,
                "lifetime": 28800,
                "negotiated_authentication_algorithm": "",
                "negotiated_dh_group": "",
                "negotiated_encryption_algorithm": "",
                "remaining_lifetime": "",
                "remaining_lifetime_int": 0,
                "remaining_lifetime_last_retrieved": "2024-10-28 22:32:23.023 +0000 UTC"
              }
            ],
            "phase_two_details": [
              {
                "custom_authentication_algorithm": "",
                "custom_encryption_algorithm": "",
                "dh_group": "GROUP5",
                "is_custom_phase_two_config": false,
                "is_esp_established": false,
                "is_pfs_enabled": true,
                "lifetime": 3600,
                "negotiated_authentication_algorithm": "",
                "negotiated_dh_group": "",
                "negotiated_encryption_algorithm": "",
                "remaining_lifetime": "",
                "remaining_lifetime_int": 0,
                "remaining_lifetime_last_retrieved": "2024-10-28 22:32:23.023 +0000 UTC"
              }
            ],
            "routing": "STATIC",
            "shared_secret": null,
            "state": "AVAILABLE",
            "status": "DOWN",
            "time_created": "2024-10-28 22:30:28.668 +0000 UTC",
            "time_status_updated": "2024-10-28 22:32:23.019 +0000 UTC",
            "tunnel_id": "ocid1.ipsectunnel.oc1.us-sanjose-1.aaaaaaaanhehhgu5iffsgxtt5ipxpdozcfbxlnpo4qpbxpdekoekdr6wifpq",
            "vpn_ip": "129.159.47.99"
          },
          "sensitive_attributes": [
            [
              {
                "type": "get_attr",
                "value": "shared_secret"
              }
            ]
          ]
        }
      ]
    },
    {
      "mode": "data",
      "type": "oci_core_ipsec_connection_tunnel",
      "name": "oci-ipsec-connection-tunnel-b",
      "provider": "provider[\"registry.terraform.io/oracle/oci\"]",
      "instances": [
        {
          "schema_version": 0,
          "attributes": {
            "associated_virtual_circuits": null,
            "bgp_session_info": [],
            "compartment_id": "ocid1.compartment.oc1..aaaaaaaaopkw7kujv4rcenfsu5plsmry2pxdynxtotc6txeg4rp6rjbtklua",
            "cpe_ip": "129.146.234.117",
            "display_name": "ipsectunnel20241028223028-1",
            "dpd_config": null,
            "dpd_mode": "INITIATE_AND_RESPOND",
            "dpd_timeout_in_sec": 20,
            "encryption_domain_config": [],
            "id": "ocid1.ipsectunnel.oc1.us-sanjose-1.aaaaaaaax7jurisuwyrrf2hsnpcjtks7dx4abnbvy6bvhe5vkxwy3z77tffq",
            "ike_version": "V1",
            "ipsec_id": "ocid1.ipsecconnection.oc1.us-sanjose-1.aaaaaaaak4qs7yx3w2hyml3azunc5coq5cuyzdvo6vdwpojs4gkgpckznlbq",
            "nat_translation_enabled": "AUTO",
            "oracle_can_initiate": "INITIATOR_OR_RESPONDER",
            "phase_one_details": [
              {
                "custom_authentication_algorithm": "",
                "custom_dh_group": "",
                "custom_encryption_algorithm": "",
                "is_custom_phase_one_config": false,
                "is_ike_established": true,
                "lifetime": 28800,
                "negotiated_authentication_algorithm": "",
                "negotiated_dh_group": "",
                "negotiated_encryption_algorithm": "",
                "remaining_lifetime": "",
                "remaining_lifetime_int": 0,
                "remaining_lifetime_last_retrieved": "2024-10-28 22:32:22.753 +0000 UTC"
              }
            ],
            "phase_two_details": [
              {
                "custom_authentication_algorithm": "",
                "custom_encryption_algorithm": "",
                "dh_group": "GROUP5",
                "is_custom_phase_two_config": false,
                "is_esp_established": false,
                "is_pfs_enabled": true,
                "lifetime": 3600,
                "negotiated_authentication_algorithm": "",
                "negotiated_dh_group": "",
                "negotiated_encryption_algorithm": "",
                "remaining_lifetime": "",
                "remaining_lifetime_int": 0,
                "remaining_lifetime_last_retrieved": "2024-10-28 22:32:22.753 +0000 UTC"
              }
            ],
            "routing": "STATIC",
            "shared_secret": null,
            "state": "AVAILABLE",
            "status": "DOWN",
            "time_created": "2024-10-28 22:30:28.647 +0000 UTC",
            "time_status_updated": "2024-10-28 22:32:22.749 +0000 UTC",
            "tunnel_id": "ocid1.ipsectunnel.oc1.us-sanjose-1.aaaaaaaax7jurisuwyrrf2hsnpcjtks7dx4abnbvy6bvhe5vkxwy3z77tffq",
            "vpn_ip": "152.67.249.34"
          },
          "sensitive_attributes": [
            [
              {
                "type": "get_attr",
                "value": "shared_secret"
              }
            ]
          ]
        }
      ]
    },
    {
      "mode": "data",
      "type": "oci_core_ipsec_connection_tunnel_routes",
      "name": "oci-ipsec-connection-tunnel-a-routes",
      "provider": "provider[\"registry.terraform.io/oracle/oci\"]",
      "instances": [
        {
          "schema_version": 0,
          "attributes": {
            "advertiser": "CUSTOMER",
            "filter": null,
            "id": "CoreIpsecConnectionTunnelRoutesDataSource-3550175297",
            "ipsec_id": "ocid1.ipsecconnection.oc1.us-sanjose-1.aaaaaaaak4qs7yx3w2hyml3azunc5coq5cuyzdvo6vdwpojs4gkgpckznlbq",
            "tunnel_id": "ocid1.ipsectunnel.oc1.us-sanjose-1.aaaaaaaanhehhgu5iffsgxtt5ipxpdozcfbxlnpo4qpbxpdekoekdr6wifpq",
            "tunnel_routes": []
          },
          "sensitive_attributes": []
        }
      ]
    },
    {
      "mode": "data",
      "type": "oci_core_ipsec_connection_tunnel_routes",
      "name": "oci-ipsec-connection-tunnel-b-routes",
      "provider": "provider[\"registry.terraform.io/oracle/oci\"]",
      "instances": [
        {
          "schema_version": 0,
          "attributes": {
            "advertiser": "CUSTOMER",
            "filter": null,
            "id": "CoreIpsecConnectionTunnelRoutesDataSource-1731720527",
            "ipsec_id": "ocid1.ipsecconnection.oc1.us-sanjose-1.aaaaaaaak4qs7yx3w2hyml3azunc5coq5cuyzdvo6vdwpojs4gkgpckznlbq",
            "tunnel_id": "ocid1.ipsectunnel.oc1.us-sanjose-1.aaaaaaaax7jurisuwyrrf2hsnpcjtks7dx4abnbvy6bvhe5vkxwy3z77tffq",
            "tunnel_routes": []
          },
          "sensitive_attributes": []
        }
      ]
    },
    {
      "mode": "data",
      "type": "oci_core_ipsec_connection_tunnels",
      "name": "oci-ipsec-connection-tunnels",
      "provider": "provider[\"registry.terraform.io/oracle/oci\"]",
      "instances": [
        {
          "schema_version": 0,
          "attributes": {
            "filter": null,
            "id": "CoreIpSecConnectionTunnelsDataSource-2812079543",
            "ip_sec_connection_tunnels": [
              {
                "associated_virtual_circuits": [],
                "bgp_session_info": [],
                "compartment_id": "ocid1.compartment.oc1..aaaaaaaaopkw7kujv4rcenfsu5plsmry2pxdynxtotc6txeg4rp6rjbtklua",
                "cpe_ip": "129.146.234.117",
                "display_name": "ipsectunnel20241028223028-2",
                "dpd_config": [],
                "dpd_mode": "INITIATE_AND_RESPOND",
                "dpd_timeout_in_sec": 20,
                "encryption_domain_config": [],
                "id": "ocid1.ipsectunnel.oc1.us-sanjose-1.aaaaaaaanhehhgu5iffsgxtt5ipxpdozcfbxlnpo4qpbxpdekoekdr6wifpq",
                "ike_version": "V1",
                "ipsec_id": "",
                "nat_translation_enabled": "AUTO",
                "oracle_can_initiate": "INITIATOR_OR_RESPONDER",
                "phase_one_details": [
                  {
                    "custom_authentication_algorithm": "",
                    "custom_dh_group": "",
                    "custom_encryption_algorithm": "",
                    "is_custom_phase_one_config": false,
                    "is_ike_established": true,
                    "lifetime": 28800,
                    "negotiated_authentication_algorithm": "",
                    "negotiated_dh_group": "",
                    "negotiated_encryption_algorithm": "",
                    "remaining_lifetime": "",
                    "remaining_lifetime_int": 0,
                    "remaining_lifetime_last_retrieved": "2024-10-28 22:32:22.413 +0000 UTC"
                  }
                ],
                "phase_two_details": [
                  {
                    "custom_authentication_algorithm": "",
                    "custom_encryption_algorithm": "",
                    "dh_group": "GROUP5",
                    "is_custom_phase_two_config": false,
                    "is_esp_established": false,
                    "is_pfs_enabled": true,
                    "lifetime": 3600,
                    "negotiated_authentication_algorithm": "",
                    "negotiated_dh_group": "",
                    "negotiated_encryption_algorithm": "",
                    "remaining_lifetime": "",
                    "remaining_lifetime_int": 0,
                    "remaining_lifetime_last_retrieved": "2024-10-28 22:32:22.414 +0000 UTC"
                  }
                ],
                "routing": "STATIC",
                "shared_secret": "",
                "state": "AVAILABLE",
                "status": "DOWN",
                "time_created": "2024-10-28 22:30:28.668 +0000 UTC",
                "time_status_updated": "2024-10-28 22:32:22.41 +0000 UTC",
                "tunnel_id": "",
                "vpn_ip": "129.159.47.99"
              },
              {
                "associated_virtual_circuits": [],
                "bgp_session_info": [],
                "compartment_id": "ocid1.compartment.oc1..aaaaaaaaopkw7kujv4rcenfsu5plsmry2pxdynxtotc6txeg4rp6rjbtklua",
                "cpe_ip": "129.146.234.117",
                "display_name": "ipsectunnel20241028223028-1",
                "dpd_config": [],
                "dpd_mode": "INITIATE_AND_RESPOND",
                "dpd_timeout_in_sec": 20,
                "encryption_domain_config": [],
                "id": "ocid1.ipsectunnel.oc1.us-sanjose-1.aaaaaaaax7jurisuwyrrf2hsnpcjtks7dx4abnbvy6bvhe5vkxwy3z77tffq",
                "ike_version": "V1",
                "ipsec_id": "",
                "nat_translation_enabled": "AUTO",
                "oracle_can_initiate": "INITIATOR_OR_RESPONDER",
                "phase_one_details": [
                  {
                    "custom_authentication_algorithm": "",
                    "custom_dh_group": "",
                    "custom_encryption_algorithm": "",
                    "is_custom_phase_one_config": false,
                    "is_ike_established": true,
                    "lifetime": 28800,
                    "negotiated_authentication_algorithm": "",
                    "negotiated_dh_group": "",
                    "negotiated_encryption_algorithm": "",
                    "remaining_lifetime": "",
                    "remaining_lifetime_int": 0,
                    "remaining_lifetime_last_retrieved": "2024-10-28 22:32:22.395 +0000 UTC"
                  }
                ],
                "phase_two_details": [
                  {
                    "custom_authentication_algorithm": "",
                    "custom_encryption_algorithm": "",
                    "dh_group": "GROUP5",
                    "is_custom_phase_two_config": false,
                    "is_esp_established": false,
                    "is_pfs_enabled": true,
                    "lifetime": 3600,
                    "negotiated_authentication_algorithm": "",
                    "negotiated_dh_group": "",
                    "negotiated_encryption_algorithm": "",
                    "remaining_lifetime": "",
                    "remaining_lifetime_int": 0,
                    "remaining_lifetime_last_retrieved": "2024-10-28 22:32:22.395 +0000 UTC"
                  }
                ],
                "routing": "STATIC",
                "shared_secret": "",
                "state": "AVAILABLE",
                "status": "DOWN",
                "time_created": "2024-10-28 22:30:28.647 +0000 UTC",
                "time_status_updated": "2024-10-28 22:32:22.391 +0000 UTC",
                "tunnel_id": "",
                "vpn_ip": "152.67.249.34"
              }
            ],
            "ipsec_id": "ocid1.ipsecconnection.oc1.us-sanjose-1.aaaaaaaak4qs7yx3w2hyml3azunc5coq5cuyzdvo6vdwpojs4gkgpckznlbq"
          },
          "sensitive_attributes": []
        }
      ]
    },
    {
      "mode": "data",
      "type": "oci_core_ipsec_connections",
      "name": "oci-ipsec-connections",
      "provider": "provider[\"registry.terraform.io/oracle/oci\"]",
      "instances": [
        {
          "schema_version": 0,
          "attributes": {
            "compartment_id": "ocid1.compartment.oc1..aaaaaaaaopkw7kujv4rcenfsu5plsmry2pxdynxtotc6txeg4rp6rjbtklua",
            "connections": [],
            "cpe_id": "ocid1.cpe.oc1.us-sanjose-1.aaaaaaaa3t6wwifjwq4stjbgqc7mbljch7pxxkbjalr27voaqxdh3qrjpy7q",
            "drg_id": "ocid1.drg.oc1.us-sanjose-1.aaaaaaaa6cmp2lsfvi74ixjcmjk46uzqsdgmkxmp3n6pgwxg7kzsvlknh74q",
            "filter": null,
            "id": "CoreIpSecConnectionsDataSource-2869730506"
          },
          "sensitive_attributes": []
        }
      ]
    },
    {
      "mode": "data",
      "type": "oci_core_private_ips",
      "name": "oci-vcn-private-ip-datasource",
      "provider": "provider[\"registry.terraform.io/oracle/oci\"]",
      "instances": [
        {
          "schema_version": 0,
          "attributes": {
            "filter": null,
            "id": "CorePrivateIpsDataSource-248196312",
            "ip_address": null,
            "private_ips": [
              {
                "availability_domain": "hdVp:US-SANJOSE-1-AD-1",
                "compartment_id": "ocid1.compartment.oc1..aaaaaaaaopkw7kujv4rcenfsu5plsmry2pxdynxtotc6txeg4rp6rjbtklua",
                "defined_tags": {
                  "Oracle-Tags.CreatedBy": "oracleidentitycloudservice/mayur.raleraskar@oracle.com",
                  "Oracle-Tags.CreatedOn": "2024-10-28T22:29:51.025Z"
                },
                "display_name": "primary_vnic",
                "freeform_tags": {},
                "hostname_label": "vnic0",
                "id": "ocid1.privateip.oc1.us-sanjose-1.abzwuljr6jn2ueov6xn2wja6nqeqabbjiad6efljdjni5ohedwcaoanykmta",
                "ip_address": "12.0.0.34",
                "is_primary": true,
                "is_reserved": false,
                "subnet_id": "ocid1.subnet.oc1.us-sanjose-1.aaaaaaaanqsreii3dlovqacdkjobivd6qwtvaqjfrypixbljas4mb3wuc4pq",
                "time_created": "2024-10-28 22:29:53.463 +0000 UTC",
                "vlan_id": "",
                "vnic_id": "ocid1.vnic.oc1.us-sanjose-1.abzwuljrfowhg5c4iyww3dx5demiy6pwh3bijckna2cmzrr5x2sngv2czc7a"
              }
            ],
            "subnet_id": null,
            "vlan_id": null,
            "vnic_id": "ocid1.vnic.oc1.us-sanjose-1.abzwuljrfowhg5c4iyww3dx5demiy6pwh3bijckna2cmzrr5x2sngv2czc7a"
          },
          "sensitive_attributes": []
        }
      ]
    },
    {
      "mode": "data",
      "type": "oci_core_private_ips",
      "name": "onprem-vcn-libreswan-instance-private-ip-datasource",
      "provider": "provider[\"registry.terraform.io/oracle/oci\"].on_prem_simulation",
      "instances": [
        {
          "schema_version": 0,
          "attributes": {
            "filter": null,
            "id": "CorePrivateIpsDataSource-4054734521",
            "ip_address": null,
            "private_ips": [
              {
                "availability_domain": "hdVp:PHX-AD-1",
                "compartment_id": "ocid1.compartment.oc1..aaaaaaaaopkw7kujv4rcenfsu5plsmry2pxdynxtotc6txeg4rp6rjbtklua",
                "defined_tags": {
                  "Oracle-Tags.CreatedBy": "oracleidentitycloudservice/mayur.raleraskar@oracle.com",
                  "Oracle-Tags.CreatedOn": "2024-10-28T22:29:53.192Z"
                },
                "display_name": "Primaryvnic",
                "freeform_tags": {},
                "hostname_label": "onprem-vcn-subnet-vnic",
                "id": "ocid1.privateip.oc1.phx.abyhqljt7vjytkxwhsk3wp5yyvq7nljmlpqc4azarpwwtittubnrxh5g57dq",
                "ip_address": "10.0.0.55",
                "is_primary": true,
                "is_reserved": false,
                "subnet_id": "ocid1.subnet.oc1.phx.aaaaaaaatakiauxvvsaqkxq2axjofi5yhptchyvasdv6plltgb7u3rhmg6wq",
                "time_created": "2024-10-28 22:29:56.278 +0000 UTC",
                "vlan_id": "",
                "vnic_id": "ocid1.vnic.oc1.phx.abyhqljtihn74nwnqkqjgmstvj5k2aotz2h6yisgisjewfxl6tqgy5lwrc7q"
              }
            ],
            "subnet_id": null,
            "vlan_id": null,
            "vnic_id": "ocid1.vnic.oc1.phx.abyhqljtihn74nwnqkqjgmstvj5k2aotz2h6yisgisjewfxl6tqgy5lwrc7q"
          },
          "sensitive_attributes": []
        }
      ]
    },
    {
      "mode": "data",
      "type": "oci_core_private_ips",
      "name": "onprem-vcn-libreswan-instance-vnic-private-ip-id",
      "provider": "provider[\"registry.terraform.io/oracle/oci\"].on_prem_simulation",
      "instances": [
        {
          "schema_version": 0,
          "attributes": {
            "filter": null,
            "id": "CorePrivateIpsDataSource-3512295979",
            "ip_address": "10.0.0.69",
            "private_ips": [
              {
                "availability_domain": "hdVp:PHX-AD-1",
                "compartment_id": "ocid1.compartment.oc1..aaaaaaaaopkw7kujv4rcenfsu5plsmry2pxdynxtotc6txeg4rp6rjbtklua",
                "defined_tags": {
                  "Oracle-Tags.CreatedBy": "oracleidentitycloudservice/mayur.raleraskar@oracle.com",
                  "Oracle-Tags.CreatedOn": "2024-10-28T22:29:53.236Z"
                },
                "display_name": "primary_vnic",
                "freeform_tags": {},
                "hostname_label": "cpe",
                "id": "ocid1.privateip.oc1.phx.abyhqljtuejc42kwyxj62xp7w4hmmz6mjdnvbmwrfcwbi7brjeauoucbg6aa",
                "ip_address": "10.0.0.69",
                "is_primary": true,
                "is_reserved": false,
                "subnet_id": "ocid1.subnet.oc1.phx.aaaaaaaatakiauxvvsaqkxq2axjofi5yhptchyvasdv6plltgb7u3rhmg6wq",
                "time_created": "2024-10-28 22:29:56.743 +0000 UTC",
                "vlan_id": "",
                "vnic_id": "ocid1.vnic.oc1.phx.abyhqljt2x6spmcruthmtw3vjsftfbnot6ok3bmqauwimujsroggcz6r46qq"
              }
            ],
            "subnet_id": "ocid1.subnet.oc1.phx.aaaaaaaatakiauxvvsaqkxq2axjofi5yhptchyvasdv6plltgb7u3rhmg6wq",
            "vlan_id": null,
            "vnic_id": null
          },
          "sensitive_attributes": []
        }
      ]
    },
    {
      "mode": "data",
      "type": "oci_core_private_ips",
      "name": "onprem-vcn-private-ip-datasource",
      "provider": "provider[\"registry.terraform.io/oracle/oci\"].on_prem_simulation",
      "instances": [
        {
          "schema_version": 0,
          "attributes": {
            "filter": null,
            "id": "CorePrivateIpsDataSource-4054734521",
            "ip_address": null,
            "private_ips": [
              {
                "availability_domain": "hdVp:PHX-AD-1",
                "compartment_id": "ocid1.compartment.oc1..aaaaaaaaopkw7kujv4rcenfsu5plsmry2pxdynxtotc6txeg4rp6rjbtklua",
                "defined_tags": {
                  "Oracle-Tags.CreatedBy": "oracleidentitycloudservice/mayur.raleraskar@oracle.com",
                  "Oracle-Tags.CreatedOn": "2024-10-28T22:29:53.192Z"
                },
                "display_name": "Primaryvnic",
                "freeform_tags": {},
                "hostname_label": "onprem-vcn-subnet-vnic",
                "id": "ocid1.privateip.oc1.phx.abyhqljt7vjytkxwhsk3wp5yyvq7nljmlpqc4azarpwwtittubnrxh5g57dq",
                "ip_address": "10.0.0.55",
                "is_primary": true,
                "is_reserved": false,
                "subnet_id": "ocid1.subnet.oc1.phx.aaaaaaaatakiauxvvsaqkxq2axjofi5yhptchyvasdv6plltgb7u3rhmg6wq",
                "time_created": "2024-10-28 22:29:56.278 +0000 UTC",
                "vlan_id": "",
                "vnic_id": "ocid1.vnic.oc1.phx.abyhqljtihn74nwnqkqjgmstvj5k2aotz2h6yisgisjewfxl6tqgy5lwrc7q"
              }
            ],
            "subnet_id": null,
            "vlan_id": null,
            "vnic_id": "ocid1.vnic.oc1.phx.abyhqljtihn74nwnqkqjgmstvj5k2aotz2h6yisgisjewfxl6tqgy5lwrc7q"
          },
          "sensitive_attributes": []
        }
      ]
    },
    {
      "mode": "data",
      "type": "oci_core_vcn",
      "name": "oci-default-route-table-id",
      "provider": "provider[\"registry.terraform.io/oracle/oci\"]",
      "instances": [
        {
          "schema_version": 0,
          "attributes": {
            "byoipv6cidr_blocks": [],
            "byoipv6cidr_details": null,
            "cidr_block": "12.0.0.0/24",
            "cidr_blocks": [
              "12.0.0.0/24"
            ],
            "compartment_id": "ocid1.compartment.oc1..aaaaaaaaopkw7kujv4rcenfsu5plsmry2pxdynxtotc6txeg4rp6rjbtklua",
            "default_dhcp_options_id": "ocid1.dhcpoptions.oc1.us-sanjose-1.aaaaaaaak7cpcvtnkygs2o23xxy265vlahcefbwjxvv62rbw4wmfgxr4sqja",
            "default_route_table_id": "ocid1.routetable.oc1.us-sanjose-1.aaaaaaaa7aoygds7tj4pu47pxtywitf5awajfjyhnze2od37nsd37icmyuma",
            "default_security_list_id": "ocid1.securitylist.oc1.us-sanjose-1.aaaaaaaavxzpvy2rrjse6tfsnhp7ctmuc6xqqrimachq3zl7r5lvucdbkd2a",
            "defined_tags": {
              "Oracle-Tags.CreatedBy": "oracleidentitycloudservice/mayur.raleraskar@oracle.com",
              "Oracle-Tags.CreatedOn": "2024-10-28T22:29:47.642Z"
            },
            "display_name": "oci-vcn",
            "dns_label": "ocivcn",
            "freeform_tags": {},
            "id": "ocid1.vcn.oc1.us-sanjose-1.amaaaaaak6odqwqadgydpayfi3tva7cl6qy2jmnabl7bkpg7scyyub6aapka",
            "ipv6cidr_blocks": [],
            "ipv6private_cidr_blocks": [],
            "is_ipv6enabled": null,
            "is_oracle_gua_allocation_enabled": null,
            "state": "AVAILABLE",
            "time_created": "2024-10-28 22:29:47.698 +0000 UTC",
            "vcn_domain_name": "ocivcn.oraclevcn.com",
            "vcn_id": "ocid1.vcn.oc1.us-sanjose-1.amaaaaaak6odqwqadgydpayfi3tva7cl6qy2jmnabl7bkpg7scyyub6aapka"
          },
          "sensitive_attributes": []
        }
      ]
    },
    {
      "mode": "data",
      "type": "oci_core_vcn",
      "name": "onprem-default-route-table-id",
      "provider": "provider[\"registry.terraform.io/oracle/oci\"].on_prem_simulation",
      "instances": [
        {
          "schema_version": 0,
          "attributes": {
            "byoipv6cidr_blocks": [],
            "byoipv6cidr_details": null,
            "cidr_block": "10.0.0.0/24",
            "cidr_blocks": [
              "10.0.0.0/24"
            ],
            "compartment_id": "ocid1.compartment.oc1..aaaaaaaaopkw7kujv4rcenfsu5plsmry2pxdynxtotc6txeg4rp6rjbtklua",
            "default_dhcp_options_id": "ocid1.dhcpoptions.oc1.phx.aaaaaaaa5tv5hj5qeseyu34dcw6x7vcrqsv6642rteue3yd7wxeahpsuogkq",
            "default_route_table_id": "ocid1.routetable.oc1.phx.aaaaaaaa7i7asa6zophy2osrb5zf56nt56hhk5qissfhduyn4jb6j6a36f5a",
            "default_security_list_id": "ocid1.securitylist.oc1.phx.aaaaaaaaid7htvxllru7b2r4t2ojho6z5pn4xl5j5smpcmj2554ixchnxaua",
            "defined_tags": {
              "Oracle-Tags.CreatedBy": "oracleidentitycloudservice/mayur.raleraskar@oracle.com",
              "Oracle-Tags.CreatedOn": "2024-10-28T22:29:47.693Z"
            },
            "display_name": "onprem-vcn",
            "dns_label": "onpremvcn",
            "freeform_tags": {},
            "id": "ocid1.vcn.oc1.phx.amaaaaaak6odqwqauflpxxhsqljkmddrl3at7l6xknjrkqkxxbyn5gq5dl5q",
            "ipv6cidr_blocks": [],
            "ipv6private_cidr_blocks": [],
            "is_ipv6enabled": null,
            "is_oracle_gua_allocation_enabled": null,
            "state": "AVAILABLE",
            "time_created": "2024-10-28 22:29:47.81 +0000 UTC",
            "vcn_domain_name": "onpremvcn.oraclevcn.com",
            "vcn_id": "ocid1.vcn.oc1.phx.amaaaaaak6odqwqauflpxxhsqljkmddrl3at7l6xknjrkqkxxbyn5gq5dl5q"
          },
          "sensitive_attributes": []
        }
      ]
    },
    {
      "mode": "data",
      "type": "oci_core_vnic",
      "name": "oci-vcn-instance-vnic",
      "provider": "provider[\"registry.terraform.io/oracle/oci\"]",
      "instances": [
        {
          "schema_version": 0,
          "attributes": {
            "availability_domain": "hdVp:US-SANJOSE-1-AD-1",
            "compartment_id": "ocid1.compartment.oc1..aaaaaaaaopkw7kujv4rcenfsu5plsmry2pxdynxtotc6txeg4rp6rjbtklua",
            "defined_tags": {
              "Oracle-Tags.CreatedBy": "oracleidentitycloudservice/mayur.raleraskar@oracle.com",
              "Oracle-Tags.CreatedOn": "2024-10-28T22:29:51.025Z"
            },
            "display_name": "primary_vnic",
            "freeform_tags": {},
            "hostname_label": "vnic0",
            "id": "ocid1.vnic.oc1.us-sanjose-1.abzwuljrfowhg5c4iyww3dx5demiy6pwh3bijckna2cmzrr5x2sngv2czc7a",
            "ipv6addresses": [],
            "is_primary": true,
            "mac_address": "02:00:17:00:2B:A1",
            "nsg_ids": [],
            "private_ip_address": "12.0.0.34",
            "public_ip_address": "165.1.77.181",
            "skip_source_dest_check": false,
            "state": "AVAILABLE",
            "subnet_id": "ocid1.subnet.oc1.us-sanjose-1.aaaaaaaanqsreii3dlovqacdkjobivd6qwtvaqjfrypixbljas4mb3wuc4pq",
            "time_created": "2024-10-28 22:29:53.463 +0000 UTC",
            "vlan_id": null,
            "vnic_id": "ocid1.vnic.oc1.us-sanjose-1.abzwuljrfowhg5c4iyww3dx5demiy6pwh3bijckna2cmzrr5x2sngv2czc7a"
          },
          "sensitive_attributes": []
        }
      ]
    },
    {
      "mode": "data",
      "type": "oci_core_vnic",
      "name": "onprem-vcn-instance-vnic",
      "provider": "provider[\"registry.terraform.io/oracle/oci\"].on_prem_simulation",
      "instances": [
        {
          "schema_version": 0,
          "attributes": {
            "availability_domain": "hdVp:PHX-AD-1",
            "compartment_id": "ocid1.compartment.oc1..aaaaaaaaopkw7kujv4rcenfsu5plsmry2pxdynxtotc6txeg4rp6rjbtklua",
            "defined_tags": {
              "Oracle-Tags.CreatedBy": "oracleidentitycloudservice/mayur.raleraskar@oracle.com",
              "Oracle-Tags.CreatedOn": "2024-10-28T22:29:53.192Z"
            },
            "display_name": "Primaryvnic",
            "freeform_tags": {},
            "hostname_label": "onprem-vcn-subnet-vnic",
            "id": "ocid1.vnic.oc1.phx.abyhqljtihn74nwnqkqjgmstvj5k2aotz2h6yisgisjewfxl6tqgy5lwrc7q",
            "ipv6addresses": [],
            "is_primary": true,
            "mac_address": "02:00:17:0C:4C:0B",
            "nsg_ids": [],
            "private_ip_address": "10.0.0.55",
            "public_ip_address": "129.146.142.144",
            "skip_source_dest_check": true,
            "state": "AVAILABLE",
            "subnet_id": "ocid1.subnet.oc1.phx.aaaaaaaatakiauxvvsaqkxq2axjofi5yhptchyvasdv6plltgb7u3rhmg6wq",
            "time_created": "2024-10-28 22:29:56.278 +0000 UTC",
            "vlan_id": null,
            "vnic_id": "ocid1.vnic.oc1.phx.abyhqljtihn74nwnqkqjgmstvj5k2aotz2h6yisgisjewfxl6tqgy5lwrc7q"
          },
          "sensitive_attributes": []
        }
      ]
    },
    {
      "mode": "data",
      "type": "oci_core_vnic",
      "name": "onprem-vcn-libreswan-instance-vnic",
      "provider": "provider[\"registry.terraform.io/oracle/oci\"].on_prem_simulation",
      "instances": [
        {
          "schema_version": 0,
          "attributes": {
            "availability_domain": "hdVp:PHX-AD-1",
            "compartment_id": "ocid1.compartment.oc1..aaaaaaaaopkw7kujv4rcenfsu5plsmry2pxdynxtotc6txeg4rp6rjbtklua",
            "defined_tags": {
              "Oracle-Tags.CreatedBy": "oracleidentitycloudservice/mayur.raleraskar@oracle.com",
              "Oracle-Tags.CreatedOn": "2024-10-28T22:29:53.236Z"
            },
            "display_name": "primary_vnic",
            "freeform_tags": {},
            "hostname_label": "cpe",
            "id": "ocid1.vnic.oc1.phx.abyhqljt2x6spmcruthmtw3vjsftfbnot6ok3bmqauwimujsroggcz6r46qq",
            "ipv6addresses": [],
            "is_primary": true,
            "mac_address": "02:00:17:05:64:4F",
            "nsg_ids": [],
            "private_ip_address": "10.0.0.69",
            "public_ip_address": "129.146.234.117",
            "skip_source_dest_check": true,
            "state": "AVAILABLE",
            "subnet_id": "ocid1.subnet.oc1.phx.aaaaaaaatakiauxvvsaqkxq2axjofi5yhptchyvasdv6plltgb7u3rhmg6wq",
            "time_created": "2024-10-28 22:29:56.743 +0000 UTC",
            "vlan_id": null,
            "vnic_id": "ocid1.vnic.oc1.phx.abyhqljt2x6spmcruthmtw3vjsftfbnot6ok3bmqauwimujsroggcz6r46qq"
          },
          "sensitive_attributes": []
        }
      ]
    },
    {
      "mode": "data",
      "type": "oci_core_vnic_attachments",
      "name": "oci-vcn-instance-vnics",
      "provider": "provider[\"registry.terraform.io/oracle/oci\"]",
      "instances": [
        {
          "schema_version": 0,
          "attributes": {
            "availability_domain": "hdVp:US-SANJOSE-1-AD-1",
            "compartment_id": "ocid1.compartment.oc1..aaaaaaaaopkw7kujv4rcenfsu5plsmry2pxdynxtotc6txeg4rp6rjbtklua",
            "filter": null,
            "id": "CoreVnicAttachmentsDataSource-1491980537",
            "instance_id": "ocid1.instance.oc1.us-sanjose-1.anzwuljrk6odqwqc5sia4fvjhy6suawxebsjhl4lwfjcqn4y6nsemaktrzka",
            "vnic_attachments": [
              {
                "availability_domain": "hdVp:US-SANJOSE-1-AD-1",
                "compartment_id": "ocid1.compartment.oc1..aaaaaaaaopkw7kujv4rcenfsu5plsmry2pxdynxtotc6txeg4rp6rjbtklua",
                "create_vnic_details": [],
                "display_name": "",
                "id": "ocid1.vnicattachment.oc1.us-sanjose-1.anzwuljrk6odqwqcqzara3jk2zx2qcte6b6ikeljzp3g4z5twz65dprzwm7a",
                "instance_id": "ocid1.instance.oc1.us-sanjose-1.anzwuljrk6odqwqc5sia4fvjhy6suawxebsjhl4lwfjcqn4y6nsemaktrzka",
                "nic_index": 0,
                "state": "ATTACHED",
                "subnet_id": "ocid1.subnet.oc1.us-sanjose-1.aaaaaaaanqsreii3dlovqacdkjobivd6qwtvaqjfrypixbljas4mb3wuc4pq",
                "time_created": "2024-10-28 22:29:54.24 +0000 UTC",
                "vlan_id": "",
                "vlan_tag": 3343,
                "vnic_id": "ocid1.vnic.oc1.us-sanjose-1.abzwuljrfowhg5c4iyww3dx5demiy6pwh3bijckna2cmzrr5x2sngv2czc7a"
              }
            ],
            "vnic_id": null
          },
          "sensitive_attributes": []
        }
      ]
    },
    {
      "mode": "data",
      "type": "oci_core_vnic_attachments",
      "name": "onprem-vcn-instance-vnics",
      "provider": "provider[\"registry.terraform.io/oracle/oci\"].on_prem_simulation",
      "instances": [
        {
          "schema_version": 0,
          "attributes": {
            "availability_domain": "hdVp:PHX-AD-1",
            "compartment_id": "ocid1.compartment.oc1..aaaaaaaaopkw7kujv4rcenfsu5plsmry2pxdynxtotc6txeg4rp6rjbtklua",
            "filter": null,
            "id": "CoreVnicAttachmentsDataSource-2630691749",
            "instance_id": "ocid1.instance.oc1.phx.anyhqljtk6odqwqcp2ozgzrlg47yu24jbbn6plpxqnho5r3f4ruzeyt4mama",
            "vnic_attachments": [
              {
                "availability_domain": "hdVp:PHX-AD-1",
                "compartment_id": "ocid1.compartment.oc1..aaaaaaaaopkw7kujv4rcenfsu5plsmry2pxdynxtotc6txeg4rp6rjbtklua",
                "create_vnic_details": [],
                "display_name": "",
                "id": "ocid1.vnicattachment.oc1.phx.anyhqljtk6odqwqc43cdy4gsd42ttuz7hrwo6nbnta4ywvwld3wou4dkzlca",
                "instance_id": "ocid1.instance.oc1.phx.anyhqljtk6odqwqcp2ozgzrlg47yu24jbbn6plpxqnho5r3f4ruzeyt4mama",
                "nic_index": 0,
                "state": "ATTACHED",
                "subnet_id": "ocid1.subnet.oc1.phx.aaaaaaaatakiauxvvsaqkxq2axjofi5yhptchyvasdv6plltgb7u3rhmg6wq",
                "time_created": "2024-10-28 22:29:56.56 +0000 UTC",
                "vlan_id": "",
                "vlan_tag": 2477,
                "vnic_id": "ocid1.vnic.oc1.phx.abyhqljtihn74nwnqkqjgmstvj5k2aotz2h6yisgisjewfxl6tqgy5lwrc7q"
              }
            ],
            "vnic_id": null
          },
          "sensitive_attributes": []
        }
      ]
    },
    {
      "mode": "data",
      "type": "oci_core_vnic_attachments",
      "name": "onprem-vcn-libreswan-instance-vnics",
      "provider": "provider[\"registry.terraform.io/oracle/oci\"].on_prem_simulation",
      "instances": [
        {
          "schema_version": 0,
          "attributes": {
            "availability_domain": "hdVp:PHX-AD-1",
            "compartment_id": "ocid1.compartment.oc1..aaaaaaaaopkw7kujv4rcenfsu5plsmry2pxdynxtotc6txeg4rp6rjbtklua",
            "filter": null,
            "id": "CoreVnicAttachmentsDataSource-1633603877",
            "instance_id": "ocid1.instance.oc1.phx.anyhqljtk6odqwqc4zgrm4wajwgrgniypcnuum55g3gque5uktr6tmwbvjsq",
            "vnic_attachments": [
              {
                "availability_domain": "hdVp:PHX-AD-1",
                "compartment_id": "ocid1.compartment.oc1..aaaaaaaaopkw7kujv4rcenfsu5plsmry2pxdynxtotc6txeg4rp6rjbtklua",
                "create_vnic_details": [],
                "display_name": "",
                "id": "ocid1.vnicattachment.oc1.phx.anyhqljtk6odqwqcwu5rcxc2lcqbqnmcxw5fnnhwf6rofkuefocsqdicev2a",
                "instance_id": "ocid1.instance.oc1.phx.anyhqljtk6odqwqc4zgrm4wajwgrgniypcnuum55g3gque5uktr6tmwbvjsq",
                "nic_index": 0,
                "state": "ATTACHED",
                "subnet_id": "ocid1.subnet.oc1.phx.aaaaaaaatakiauxvvsaqkxq2axjofi5yhptchyvasdv6plltgb7u3rhmg6wq",
                "time_created": "2024-10-28 22:29:57.865 +0000 UTC",
                "vlan_id": "",
                "vlan_tag": 1672,
                "vnic_id": "ocid1.vnic.oc1.phx.abyhqljt2x6spmcruthmtw3vjsftfbnot6ok3bmqauwimujsroggcz6r46qq"
              }
            ],
            "vnic_id": null
          },
          "sensitive_attributes": []
        }
      ]
    },
    {
      "mode": "data",
      "type": "oci_identity_availability_domain",
      "name": "ad_oci",
      "provider": "provider[\"registry.terraform.io/oracle/oci\"]",
      "instances": [
        {
          "schema_version": 0,
          "attributes": {
            "ad_number": 1,
            "compartment_id": "ocid1.tenancy.oc1..aaaaaaaak2lpej3xxgd6iayoqdzkrlcn6eqlyfc4yqyc4s57hff7yqiouj2q",
            "id": "ocid1.availabilitydomain.oc1..aaaaaaaavi2wyd6rjjffu5nzgb3gjq4thy46k7sgw5ibh7mu5sq5fyie6t5a",
            "name": "hdVp:US-SANJOSE-1-AD-1"
          },
          "sensitive_attributes": []
        }
      ]
    },
    {
      "mode": "data",
      "type": "oci_identity_availability_domain",
      "name": "ad_onprem",
      "provider": "provider[\"registry.terraform.io/oracle/oci\"].on_prem_simulation",
      "instances": [
        {
          "schema_version": 0,
          "attributes": {
            "ad_number": 1,
            "compartment_id": "ocid1.tenancy.oc1..aaaaaaaak2lpej3xxgd6iayoqdzkrlcn6eqlyfc4yqyc4s57hff7yqiouj2q",
            "id": "ocid1.availabilitydomain.oc1..aaaaaaaaupx7ga46w4xbb3fnkoh7rtyumacyb3ek6bw7bt3qff3mgt3mbrlq",
            "name": "hdVp:PHX-AD-1"
          },
          "sensitive_attributes": []
        }
      ]
    },
    {
      "mode": "managed",
      "type": "local_file",
      "name": "ansible-vars-generate",
      "provider": "provider[\"registry.terraform.io/hashicorp/local\"]",
      "instances": [
        {
          "schema_version": 0,
          "attributes": {
            "content": "# Ansible vars file containing variable values from Terraform.\n\n# headends have public IPs\ncpe_public_ipv4: 129.146.234.117\noracle_headend_tun_a: 129.159.47.99\noracle_headend_tun_b: 152.67.249.34\n\ncpe_local_private_ip: 10.0.0.69\n\npsk_tun_a: 20992099\npsk_tun_b: 30993099\n\nvti_a: \"vti0\"\nvti_b: \"vti1\" \n\n# all vti-s have are /30 adddress\nvti_a_local_ip: 11.11.11.101\nbgp_router_id: 11.11.11.100 # TODO is bgp router-id arbitrary? \nvti_a_remote_ip: 11.11.11.102\n\nvti_b_local_ip: 11.11.11.105\nvti_b_remote_ip: 11.11.11.106\n\nbgp_asn_local: 65001\nbgp_asn_remote: 31898  # Oracle's ASN, DNT dare to change\ncpe_onprem_vcn_cidr: 10.0.0.0/24\n\nremote_oci_vcn_cidr: 12.0.0.0/24 # TODO why is it unused? as BGP will advertise anyways?\n    \n",
            "content_base64": null,
            "content_base64sha256": "eqcxvy27ij2SnLhwiHnHaZaEvPdkht1cLk4su/xzmZA=",
            "content_base64sha512": "kpO6LlqcEBKzZqWGlI9y1i4km4Og1yBrft88W2LEg96llCfRC1mHmMXY3U1XDPm2hsTIyGrHVik3YcVhqXqTCg==",
            "content_md5": "18c241029e36df12f11a0f1bc07e630a",
            "content_sha1": "830f264985be5d6ca7db7d86e62be0cd2d40b73a",
            "content_sha256": "7aa731bf2dbb8a3d929cb8708879c7699684bcf76486dd5c2e4e2cbbfc739990",
            "content_sha512": "9293ba2e5a9c1012b366a586948f72d62e249b83a0d7206b7edf3c5b62c483dea59427d10b598798c5d8dd4d570cf9b686c4c8c86ac756293761c561a97a930a",
            "directory_permission": "0777",
            "file_permission": "0777",
            "filename": "./ansible/vars.yml",
            "id": "830f264985be5d6ca7db7d86e62be0cd2d40b73a",
            "sensitive_content": null,
            "source": null
          },
          "sensitive_attributes": [
            [
              {
                "type": "get_attr",
                "value": "sensitive_content"
              }
            ]
          ],
          "dependencies": [
            "data.oci_core_cpe_device_shape.oci-ipsec-cpe-device-shape",
            "data.oci_core_cpe_device_shapes.oci-ipsec-cpe-device-shapes",
            "data.oci_core_images.oracle_linux_images_onprem",
            "data.oci_core_ipsec_connection_tunnels.oci-ipsec-connection-tunnels",
            "data.oci_identity_availability_domain.ad_onprem",
            "oci_core_cpe.oci-ipsec-cpe",
            "oci_core_drg.oci-vcn-drg",
            "oci_core_instance.onprem-vcn-libreswan-instance",
            "oci_core_ipsec.oci-ipsec-connection",
            "oci_core_subnet.onprem-vcn-subnet",
            "oci_core_vcn.onprem-vcn"
          ]
        }
      ]
    },
    {
      "mode": "managed",
      "type": "null_resource",
      "name": "execute-ansible-playbook",
      "provider": "provider[\"registry.terraform.io/hashicorp/null\"]",
      "instances": [
        {
          "schema_version": 0,
          "attributes": {
            "id": "6252828476645966835",
            "triggers": null
          },
          "sensitive_attributes": [],
          "dependencies": [
            "data.oci_core_cpe_device_shape.oci-ipsec-cpe-device-shape",
            "data.oci_core_cpe_device_shapes.oci-ipsec-cpe-device-shapes",
            "data.oci_core_images.oracle_linux_images_onprem",
            "data.oci_core_ipsec_connection_tunnels.oci-ipsec-connection-tunnels",
            "data.oci_identity_availability_domain.ad_onprem",
            "local_file.ansible-vars-generate",
            "oci_core_cpe.oci-ipsec-cpe",
            "oci_core_drg.oci-vcn-drg",
            "oci_core_instance.onprem-vcn-libreswan-instance",
            "oci_core_ipsec.oci-ipsec-connection",
            "oci_core_subnet.onprem-vcn-subnet",
            "oci_core_vcn.onprem-vcn"
          ]
        }
      ]
    },
    {
      "mode": "managed",
      "type": "oci_core_cpe",
      "name": "oci-ipsec-cpe",
      "provider": "provider[\"registry.terraform.io/oracle/oci\"]",
      "instances": [
        {
          "schema_version": 0,
          "attributes": {
            "compartment_id": "ocid1.compartment.oc1..aaaaaaaaopkw7kujv4rcenfsu5plsmry2pxdynxtotc6txeg4rp6rjbtklua",
            "cpe_device_shape_id": "0d703eb6-e19d-43af-8f00-668d3e59e583",
            "defined_tags": {
              "Oracle-Tags.CreatedBy": "oracleidentitycloudservice/mayur.raleraskar@oracle.com",
              "Oracle-Tags.CreatedOn": "2024-10-28T22:30:28.191Z"
            },
            "display_name": "oci-ipsec-cpe",
            "freeform_tags": {},
            "id": "ocid1.cpe.oc1.us-sanjose-1.aaaaaaaa3t6wwifjwq4stjbgqc7mbljch7pxxkbjalr27voaqxdh3qrjpy7q",
            "ip_address": "129.146.234.117",
            "is_private": false,
            "time_created": "2024-10-28 22:30:28.213 +0000 UTC",
            "timeouts": null
          },
          "sensitive_attributes": [],
          "private": "eyJlMmJmYjczMC1lY2FhLTExZTYtOGY4OC0zNDM2M2JjN2M0YzAiOnsiY3JlYXRlIjoxMjAwMDAwMDAwMDAwLCJkZWxldGUiOjEyMDAwMDAwMDAwMDAsInVwZGF0ZSI6MTIwMDAwMDAwMDAwMH19",
          "dependencies": [
            "data.oci_core_cpe_device_shape.oci-ipsec-cpe-device-shape",
            "data.oci_core_cpe_device_shapes.oci-ipsec-cpe-device-shapes",
            "data.oci_core_images.oracle_linux_images_onprem",
            "data.oci_identity_availability_domain.ad_onprem",
            "oci_core_instance.onprem-vcn-libreswan-instance",
            "oci_core_subnet.onprem-vcn-subnet",
            "oci_core_vcn.onprem-vcn"
          ]
        }
      ]
    },
    {
      "mode": "managed",
      "type": "oci_core_default_route_table",
      "name": "oci-default-route-table",
      "provider": "provider[\"registry.terraform.io/oracle/oci\"]",
      "instances": [
        {
          "schema_version": 0,
          "attributes": {
            "compartment_id": "ocid1.compartment.oc1..aaaaaaaaopkw7kujv4rcenfsu5plsmry2pxdynxtotc6txeg4rp6rjbtklua",
            "defined_tags": {
              "Oracle-Tags.CreatedBy": "oracleidentitycloudservice/mayur.raleraskar@oracle.com",
              "Oracle-Tags.CreatedOn": "2024-10-28T22:29:47.642Z"
            },
            "display_name": "Default Route Table for oci-vcn",
            "freeform_tags": {},
            "id": "ocid1.routetable.oc1.us-sanjose-1.aaaaaaaa7aoygds7tj4pu47pxtywitf5awajfjyhnze2od37nsd37icmyuma",
            "manage_default_resource_id": "ocid1.routetable.oc1.us-sanjose-1.aaaaaaaa7aoygds7tj4pu47pxtywitf5awajfjyhnze2od37nsd37icmyuma",
            "route_rules": [
              {
                "cidr_block": "",
                "description": "",
                "destination": "0.0.0.0/0",
                "destination_type": "CIDR_BLOCK",
                "network_entity_id": "ocid1.internetgateway.oc1.us-sanjose-1.aaaaaaaadja7nwam3uo4hxwxwjhzeceu6cn6dz6ep4ewb6d6u2eymnbvq24q",
                "route_type": ""
              },
              {
                "cidr_block": "",
                "description": "",
                "destination": "10.0.0.0/24",
                "destination_type": "CIDR_BLOCK",
                "network_entity_id": "ocid1.drg.oc1.us-sanjose-1.aaaaaaaa6cmp2lsfvi74ixjcmjk46uzqsdgmkxmp3n6pgwxg7kzsvlknh74q",
                "route_type": ""
              }
            ],
            "state": "AVAILABLE",
            "time_created": "2024-10-28 22:29:47.698 +0000 UTC",
            "timeouts": null
          },
          "sensitive_attributes": [],
          "private": "eyJlMmJmYjczMC1lY2FhLTExZTYtOGY4OC0zNDM2M2JjN2M0YzAiOnsiY3JlYXRlIjoxMjAwMDAwMDAwMDAwLCJkZWxldGUiOjEyMDAwMDAwMDAwMDAsInVwZGF0ZSI6MTIwMDAwMDAwMDAwMH19",
          "dependencies": [
            "data.oci_core_vcn.oci-default-route-table-id",
            "oci_core_drg.oci-vcn-drg",
            "oci_core_internet_gateway.oci-internet-gateway",
            "oci_core_vcn.oci-vcn"
          ]
        }
      ]
    },
    {
      "mode": "managed",
      "type": "oci_core_default_route_table",
      "name": "onprem-default-route-table",
      "provider": "provider[\"registry.terraform.io/oracle/oci\"].on_prem_simulation",
      "instances": [
        {
          "schema_version": 0,
          "attributes": {
            "compartment_id": "ocid1.compartment.oc1..aaaaaaaaopkw7kujv4rcenfsu5plsmry2pxdynxtotc6txeg4rp6rjbtklua",
            "defined_tags": {
              "Oracle-Tags.CreatedBy": "oracleidentitycloudservice/mayur.raleraskar@oracle.com",
              "Oracle-Tags.CreatedOn": "2024-10-28T22:29:47.693Z"
            },
            "display_name": "Default Route Table for onprem-vcn",
            "freeform_tags": {},
            "id": "ocid1.routetable.oc1.phx.aaaaaaaa7i7asa6zophy2osrb5zf56nt56hhk5qissfhduyn4jb6j6a36f5a",
            "manage_default_resource_id": "ocid1.routetable.oc1.phx.aaaaaaaa7i7asa6zophy2osrb5zf56nt56hhk5qissfhduyn4jb6j6a36f5a",
            "route_rules": [
              {
                "cidr_block": "",
                "description": "",
                "destination": "0.0.0.0/0",
                "destination_type": "CIDR_BLOCK",
                "network_entity_id": "ocid1.internetgateway.oc1.phx.aaaaaaaaxm5efpnoysk5fr6mzh35ukojej6ile56hhigxnmezs3k34vq2g3a",
                "route_type": ""
              },
              {
                "cidr_block": "",
                "description": "",
                "destination": "12.0.0.0/24",
                "destination_type": "CIDR_BLOCK",
                "network_entity_id": "ocid1.privateip.oc1.phx.abyhqljtuejc42kwyxj62xp7w4hmmz6mjdnvbmwrfcwbi7brjeauoucbg6aa",
                "route_type": ""
              }
            ],
            "state": "AVAILABLE",
            "time_created": "2024-10-28 22:29:47.81 +0000 UTC",
            "timeouts": null
          },
          "sensitive_attributes": [],
          "private": "eyJlMmJmYjczMC1lY2FhLTExZTYtOGY4OC0zNDM2M2JjN2M0YzAiOnsiY3JlYXRlIjoxMjAwMDAwMDAwMDAwLCJkZWxldGUiOjEyMDAwMDAwMDAwMDAsInVwZGF0ZSI6MTIwMDAwMDAwMDAwMH19",
          "dependencies": [
            "data.oci_core_images.oracle_linux_images_onprem",
            "data.oci_core_private_ips.onprem-vcn-libreswan-instance-vnic-private-ip-id",
            "data.oci_core_vcn.onprem-default-route-table-id",
            "data.oci_identity_availability_domain.ad_onprem",
            "oci_core_instance.onprem-vcn-libreswan-instance",
            "oci_core_internet_gateway.onprem-internet-gateway",
            "oci_core_subnet.onprem-vcn-subnet",
            "oci_core_vcn.onprem-vcn"
          ]
        }
      ]
    },
    {
      "mode": "managed",
      "type": "oci_core_default_security_list",
      "name": "oci-vcn-subnet-security-list",
      "provider": "provider[\"registry.terraform.io/oracle/oci\"]",
      "instances": [
        {
          "schema_version": 0,
          "attributes": {
            "compartment_id": "ocid1.compartment.oc1..aaaaaaaaopkw7kujv4rcenfsu5plsmry2pxdynxtotc6txeg4rp6rjbtklua",
            "defined_tags": {
              "Oracle-Tags.CreatedBy": "oracleidentitycloudservice/mayur.raleraskar@oracle.com",
              "Oracle-Tags.CreatedOn": "2024-10-28T22:29:47.642Z"
            },
            "display_name": "Default Security List for oci-vcn",
            "egress_security_rules": [
              {
                "description": "",
                "destination": "0.0.0.0/0",
                "destination_type": "CIDR_BLOCK",
                "icmp_options": [],
                "protocol": "all",
                "stateless": false,
                "tcp_options": [],
                "udp_options": []
              }
            ],
            "freeform_tags": {},
            "id": "ocid1.securitylist.oc1.us-sanjose-1.aaaaaaaavxzpvy2rrjse6tfsnhp7ctmuc6xqqrimachq3zl7r5lvucdbkd2a",
            "ingress_security_rules": [
              {
                "description": "",
                "icmp_options": [],
                "protocol": "all",
                "source": "0.0.0.0/0",
                "source_type": "CIDR_BLOCK",
                "stateless": false,
                "tcp_options": [],
                "udp_options": []
              }
            ],
            "manage_default_resource_id": "ocid1.securitylist.oc1.us-sanjose-1.aaaaaaaavxzpvy2rrjse6tfsnhp7ctmuc6xqqrimachq3zl7r5lvucdbkd2a",
            "state": "AVAILABLE",
            "time_created": "2024-10-28 22:29:47.698 +0000 UTC",
            "timeouts": null
          },
          "sensitive_attributes": [],
          "private": "eyJlMmJmYjczMC1lY2FhLTExZTYtOGY4OC0zNDM2M2JjN2M0YzAiOnsiY3JlYXRlIjoxMjAwMDAwMDAwMDAwLCJkZWxldGUiOjEyMDAwMDAwMDAwMDAsInVwZGF0ZSI6MTIwMDAwMDAwMDAwMH19",
          "dependencies": [
            "oci_core_vcn.oci-vcn"
          ]
        }
      ]
    },
    {
      "mode": "managed",
      "type": "oci_core_default_security_list",
      "name": "onprem-vcn-subnet-security-list",
      "provider": "provider[\"registry.terraform.io/oracle/oci\"].on_prem_simulation",
      "instances": [
        {
          "schema_version": 0,
          "attributes": {
            "compartment_id": "ocid1.compartment.oc1..aaaaaaaaopkw7kujv4rcenfsu5plsmry2pxdynxtotc6txeg4rp6rjbtklua",
            "defined_tags": {
              "Oracle-Tags.CreatedBy": "oracleidentitycloudservice/mayur.raleraskar@oracle.com",
              "Oracle-Tags.CreatedOn": "2024-10-28T22:29:47.693Z"
            },
            "display_name": "Default Security List for onprem-vcn",
            "egress_security_rules": [
              {
                "description": "",
                "destination": "0.0.0.0/0",
                "destination_type": "CIDR_BLOCK",
                "icmp_options": [],
                "protocol": "all",
                "stateless": false,
                "tcp_options": [],
                "udp_options": []
              }
            ],
            "freeform_tags": {},
            "id": "ocid1.securitylist.oc1.phx.aaaaaaaaid7htvxllru7b2r4t2ojho6z5pn4xl5j5smpcmj2554ixchnxaua",
            "ingress_security_rules": [
              {
                "description": "",
                "icmp_options": [],
                "protocol": "all",
                "source": "0.0.0.0/0",
                "source_type": "CIDR_BLOCK",
                "stateless": false,
                "tcp_options": [],
                "udp_options": []
              }
            ],
            "manage_default_resource_id": "ocid1.securitylist.oc1.phx.aaaaaaaaid7htvxllru7b2r4t2ojho6z5pn4xl5j5smpcmj2554ixchnxaua",
            "state": "AVAILABLE",
            "time_created": "2024-10-28 22:29:47.81 +0000 UTC",
            "timeouts": null
          },
          "sensitive_attributes": [],
          "private": "eyJlMmJmYjczMC1lY2FhLTExZTYtOGY4OC0zNDM2M2JjN2M0YzAiOnsiY3JlYXRlIjoxMjAwMDAwMDAwMDAwLCJkZWxldGUiOjEyMDAwMDAwMDAwMDAsInVwZGF0ZSI6MTIwMDAwMDAwMDAwMH19",
          "dependencies": [
            "oci_core_vcn.onprem-vcn"
          ]
        }
      ]
    },
    {
      "mode": "managed",
      "type": "oci_core_drg",
      "name": "oci-vcn-drg",
      "provider": "provider[\"registry.terraform.io/oracle/oci\"]",
      "instances": [
        {
          "schema_version": 0,
          "attributes": {
            "compartment_id": "ocid1.compartment.oc1..aaaaaaaaopkw7kujv4rcenfsu5plsmry2pxdynxtotc6txeg4rp6rjbtklua",
            "default_drg_route_tables": [
              {
                "ipsec_tunnel": "ocid1.drgroutetable.oc1.us-sanjose-1.aaaaaaaaulqh5ryzvs2kovtlr23bpi2b74b2bk465oepqjnecwrhoi2t446a",
                "remote_peering_connection": "ocid1.drgroutetable.oc1.us-sanjose-1.aaaaaaaaulqh5ryzvs2kovtlr23bpi2b74b2bk465oepqjnecwrhoi2t446a",
                "vcn": "ocid1.drgroutetable.oc1.us-sanjose-1.aaaaaaaa5ts45oknxadytu6shq3ot3azpvywwblwjwkx26vubpbd2lzue54q",
                "virtual_circuit": "ocid1.drgroutetable.oc1.us-sanjose-1.aaaaaaaaulqh5ryzvs2kovtlr23bpi2b74b2bk465oepqjnecwrhoi2t446a"
              }
            ],
            "default_export_drg_route_distribution_id": "ocid1.drgroutedistribution.oc1.us-sanjose-1.aaaaaaaanndijqf4oopykakmgqs5jgvhjuuf4zwdk6u56hkynsrszlpevukq",
            "defined_tags": {
              "Oracle-Tags.CreatedBy": "oracleidentitycloudservice/mayur.raleraskar@oracle.com",
              "Oracle-Tags.CreatedOn": "2024-10-28T22:29:47.664Z"
            },
            "display_name": "oci-vcn-drg",
            "freeform_tags": {},
            "id": "ocid1.drg.oc1.us-sanjose-1.aaaaaaaa6cmp2lsfvi74ixjcmjk46uzqsdgmkxmp3n6pgwxg7kzsvlknh74q",
            "redundancy_status": "NOT_AVAILABLE",
            "state": "AVAILABLE",
            "time_created": "2024-10-28 22:29:47.682 +0000 UTC",
            "timeouts": null
          },
          "sensitive_attributes": [],
          "private": "eyJlMmJmYjczMC1lY2FhLTExZTYtOGY4OC0zNDM2M2JjN2M0YzAiOnsiY3JlYXRlIjoxMjAwMDAwMDAwMDAwLCJkZWxldGUiOjEyMDAwMDAwMDAwMDAsInVwZGF0ZSI6MTIwMDAwMDAwMDAwMH19"
        }
      ]
    },
    {
      "mode": "managed",
      "type": "oci_core_drg_attachment",
      "name": "oci-vcn-drg-attachment",
      "provider": "provider[\"registry.terraform.io/oracle/oci\"]",
      "instances": [
        {
          "schema_version": 0,
          "attributes": {
            "compartment_id": "ocid1.compartment.oc1..aaaaaaaaopkw7kujv4rcenfsu5plsmry2pxdynxtotc6txeg4rp6rjbtklua",
            "defined_tags": {},
            "display_name": "oci-vcn-drg-attachment",
            "drg_id": "ocid1.drg.oc1.us-sanjose-1.aaaaaaaa6cmp2lsfvi74ixjcmjk46uzqsdgmkxmp3n6pgwxg7kzsvlknh74q",
            "drg_route_table_id": "ocid1.drgroutetable.oc1.us-sanjose-1.aaaaaaaam6pdmo4axcryi7ai6kq4v3p6uudn2xqpnsnzgqhvzsolwg7mclca",
            "export_drg_route_distribution_id": null,
            "freeform_tags": {},
            "id": "ocid1.drgattachment.oc1.us-sanjose-1.aaaaaaaay3xpzzgpqupyuo7pthah4zn4ujwm6zmj4ctv6jrzcjhvqr7s275q",
            "is_cross_tenancy": false,
            "network_details": [
              {
                "id": "ocid1.vcn.oc1.us-sanjose-1.amaaaaaak6odqwqadgydpayfi3tva7cl6qy2jmnabl7bkpg7scyyub6aapka",
                "ids": [],
                "ipsec_connection_id": "",
                "route_table_id": "",
                "transport_attachment_id": "",
                "transport_only_mode": false,
                "type": "VCN",
                "vcn_route_type": "SUBNET_CIDRS"
              }
            ],
            "remove_export_drg_route_distribution_trigger": null,
            "route_table_id": null,
            "state": "ATTACHED",
            "time_created": "2024-10-28 22:30:06.363 +0000 UTC",
            "timeouts": null,
            "vcn_id": "ocid1.vcn.oc1.us-sanjose-1.amaaaaaak6odqwqadgydpayfi3tva7cl6qy2jmnabl7bkpg7scyyub6aapka"
          },
          "sensitive_attributes": [],
          "private": "eyJlMmJmYjczMC1lY2FhLTExZTYtOGY4OC0zNDM2M2JjN2M0YzAiOnsiY3JlYXRlIjoxMjAwMDAwMDAwMDAwLCJkZWxldGUiOjEyMDAwMDAwMDAwMDAsInVwZGF0ZSI6MTIwMDAwMDAwMDAwMH19",
          "dependencies": [
            "oci_core_drg.oci-vcn-drg",
            "oci_core_drg_route_distribution.oci-vcn-drg-route-distribution",
            "oci_core_drg_route_table.drg-route-table",
            "oci_core_vcn.oci-vcn"
          ]
        }
      ]
    },
    {
      "mode": "managed",
      "type": "oci_core_drg_attachment_management",
      "name": "oci-vcn-drg-ipsec-attachment-tunnel-a",
      "provider": "provider[\"registry.terraform.io/oracle/oci\"]",
      "instances": [
        {
          "schema_version": 0,
          "attributes": {
            "attachment_type": "IPSEC_TUNNEL",
            "compartment_id": "ocid1.compartment.oc1..aaaaaaaaopkw7kujv4rcenfsu5plsmry2pxdynxtotc6txeg4rp6rjbtklua",
            "defined_tags": {
              "Oracle-Tags.CreatedBy": "oracleidentitycloudservice/mayur.raleraskar@oracle.com",
              "Oracle-Tags.CreatedOn": "2024-10-28T22:30:28.399Z"
            },
            "display_name": "oci-vcn-drg-ipsec-attachment-tunnel-a",
            "drg_id": "ocid1.drg.oc1.us-sanjose-1.aaaaaaaa6cmp2lsfvi74ixjcmjk46uzqsdgmkxmp3n6pgwxg7kzsvlknh74q",
            "drg_route_table_id": "ocid1.drgroutetable.oc1.us-sanjose-1.aaaaaaaam6pdmo4axcryi7ai6kq4v3p6uudn2xqpnsnzgqhvzsolwg7mclca",
            "export_drg_route_distribution_id": "ocid1.drgroutedistribution.oc1.us-sanjose-1.aaaaaaaanndijqf4oopykakmgqs5jgvhjuuf4zwdk6u56hkynsrszlpevukq",
            "freeform_tags": {},
            "id": "ocid1.drgattachment.oc1.us-sanjose-1.aaaaaaaaweu7fwwkeypr63sae3lqi5ck3y4y325cu5qdiisbdjsohy22u5ka",
            "is_cross_tenancy": false,
            "network_details": [],
            "network_id": "ocid1.ipsectunnel.oc1.us-sanjose-1.aaaaaaaanhehhgu5iffsgxtt5ipxpdozcfbxlnpo4qpbxpdekoekdr6wifpq",
            "remove_export_drg_route_distribution_trigger": null,
            "route_table_id": null,
            "state": "ATTACHED",
            "time_created": "2024-10-28 22:30:33.214 +0000 UTC",
            "timeouts": null,
            "vcn_id": null
          },
          "sensitive_attributes": [],
          "private": "eyJlMmJmYjczMC1lY2FhLTExZTYtOGY4OC0zNDM2M2JjN2M0YzAiOnsiY3JlYXRlIjoxMjAwMDAwMDAwMDAwLCJkZWxldGUiOjEyMDAwMDAwMDAwMDAsInVwZGF0ZSI6MTIwMDAwMDAwMDAwMH19",
          "dependencies": [
            "data.oci_core_cpe_device_shape.oci-ipsec-cpe-device-shape",
            "data.oci_core_cpe_device_shapes.oci-ipsec-cpe-device-shapes",
            "data.oci_core_images.oracle_linux_images_onprem",
            "data.oci_core_ipsec_connection_tunnels.oci-ipsec-connection-tunnels",
            "data.oci_identity_availability_domain.ad_onprem",
            "oci_core_cpe.oci-ipsec-cpe",
            "oci_core_drg.oci-vcn-drg",
            "oci_core_drg_route_distribution.oci-vcn-drg-route-distribution",
            "oci_core_drg_route_table.drg-route-table",
            "oci_core_instance.onprem-vcn-libreswan-instance",
            "oci_core_ipsec.oci-ipsec-connection",
            "oci_core_subnet.onprem-vcn-subnet",
            "oci_core_vcn.onprem-vcn"
          ]
        }
      ]
    },
    {
      "mode": "managed",
      "type": "oci_core_drg_attachment_management",
      "name": "oci-vcn-drg-ipsec-attachment-tunnel-b",
      "provider": "provider[\"registry.terraform.io/oracle/oci\"]",
      "instances": [
        {
          "schema_version": 0,
          "attributes": {
            "attachment_type": "IPSEC_TUNNEL",
            "compartment_id": "ocid1.compartment.oc1..aaaaaaaaopkw7kujv4rcenfsu5plsmry2pxdynxtotc6txeg4rp6rjbtklua",
            "defined_tags": {
              "Oracle-Tags.CreatedBy": "oracleidentitycloudservice/mayur.raleraskar@oracle.com",
              "Oracle-Tags.CreatedOn": "2024-10-28T22:30:28.399Z"
            },
            "display_name": "oci-vcn-drg-ipsec-attachment-tunnel-b",
            "drg_id": "ocid1.drg.oc1.us-sanjose-1.aaaaaaaa6cmp2lsfvi74ixjcmjk46uzqsdgmkxmp3n6pgwxg7kzsvlknh74q",
            "drg_route_table_id": "ocid1.drgroutetable.oc1.us-sanjose-1.aaaaaaaam6pdmo4axcryi7ai6kq4v3p6uudn2xqpnsnzgqhvzsolwg7mclca",
            "export_drg_route_distribution_id": "ocid1.drgroutedistribution.oc1.us-sanjose-1.aaaaaaaanndijqf4oopykakmgqs5jgvhjuuf4zwdk6u56hkynsrszlpevukq",
            "freeform_tags": {},
            "id": "ocid1.drgattachment.oc1.us-sanjose-1.aaaaaaaadavdv3enwatljaog6fi4bl5jf5oujmvn2c65hed5uhxii5kvmheq",
            "is_cross_tenancy": false,
            "network_details": [],
            "network_id": "ocid1.ipsectunnel.oc1.us-sanjose-1.aaaaaaaax7jurisuwyrrf2hsnpcjtks7dx4abnbvy6bvhe5vkxwy3z77tffq",
            "remove_export_drg_route_distribution_trigger": null,
            "route_table_id": null,
            "state": "ATTACHED",
            "time_created": "2024-10-28 22:30:33.464 +0000 UTC",
            "timeouts": null,
            "vcn_id": null
          },
          "sensitive_attributes": [],
          "private": "eyJlMmJmYjczMC1lY2FhLTExZTYtOGY4OC0zNDM2M2JjN2M0YzAiOnsiY3JlYXRlIjoxMjAwMDAwMDAwMDAwLCJkZWxldGUiOjEyMDAwMDAwMDAwMDAsInVwZGF0ZSI6MTIwMDAwMDAwMDAwMH19",
          "dependencies": [
            "data.oci_core_cpe_device_shape.oci-ipsec-cpe-device-shape",
            "data.oci_core_cpe_device_shapes.oci-ipsec-cpe-device-shapes",
            "data.oci_core_images.oracle_linux_images_onprem",
            "data.oci_core_ipsec_connection_tunnels.oci-ipsec-connection-tunnels",
            "data.oci_identity_availability_domain.ad_onprem",
            "oci_core_cpe.oci-ipsec-cpe",
            "oci_core_drg.oci-vcn-drg",
            "oci_core_drg_route_distribution.oci-vcn-drg-route-distribution",
            "oci_core_drg_route_table.drg-route-table",
            "oci_core_instance.onprem-vcn-libreswan-instance",
            "oci_core_ipsec.oci-ipsec-connection",
            "oci_core_subnet.onprem-vcn-subnet",
            "oci_core_vcn.onprem-vcn"
          ]
        }
      ]
    },
    {
      "mode": "managed",
      "type": "oci_core_drg_route_distribution",
      "name": "oci-vcn-drg-route-distribution",
      "provider": "provider[\"registry.terraform.io/oracle/oci\"]",
      "instances": [
        {
          "schema_version": 0,
          "attributes": {
            "compartment_id": "ocid1.compartment.oc1..aaaaaaaaopkw7kujv4rcenfsu5plsmry2pxdynxtotc6txeg4rp6rjbtklua",
            "defined_tags": {
              "Oracle-Tags.CreatedBy": "oracleidentitycloudservice/mayur.raleraskar@oracle.com",
              "Oracle-Tags.CreatedOn": "2024-10-28T22:29:47.664Z"
            },
            "display_name": "oci-vcn-drg-route-distribution",
            "distribution_type": "IMPORT",
            "drg_id": "ocid1.drg.oc1.us-sanjose-1.aaaaaaaa6cmp2lsfvi74ixjcmjk46uzqsdgmkxmp3n6pgwxg7kzsvlknh74q",
            "freeform_tags": {},
            "id": "ocid1.drgroutedistribution.oc1.us-sanjose-1.aaaaaaaamt4afo55kqrsyhb3sd6pjqwonghdho75wholnzk736f6tgkis3ca",
            "state": "AVAILABLE",
            "time_created": "2024-10-28 22:30:01.772 +0000 UTC",
            "timeouts": null
          },
          "sensitive_attributes": [],
          "private": "eyJlMmJmYjczMC1lY2FhLTExZTYtOGY4OC0zNDM2M2JjN2M0YzAiOnsiY3JlYXRlIjoxMjAwMDAwMDAwMDAwLCJkZWxldGUiOjEyMDAwMDAwMDAwMDAsInVwZGF0ZSI6MTIwMDAwMDAwMDAwMH19",
          "dependencies": [
            "oci_core_drg.oci-vcn-drg"
          ]
        }
      ]
    },
    {
      "mode": "managed",
      "type": "oci_core_drg_route_distribution_statement",
      "name": "oci-vcn-drg-route-distributio-statements",
      "provider": "provider[\"registry.terraform.io/oracle/oci\"]",
      "instances": [
        {
          "schema_version": 0,
          "attributes": {
            "action": "ACCEPT",
            "drg_route_distribution_id": "ocid1.drgroutedistribution.oc1.us-sanjose-1.aaaaaaaamt4afo55kqrsyhb3sd6pjqwonghdho75wholnzk736f6tgkis3ca",
            "id": "drgRouteDistributions/ocid1.drgroutedistribution.oc1.us-sanjose-1.aaaaaaaamt4afo55kqrsyhb3sd6pjqwonghdho75wholnzk736f6tgkis3ca/statements/107",
            "match_criteria": [
              {
                "attachment_type": "",
                "drg_attachment_id": "",
                "match_type": "MATCH_ALL"
              }
            ],
            "priority": 1,
            "timeouts": null
          },
          "sensitive_attributes": [],
          "private": "eyJlMmJmYjczMC1lY2FhLTExZTYtOGY4OC0zNDM2M2JjN2M0YzAiOnsiY3JlYXRlIjoxMjAwMDAwMDAwMDAwLCJkZWxldGUiOjEyMDAwMDAwMDAwMDAsInVwZGF0ZSI6MTIwMDAwMDAwMDAwMH19",
          "dependencies": [
            "oci_core_drg.oci-vcn-drg",
            "oci_core_drg_route_distribution.oci-vcn-drg-route-distribution"
          ]
        }
      ]
    },
    {
      "mode": "managed",
      "type": "oci_core_drg_route_table",
      "name": "drg-route-table",
      "provider": "provider[\"registry.terraform.io/oracle/oci\"]",
      "instances": [
        {
          "schema_version": 0,
          "attributes": {
            "compartment_id": "ocid1.compartment.oc1..aaaaaaaaopkw7kujv4rcenfsu5plsmry2pxdynxtotc6txeg4rp6rjbtklua",
            "defined_tags": {
              "Oracle-Tags.CreatedBy": "oracleidentitycloudservice/mayur.raleraskar@oracle.com",
              "Oracle-Tags.CreatedOn": "2024-10-28T22:29:47.664Z"
            },
            "display_name": "drg-route-table",
            "drg_id": "ocid1.drg.oc1.us-sanjose-1.aaaaaaaa6cmp2lsfvi74ixjcmjk46uzqsdgmkxmp3n6pgwxg7kzsvlknh74q",
            "freeform_tags": {},
            "id": "ocid1.drgroutetable.oc1.us-sanjose-1.aaaaaaaam6pdmo4axcryi7ai6kq4v3p6uudn2xqpnsnzgqhvzsolwg7mclca",
            "import_drg_route_distribution_id": "ocid1.drgroutedistribution.oc1.us-sanjose-1.aaaaaaaamt4afo55kqrsyhb3sd6pjqwonghdho75wholnzk736f6tgkis3ca",
            "is_ecmp_enabled": true,
            "remove_import_trigger": null,
            "state": "AVAILABLE",
            "time_created": "2024-10-28 22:30:02.173 +0000 UTC",
            "timeouts": null
          },
          "sensitive_attributes": [],
          "private": "eyJlMmJmYjczMC1lY2FhLTExZTYtOGY4OC0zNDM2M2JjN2M0YzAiOnsiY3JlYXRlIjoxMjAwMDAwMDAwMDAwLCJkZWxldGUiOjEyMDAwMDAwMDAwMDAsInVwZGF0ZSI6MTIwMDAwMDAwMDAwMH19",
          "dependencies": [
            "oci_core_drg.oci-vcn-drg",
            "oci_core_drg_route_distribution.oci-vcn-drg-route-distribution"
          ]
        }
      ]
    },
    {
      "mode": "managed",
      "type": "oci_core_instance",
      "name": "oci-vcn-instance",
      "provider": "provider[\"registry.terraform.io/oracle/oci\"]",
      "instances": [
        {
          "schema_version": 0,
          "attributes": {
            "agent_config": [
              {
                "are_all_plugins_disabled": false,
                "is_management_disabled": false,
                "is_monitoring_disabled": false,
                "plugins_config": []
              }
            ],
            "async": null,
            "availability_config": [
              {
                "is_live_migration_preferred": false,
                "recovery_action": "RESTORE_INSTANCE"
              }
            ],
            "availability_domain": "hdVp:US-SANJOSE-1-AD-1",
            "boot_volume_id": "ocid1.bootvolume.oc1.us-sanjose-1.abzwuljr623etgyqxfjcygc73yhaogd2zkziwvkug3i67nrkxmclohjgsf2a",
            "capacity_reservation_id": null,
            "cluster_placement_group_id": null,
            "compartment_id": "ocid1.compartment.oc1..aaaaaaaaopkw7kujv4rcenfsu5plsmry2pxdynxtotc6txeg4rp6rjbtklua",
            "compute_cluster_id": null,
            "create_vnic_details": [
              {
                "assign_ipv6ip": false,
                "assign_private_dns_record": true,
                "assign_public_ip": "true",
                "defined_tags": {
                  "Oracle-Tags.CreatedBy": "oracleidentitycloudservice/mayur.raleraskar@oracle.com",
                  "Oracle-Tags.CreatedOn": "2024-10-28T22:29:51.025Z"
                },
                "display_name": "primary_vnic",
                "freeform_tags": {},
                "hostname_label": "vnic0",
                "ipv6address_ipv6subnet_cidr_pair_details": [],
                "nsg_ids": [],
                "private_ip": "12.0.0.34",
                "security_attributes": {},
                "skip_source_dest_check": false,
                "subnet_id": "ocid1.subnet.oc1.us-sanjose-1.aaaaaaaanqsreii3dlovqacdkjobivd6qwtvaqjfrypixbljas4mb3wuc4pq",
                "vlan_id": ""
              }
            ],
            "dedicated_vm_host_id": null,
            "defined_tags": {
              "Oracle-Tags.CreatedBy": "oracleidentitycloudservice/mayur.raleraskar@oracle.com",
              "Oracle-Tags.CreatedOn": "2024-10-28T22:29:50.833Z"
            },
            "display_name": "oci-vcn-instance",
            "extended_metadata": {},
            "fault_domain": "FAULT-DOMAIN-3",
            "freeform_tags": {},
            "hostname_label": "vnic0",
            "id": "ocid1.instance.oc1.us-sanjose-1.anzwuljrk6odqwqc5sia4fvjhy6suawxebsjhl4lwfjcqn4y6nsemaktrzka",
            "image": "ocid1.image.oc1.us-sanjose-1.aaaaaaaat4r7jhfi25th47jwqoto7ysfulp4ixusmb2okbvkktc6gammsuga",
            "instance_configuration_id": null,
            "instance_options": [
              {
                "are_legacy_imds_endpoints_disabled": false
              }
            ],
            "ipxe_script": null,
            "is_cross_numa_node": false,
            "is_pv_encryption_in_transit_enabled": null,
            "launch_mode": "PARAVIRTUALIZED",
            "launch_options": [
              {
                "boot_volume_type": "PARAVIRTUALIZED",
                "firmware": "UEFI_64",
                "is_consistent_volume_naming_enabled": true,
                "is_pv_encryption_in_transit_enabled": false,
                "network_type": "PARAVIRTUALIZED",
                "remote_data_volume_type": "PARAVIRTUALIZED"
              }
            ],
            "launch_volume_attachments": null,
            "metadata": {
              "ssh_authorized_keys": "ssh-rsa AAAAB3NzaC1yc2EAAAADAQABAAABAQC3Ia43KwOAzwtR7F0xVChRoqhCHILBZ/W5Zv90wrmGsk8pPOhMo3hxGxMU59YbpHu9u+ETiJ2xrVn7AcfduJOX9Y2QxsU6u3lTmFKPhN0E3mTZD5+nSFm4xzqQ6ablS3n3XTwuhSk9iCO84ZoEnpZGIRWcV/D/r4YAiQBcyD68Rjm4JmFbRhgLn2/ckX6qfx6EMI42/PWQrDatqTEHj3lBg8oMR7gOpe28IYwhgTTSwMip8NTmoWJHT0KPQRRguZUcIkkq6WaVpZUNBrT4NujlQ9HqznMJE0Lh4SYc8BK54Me+e5v/TEmfcBEwE1JEBaNmZogRJQzGj9o0pIZshzzv ssh-key-2024-06-19"
            },
            "platform_config": [],
            "preemptible_instance_config": [],
            "preserve_boot_volume": null,
            "preserve_data_volumes_created_at_launch": null,
            "private_ip": "12.0.0.34",
            "public_ip": "165.1.77.181",
            "region": "us-sanjose-1",
            "security_attributes": {},
            "security_attributes_state": "STABLE",
            "shape": "VM.Standard.A1.Flex",
            "shape_config": [
              {
                "baseline_ocpu_utilization": "",
                "gpu_description": "",
                "gpus": 0,
                "local_disk_description": "",
                "local_disks": 0,
                "local_disks_total_size_in_gbs": 0,
                "max_vnic_attachments": 3,
                "memory_in_gbs": 12,
                "networking_bandwidth_in_gbps": 3,
                "nvmes": 0,
                "ocpus": 3,
                "processor_description": "3.0 GHz Ampere® Altra™",
                "vcpus": 3
              }
            ],
            "source_details": [
              {
                "boot_volume_size_in_gbs": "47",
                "boot_volume_vpus_per_gb": "10",
                "instance_source_image_filter_details": [],
                "is_preserve_boot_volume_enabled": false,
                "kms_key_id": "",
                "source_id": "ocid1.image.oc1.us-sanjose-1.aaaaaaaat4r7jhfi25th47jwqoto7ysfulp4ixusmb2okbvkktc6gammsuga",
                "source_type": "image"
              }
            ],
            "state": "RUNNING",
            "subnet_id": "ocid1.subnet.oc1.us-sanjose-1.aaaaaaaanqsreii3dlovqacdkjobivd6qwtvaqjfrypixbljas4mb3wuc4pq",
            "system_tags": {},
            "time_created": "2024-10-28 22:29:51.504 +0000 UTC",
            "time_maintenance_reboot_due": "",
            "timeouts": null,
            "update_operation_constraint": null
          },
          "sensitive_attributes": [],
          "private": "eyJlMmJmYjczMC1lY2FhLTExZTYtOGY4OC0zNDM2M2JjN2M0YzAiOnsiY3JlYXRlIjoyNzAwMDAwMDAwMDAwLCJkZWxldGUiOjQ1MDAwMDAwMDAwMDAsInVwZGF0ZSI6MjcwMDAwMDAwMDAwMH19",
          "dependencies": [
            "data.oci_core_images.oracle_linux_images_oci",
            "data.oci_identity_availability_domain.ad_oci",
            "oci_core_subnet.oci-vcn-subnet",
            "oci_core_vcn.oci-vcn"
          ]
        }
      ]
    },
    {
      "mode": "managed",
      "type": "oci_core_instance",
      "name": "onprem-vcn-instance",
      "provider": "provider[\"registry.terraform.io/oracle/oci\"].on_prem_simulation",
      "instances": [
        {
          "schema_version": 0,
          "attributes": {
            "agent_config": [
              {
                "are_all_plugins_disabled": false,
                "is_management_disabled": false,
                "is_monitoring_disabled": false,
                "plugins_config": []
              }
            ],
            "async": null,
            "availability_config": [
              {
                "is_live_migration_preferred": false,
                "recovery_action": "RESTORE_INSTANCE"
              }
            ],
            "availability_domain": "hdVp:PHX-AD-1",
            "boot_volume_id": "ocid1.bootvolume.oc1.phx.abyhqljtt5rsijynalttcbb6anaanvlu67xl6ft5hfi2ctngsznb7mufsyiq",
            "capacity_reservation_id": null,
            "cluster_placement_group_id": null,
            "compartment_id": "ocid1.compartment.oc1..aaaaaaaaopkw7kujv4rcenfsu5plsmry2pxdynxtotc6txeg4rp6rjbtklua",
            "compute_cluster_id": null,
            "create_vnic_details": [
              {
                "assign_ipv6ip": false,
                "assign_private_dns_record": true,
                "assign_public_ip": "true",
                "defined_tags": {
                  "Oracle-Tags.CreatedBy": "oracleidentitycloudservice/mayur.raleraskar@oracle.com",
                  "Oracle-Tags.CreatedOn": "2024-10-28T22:29:53.192Z"
                },
                "display_name": "Primaryvnic",
                "freeform_tags": {},
                "hostname_label": "onprem-vcn-subnet-vnic",
                "ipv6address_ipv6subnet_cidr_pair_details": [],
                "nsg_ids": [],
                "private_ip": "10.0.0.55",
                "security_attributes": {},
                "skip_source_dest_check": true,
                "subnet_id": "ocid1.subnet.oc1.phx.aaaaaaaatakiauxvvsaqkxq2axjofi5yhptchyvasdv6plltgb7u3rhmg6wq",
                "vlan_id": ""
              }
            ],
            "dedicated_vm_host_id": null,
            "defined_tags": {
              "Oracle-Tags.CreatedBy": "oracleidentitycloudservice/mayur.raleraskar@oracle.com",
              "Oracle-Tags.CreatedOn": "2024-10-28T22:29:53.006Z"
            },
            "display_name": "onprem-vcn-instance",
            "extended_metadata": {},
            "fault_domain": "FAULT-DOMAIN-1",
            "freeform_tags": {},
            "hostname_label": "onprem-vcn-subnet-vnic",
            "id": "ocid1.instance.oc1.phx.anyhqljtk6odqwqcp2ozgzrlg47yu24jbbn6plpxqnho5r3f4ruzeyt4mama",
            "image": "ocid1.image.oc1.phx.aaaaaaaaoxcvvajxk2redbtizhxcame3bdb7zmbkkykbrhnymsgl4wmuoyla",
            "instance_configuration_id": null,
            "instance_options": [
              {
                "are_legacy_imds_endpoints_disabled": false
              }
            ],
            "ipxe_script": null,
            "is_cross_numa_node": false,
            "is_pv_encryption_in_transit_enabled": null,
            "launch_mode": "PARAVIRTUALIZED",
            "launch_options": [
              {
                "boot_volume_type": "PARAVIRTUALIZED",
                "firmware": "UEFI_64",
                "is_consistent_volume_naming_enabled": true,
                "is_pv_encryption_in_transit_enabled": false,
                "network_type": "PARAVIRTUALIZED",
                "remote_data_volume_type": "PARAVIRTUALIZED"
              }
            ],
            "launch_volume_attachments": null,
            "metadata": {
              "ssh_authorized_keys": "ssh-rsa AAAAB3NzaC1yc2EAAAADAQABAAABAQC3Ia43KwOAzwtR7F0xVChRoqhCHILBZ/W5Zv90wrmGsk8pPOhMo3hxGxMU59YbpHu9u+ETiJ2xrVn7AcfduJOX9Y2QxsU6u3lTmFKPhN0E3mTZD5+nSFm4xzqQ6ablS3n3XTwuhSk9iCO84ZoEnpZGIRWcV/D/r4YAiQBcyD68Rjm4JmFbRhgLn2/ckX6qfx6EMI42/PWQrDatqTEHj3lBg8oMR7gOpe28IYwhgTTSwMip8NTmoWJHT0KPQRRguZUcIkkq6WaVpZUNBrT4NujlQ9HqznMJE0Lh4SYc8BK54Me+e5v/TEmfcBEwE1JEBaNmZogRJQzGj9o0pIZshzzv ssh-key-2024-06-19"
            },
            "platform_config": [],
            "preemptible_instance_config": [],
            "preserve_boot_volume": null,
            "preserve_data_volumes_created_at_launch": null,
            "private_ip": "10.0.0.55",
            "public_ip": "129.146.142.144",
            "region": "phx",
            "security_attributes": {},
            "security_attributes_state": "STABLE",
            "shape": "VM.Standard.A1.Flex",
            "shape_config": [
              {
                "baseline_ocpu_utilization": "",
                "gpu_description": "",
                "gpus": 0,
                "local_disk_description": "",
                "local_disks": 0,
                "local_disks_total_size_in_gbs": 0,
                "max_vnic_attachments": 3,
                "memory_in_gbs": 12,
                "networking_bandwidth_in_gbps": 3,
                "nvmes": 0,
                "ocpus": 3,
                "processor_description": "3.0 GHz Ampere® Altra™",
                "vcpus": 3
              }
            ],
            "source_details": [
              {
                "boot_volume_size_in_gbs": "47",
                "boot_volume_vpus_per_gb": "10",
                "instance_source_image_filter_details": [],
                "is_preserve_boot_volume_enabled": false,
                "kms_key_id": "",
                "source_id": "ocid1.image.oc1.phx.aaaaaaaaoxcvvajxk2redbtizhxcame3bdb7zmbkkykbrhnymsgl4wmuoyla",
                "source_type": "image"
              }
            ],
            "state": "RUNNING",
            "subnet_id": "ocid1.subnet.oc1.phx.aaaaaaaatakiauxvvsaqkxq2axjofi5yhptchyvasdv6plltgb7u3rhmg6wq",
            "system_tags": {},
            "time_created": "2024-10-28 22:29:54.05 +0000 UTC",
            "time_maintenance_reboot_due": "",
            "timeouts": null,
            "update_operation_constraint": null
          },
          "sensitive_attributes": [],
          "private": "eyJlMmJmYjczMC1lY2FhLTExZTYtOGY4OC0zNDM2M2JjN2M0YzAiOnsiY3JlYXRlIjoyNzAwMDAwMDAwMDAwLCJkZWxldGUiOjQ1MDAwMDAwMDAwMDAsInVwZGF0ZSI6MjcwMDAwMDAwMDAwMH19",
          "dependencies": [
            "data.oci_core_images.oracle_linux_images_onprem",
            "data.oci_identity_availability_domain.ad_onprem",
            "oci_core_subnet.onprem-vcn-subnet",
            "oci_core_vcn.onprem-vcn"
          ]
        }
      ]
    },
    {
      "mode": "managed",
      "type": "oci_core_instance",
      "name": "onprem-vcn-libreswan-instance",
      "provider": "provider[\"registry.terraform.io/oracle/oci\"].on_prem_simulation",
      "instances": [
        {
          "schema_version": 0,
          "attributes": {
            "agent_config": [
              {
                "are_all_plugins_disabled": false,
                "is_management_disabled": false,
                "is_monitoring_disabled": false,
                "plugins_config": []
              }
            ],
            "async": null,
            "availability_config": [
              {
                "is_live_migration_preferred": false,
                "recovery_action": "RESTORE_INSTANCE"
              }
            ],
            "availability_domain": "hdVp:PHX-AD-1",
            "boot_volume_id": "ocid1.bootvolume.oc1.phx.abyhqljtqlbix43oxicipwytuuwrze4xjikvd4jie2kgnmzb6fvbzpi7fqpa",
            "capacity_reservation_id": null,
            "cluster_placement_group_id": null,
            "compartment_id": "ocid1.compartment.oc1..aaaaaaaaopkw7kujv4rcenfsu5plsmry2pxdynxtotc6txeg4rp6rjbtklua",
            "compute_cluster_id": null,
            "create_vnic_details": [
              {
                "assign_ipv6ip": false,
                "assign_private_dns_record": true,
                "assign_public_ip": "true",
                "defined_tags": {
                  "Oracle-Tags.CreatedBy": "oracleidentitycloudservice/mayur.raleraskar@oracle.com",
                  "Oracle-Tags.CreatedOn": "2024-10-28T22:29:53.236Z"
                },
                "display_name": "primary_vnic",
                "freeform_tags": {},
                "hostname_label": "cpe",
                "ipv6address_ipv6subnet_cidr_pair_details": [],
                "nsg_ids": [],
                "private_ip": "10.0.0.69",
                "security_attributes": {},
                "skip_source_dest_check": true,
                "subnet_id": "ocid1.subnet.oc1.phx.aaaaaaaatakiauxvvsaqkxq2axjofi5yhptchyvasdv6plltgb7u3rhmg6wq",
                "vlan_id": ""
              }
            ],
            "dedicated_vm_host_id": null,
            "defined_tags": {
              "Oracle-Tags.CreatedBy": "oracleidentitycloudservice/mayur.raleraskar@oracle.com",
              "Oracle-Tags.CreatedOn": "2024-10-28T22:29:53.051Z"
            },
            "display_name": "onprem_cpe",
            "extended_metadata": {},
            "fault_domain": "FAULT-DOMAIN-1",
            "freeform_tags": {},
            "hostname_label": "cpe",
            "id": "ocid1.instance.oc1.phx.anyhqljtk6odqwqc4zgrm4wajwgrgniypcnuum55g3gque5uktr6tmwbvjsq",
            "image": "ocid1.image.oc1.phx.aaaaaaaaoxcvvajxk2redbtizhxcame3bdb7zmbkkykbrhnymsgl4wmuoyla",
            "instance_configuration_id": null,
            "instance_options": [
              {
                "are_legacy_imds_endpoints_disabled": false
              }
            ],
            "ipxe_script": null,
            "is_cross_numa_node": false,
            "is_pv_encryption_in_transit_enabled": null,
            "launch_mode": "PARAVIRTUALIZED",
            "launch_options": [
              {
                "boot_volume_type": "PARAVIRTUALIZED",
                "firmware": "UEFI_64",
                "is_consistent_volume_naming_enabled": true,
                "is_pv_encryption_in_transit_enabled": false,
                "network_type": "PARAVIRTUALIZED",
                "remote_data_volume_type": "PARAVIRTUALIZED"
              }
            ],
            "launch_volume_attachments": null,
            "metadata": {
              "ssh_authorized_keys": "ssh-rsa AAAAB3NzaC1yc2EAAAADAQABAAABAQC3Ia43KwOAzwtR7F0xVChRoqhCHILBZ/W5Zv90wrmGsk8pPOhMo3hxGxMU59YbpHu9u+ETiJ2xrVn7AcfduJOX9Y2QxsU6u3lTmFKPhN0E3mTZD5+nSFm4xzqQ6ablS3n3XTwuhSk9iCO84ZoEnpZGIRWcV/D/r4YAiQBcyD68Rjm4JmFbRhgLn2/ckX6qfx6EMI42/PWQrDatqTEHj3lBg8oMR7gOpe28IYwhgTTSwMip8NTmoWJHT0KPQRRguZUcIkkq6WaVpZUNBrT4NujlQ9HqznMJE0Lh4SYc8BK54Me+e5v/TEmfcBEwE1JEBaNmZogRJQzGj9o0pIZshzzv ssh-key-2024-06-19"
            },
            "platform_config": [],
            "preemptible_instance_config": [],
            "preserve_boot_volume": null,
            "preserve_data_volumes_created_at_launch": null,
            "private_ip": "10.0.0.69",
            "public_ip": "129.146.234.117",
            "region": "phx",
            "security_attributes": {},
            "security_attributes_state": "STABLE",
            "shape": "VM.Standard.A1.Flex",
            "shape_config": [
              {
                "baseline_ocpu_utilization": "",
                "gpu_description": "",
                "gpus": 0,
                "local_disk_description": "",
                "local_disks": 0,
                "local_disks_total_size_in_gbs": 0,
                "max_vnic_attachments": 3,
                "memory_in_gbs": 12,
                "networking_bandwidth_in_gbps": 3,
                "nvmes": 0,
                "ocpus": 3,
                "processor_description": "3.0 GHz Ampere® Altra™",
                "vcpus": 3
              }
            ],
            "source_details": [
              {
                "boot_volume_size_in_gbs": "47",
                "boot_volume_vpus_per_gb": "10",
                "instance_source_image_filter_details": [],
                "is_preserve_boot_volume_enabled": false,
                "kms_key_id": "",
                "source_id": "ocid1.image.oc1.phx.aaaaaaaaoxcvvajxk2redbtizhxcame3bdb7zmbkkykbrhnymsgl4wmuoyla",
                "source_type": "image"
              }
            ],
            "state": "RUNNING",
            "subnet_id": "ocid1.subnet.oc1.phx.aaaaaaaatakiauxvvsaqkxq2axjofi5yhptchyvasdv6plltgb7u3rhmg6wq",
            "system_tags": {},
            "time_created": "2024-10-28 22:29:53.764 +0000 UTC",
            "time_maintenance_reboot_due": "",
            "timeouts": null,
            "update_operation_constraint": null
          },
          "sensitive_attributes": [],
          "private": "eyJlMmJmYjczMC1lY2FhLTExZTYtOGY4OC0zNDM2M2JjN2M0YzAiOnsiY3JlYXRlIjoyNzAwMDAwMDAwMDAwLCJkZWxldGUiOjQ1MDAwMDAwMDAwMDAsInVwZGF0ZSI6MjcwMDAwMDAwMDAwMH19",
          "dependencies": [
            "data.oci_core_images.oracle_linux_images_onprem",
            "data.oci_identity_availability_domain.ad_onprem",
            "oci_core_subnet.onprem-vcn-subnet",
            "oci_core_vcn.onprem-vcn"
          ]
        }
      ]
    },
    {
      "mode": "managed",
      "type": "oci_core_internet_gateway",
      "name": "oci-internet-gateway",
      "provider": "provider[\"registry.terraform.io/oracle/oci\"]",
      "instances": [
        {
          "schema_version": 0,
          "attributes": {
            "compartment_id": "ocid1.compartment.oc1..aaaaaaaaopkw7kujv4rcenfsu5plsmry2pxdynxtotc6txeg4rp6rjbtklua",
            "defined_tags": {
              "Oracle-Tags.CreatedBy": "oracleidentitycloudservice/mayur.raleraskar@oracle.com",
              "Oracle-Tags.CreatedOn": "2024-10-28T22:29:48.198Z"
            },
            "display_name": "oci-igw",
            "enabled": true,
            "freeform_tags": {},
            "id": "ocid1.internetgateway.oc1.us-sanjose-1.aaaaaaaadja7nwam3uo4hxwxwjhzeceu6cn6dz6ep4ewb6d6u2eymnbvq24q",
            "route_table_id": null,
            "state": "AVAILABLE",
            "time_created": "2024-10-28 22:29:48.243 +0000 UTC",
            "timeouts": null,
            "vcn_id": "ocid1.vcn.oc1.us-sanjose-1.amaaaaaak6odqwqadgydpayfi3tva7cl6qy2jmnabl7bkpg7scyyub6aapka"
          },
          "sensitive_attributes": [],
          "private": "eyJlMmJmYjczMC1lY2FhLTExZTYtOGY4OC0zNDM2M2JjN2M0YzAiOnsiY3JlYXRlIjoxMjAwMDAwMDAwMDAwLCJkZWxldGUiOjEyMDAwMDAwMDAwMDAsInVwZGF0ZSI6MTIwMDAwMDAwMDAwMH19",
          "dependencies": [
            "oci_core_vcn.oci-vcn"
          ]
        }
      ]
    },
    {
      "mode": "managed",
      "type": "oci_core_internet_gateway",
      "name": "onprem-internet-gateway",
      "provider": "provider[\"registry.terraform.io/oracle/oci\"].on_prem_simulation",
      "instances": [
        {
          "schema_version": 0,
          "attributes": {
            "compartment_id": "ocid1.compartment.oc1..aaaaaaaaopkw7kujv4rcenfsu5plsmry2pxdynxtotc6txeg4rp6rjbtklua",
            "defined_tags": {
              "Oracle-Tags.CreatedBy": "oracleidentitycloudservice/mayur.raleraskar@oracle.com",
              "Oracle-Tags.CreatedOn": "2024-10-28T22:29:48.544Z"
            },
            "display_name": "onprem-igw",
            "enabled": true,
            "freeform_tags": {},
            "id": "ocid1.internetgateway.oc1.phx.aaaaaaaaxm5efpnoysk5fr6mzh35ukojej6ile56hhigxnmezs3k34vq2g3a",
            "route_table_id": null,
            "state": "AVAILABLE",
            "time_created": "2024-10-28 22:29:48.581 +0000 UTC",
            "timeouts": null,
            "vcn_id": "ocid1.vcn.oc1.phx.amaaaaaak6odqwqauflpxxhsqljkmddrl3at7l6xknjrkqkxxbyn5gq5dl5q"
          },
          "sensitive_attributes": [],
          "private": "eyJlMmJmYjczMC1lY2FhLTExZTYtOGY4OC0zNDM2M2JjN2M0YzAiOnsiY3JlYXRlIjoxMjAwMDAwMDAwMDAwLCJkZWxldGUiOjEyMDAwMDAwMDAwMDAsInVwZGF0ZSI6MTIwMDAwMDAwMDAwMH19",
          "dependencies": [
            "oci_core_vcn.onprem-vcn"
          ]
        }
      ]
    },
    {
      "mode": "managed",
      "type": "oci_core_ipsec",
      "name": "oci-ipsec-connection",
      "provider": "provider[\"registry.terraform.io/oracle/oci\"]",
      "instances": [
        {
          "schema_version": 0,
          "attributes": {
            "compartment_id": "ocid1.compartment.oc1..aaaaaaaaopkw7kujv4rcenfsu5plsmry2pxdynxtotc6txeg4rp6rjbtklua",
            "cpe_id": "ocid1.cpe.oc1.us-sanjose-1.aaaaaaaa3t6wwifjwq4stjbgqc7mbljch7pxxkbjalr27voaqxdh3qrjpy7q",
            "cpe_local_identifier": "129.146.234.117",
            "cpe_local_identifier_type": "IP_ADDRESS",
            "defined_tags": {
              "Oracle-Tags.CreatedBy": "oracleidentitycloudservice/mayur.raleraskar@oracle.com",
              "Oracle-Tags.CreatedOn": "2024-10-28T22:30:28.399Z"
            },
            "display_name": "oci-ipsec-connection",
            "drg_id": "ocid1.drg.oc1.us-sanjose-1.aaaaaaaa6cmp2lsfvi74ixjcmjk46uzqsdgmkxmp3n6pgwxg7kzsvlknh74q",
            "freeform_tags": {},
            "id": "ocid1.ipsecconnection.oc1.us-sanjose-1.aaaaaaaak4qs7yx3w2hyml3azunc5coq5cuyzdvo6vdwpojs4gkgpckznlbq",
            "state": "AVAILABLE",
            "static_routes": [
              "10.0.0.0/24"
            ],
            "time_created": "2024-10-28 22:30:28.479 +0000 UTC",
            "timeouts": null,
            "transport_type": "INTERNET",
            "tunnel_configuration": null
          },
          "sensitive_attributes": [],
          "private": "eyJlMmJmYjczMC1lY2FhLTExZTYtOGY4OC0zNDM2M2JjN2M0YzAiOnsiY3JlYXRlIjoxMjAwMDAwMDAwMDAwLCJkZWxldGUiOjEyMDAwMDAwMDAwMDAsInVwZGF0ZSI6MTIwMDAwMDAwMDAwMH19",
          "dependencies": [
            "data.oci_core_cpe_device_shape.oci-ipsec-cpe-device-shape",
            "data.oci_core_cpe_device_shapes.oci-ipsec-cpe-device-shapes",
            "data.oci_core_images.oracle_linux_images_onprem",
            "data.oci_identity_availability_domain.ad_onprem",
            "oci_core_cpe.oci-ipsec-cpe",
            "oci_core_drg.oci-vcn-drg",
            "oci_core_instance.onprem-vcn-libreswan-instance",
            "oci_core_subnet.onprem-vcn-subnet",
            "oci_core_vcn.onprem-vcn"
          ]
        }
      ]
    },
    {
      "mode": "managed",
      "type": "oci_core_ipsec_connection_tunnel_management",
      "name": "oci-ipsec-connection-tunnel-management-a",
      "provider": "provider[\"registry.terraform.io/oracle/oci\"]",
      "instances": [
        {
          "schema_version": 0,
          "attributes": {
            "associated_virtual_circuits": [],
            "bgp_session_info": [
              {
                "bgp_ipv6_state": "DOWN",
                "bgp_ipv6state": "DOWN",
                "bgp_state": "DOWN",
                "customer_bgp_asn": "65001",
                "customer_interface_ip": "11.11.11.101/30",
                "customer_interface_ipv6": "",
                "oracle_bgp_asn": "31898",
                "oracle_interface_ip": "11.11.11.102/30",
                "oracle_interface_ipv6": ""
              }
            ],
            "compartment_id": "ocid1.compartment.oc1..aaaaaaaaopkw7kujv4rcenfsu5plsmry2pxdynxtotc6txeg4rp6rjbtklua",
            "cpe_ip": "129.146.234.117",
            "display_name": "oci-ipsec-tunnel-a",
            "dpd_config": [],
            "dpd_mode": "INITIATE_AND_RESPOND",
            "dpd_timeout_in_sec": 20,
            "encryption_domain_config": [],
            "id": "ocid1.ipsectunnel.oc1.us-sanjose-1.aaaaaaaanhehhgu5iffsgxtt5ipxpdozcfbxlnpo4qpbxpdekoekdr6wifpq",
            "ike_version": "V2",
            "ipsec_id": "ocid1.ipsecconnection.oc1.us-sanjose-1.aaaaaaaak4qs7yx3w2hyml3azunc5coq5cuyzdvo6vdwpojs4gkgpckznlbq",
            "nat_translation_enabled": "AUTO",
            "oracle_can_initiate": "INITIATOR_OR_RESPONDER",
            "phase_one_details": [
              {
                "custom_authentication_algorithm": "",
                "custom_dh_group": "",
                "custom_encryption_algorithm": "",
                "is_custom_phase_one_config": false,
                "is_ike_established": true,
                "lifetime": 28800,
                "negotiated_authentication_algorithm": "",
                "negotiated_dh_group": "",
                "negotiated_encryption_algorithm": "",
                "remaining_lifetime": "",
                "remaining_lifetime_int": 0,
                "remaining_lifetime_last_retrieved": "2024-10-28 22:32:51.145 +0000 UTC"
              }
            ],
            "phase_two_details": [
              {
                "custom_authentication_algorithm": "",
                "custom_encryption_algorithm": "",
                "dh_group": "GROUP5",
                "is_custom_phase_two_config": false,
                "is_esp_established": false,
                "is_pfs_enabled": true,
                "lifetime": 3600,
                "negotiated_authentication_algorithm": "",
                "negotiated_dh_group": "",
                "negotiated_encryption_algorithm": "",
                "remaining_lifetime": "",
                "remaining_lifetime_int": 0,
                "remaining_lifetime_last_retrieved": "2024-10-28 22:32:51.145 +0000 UTC"
              }
            ],
            "routing": "BGP",
            "shared_secret": "20992099",
            "state": "AVAILABLE",
            "status": "DOWN",
            "time_created": "2024-10-28 22:30:28.668 +0000 UTC",
            "time_status_updated": "2024-10-28 22:32:51.142 +0000 UTC",
            "timeouts": null,
            "tunnel_id": "ocid1.ipsectunnel.oc1.us-sanjose-1.aaaaaaaanhehhgu5iffsgxtt5ipxpdozcfbxlnpo4qpbxpdekoekdr6wifpq",
            "vpn_ip": "129.159.47.99"
          },
          "sensitive_attributes": [
            [
              {
                "type": "get_attr",
                "value": "shared_secret"
              }
            ]
          ],
          "private": "eyJlMmJmYjczMC1lY2FhLTExZTYtOGY4OC0zNDM2M2JjN2M0YzAiOnsiY3JlYXRlIjoxMjAwMDAwMDAwMDAwLCJkZWxldGUiOjEyMDAwMDAwMDAwMDAsInVwZGF0ZSI6MTIwMDAwMDAwMDAwMH19",
          "dependencies": [
            "data.oci_core_cpe_device_shape.oci-ipsec-cpe-device-shape",
            "data.oci_core_cpe_device_shapes.oci-ipsec-cpe-device-shapes",
            "data.oci_core_images.oracle_linux_images_onprem",
            "data.oci_core_ipsec_connection_tunnels.oci-ipsec-connection-tunnels",
            "data.oci_core_ipsec_connections.oci-ipsec-connections",
            "data.oci_identity_availability_domain.ad_onprem",
            "oci_core_cpe.oci-ipsec-cpe",
            "oci_core_drg.oci-vcn-drg",
            "oci_core_instance.onprem-vcn-libreswan-instance",
            "oci_core_ipsec.oci-ipsec-connection",
            "oci_core_subnet.onprem-vcn-subnet",
            "oci_core_vcn.onprem-vcn"
          ]
        }
      ]
    },
    {
      "mode": "managed",
      "type": "oci_core_ipsec_connection_tunnel_management",
      "name": "oci-ipsec-connection-tunnel-management-b",
      "provider": "provider[\"registry.terraform.io/oracle/oci\"]",
      "instances": [
        {
          "schema_version": 0,
          "attributes": {
            "associated_virtual_circuits": [],
            "bgp_session_info": [
              {
                "bgp_ipv6_state": "DOWN",
                "bgp_ipv6state": "DOWN",
                "bgp_state": "DOWN",
                "customer_bgp_asn": "65001",
                "customer_interface_ip": "11.11.11.105/30",
                "customer_interface_ipv6": "",
                "oracle_bgp_asn": "31898",
                "oracle_interface_ip": "11.11.11.106/30",
                "oracle_interface_ipv6": ""
              }
            ],
            "compartment_id": "ocid1.compartment.oc1..aaaaaaaaopkw7kujv4rcenfsu5plsmry2pxdynxtotc6txeg4rp6rjbtklua",
            "cpe_ip": "129.146.234.117",
            "display_name": "oci-ipsec-tunnel-b",
            "dpd_config": [],
            "dpd_mode": "INITIATE_AND_RESPOND",
            "dpd_timeout_in_sec": 20,
            "encryption_domain_config": [],
            "id": "ocid1.ipsectunnel.oc1.us-sanjose-1.aaaaaaaax7jurisuwyrrf2hsnpcjtks7dx4abnbvy6bvhe5vkxwy3z77tffq",
            "ike_version": "V2",
            "ipsec_id": "ocid1.ipsecconnection.oc1.us-sanjose-1.aaaaaaaak4qs7yx3w2hyml3azunc5coq5cuyzdvo6vdwpojs4gkgpckznlbq",
            "nat_translation_enabled": "AUTO",
            "oracle_can_initiate": "INITIATOR_OR_RESPONDER",
            "phase_one_details": [
              {
                "custom_authentication_algorithm": "",
                "custom_dh_group": "",
                "custom_encryption_algorithm": "",
                "is_custom_phase_one_config": false,
                "is_ike_established": true,
                "lifetime": 28800,
                "negotiated_authentication_algorithm": "",
                "negotiated_dh_group": "",
                "negotiated_encryption_algorithm": "",
                "remaining_lifetime": "",
                "remaining_lifetime_int": 0,
                "remaining_lifetime_last_retrieved": "2024-10-28 22:33:11.884 +0000 UTC"
              }
            ],
            "phase_two_details": [
              {
                "custom_authentication_algorithm": "",
                "custom_encryption_algorithm": "",
                "dh_group": "GROUP5",
                "is_custom_phase_two_config": false,
                "is_esp_established": false,
                "is_pfs_enabled": true,
                "lifetime": 3600,
                "negotiated_authentication_algorithm": "",
                "negotiated_dh_group": "",
                "negotiated_encryption_algorithm": "",
                "remaining_lifetime": "",
                "remaining_lifetime_int": 0,
                "remaining_lifetime_last_retrieved": "2024-10-28 22:33:11.884 +0000 UTC"
              }
            ],
            "routing": "BGP",
            "shared_secret": "30993099",
            "state": "AVAILABLE",
            "status": "DOWN",
            "time_created": "2024-10-28 22:30:28.647 +0000 UTC",
            "time_status_updated": "2024-10-28 22:33:11.88 +0000 UTC",
            "timeouts": null,
            "tunnel_id": "ocid1.ipsectunnel.oc1.us-sanjose-1.aaaaaaaax7jurisuwyrrf2hsnpcjtks7dx4abnbvy6bvhe5vkxwy3z77tffq",
            "vpn_ip": "152.67.249.34"
          },
          "sensitive_attributes": [
            [
              {
                "type": "get_attr",
                "value": "shared_secret"
              }
            ]
          ],
          "private": "eyJlMmJmYjczMC1lY2FhLTExZTYtOGY4OC0zNDM2M2JjN2M0YzAiOnsiY3JlYXRlIjoxMjAwMDAwMDAwMDAwLCJkZWxldGUiOjEyMDAwMDAwMDAwMDAsInVwZGF0ZSI6MTIwMDAwMDAwMDAwMH19",
          "dependencies": [
            "data.oci_core_cpe_device_shape.oci-ipsec-cpe-device-shape",
            "data.oci_core_cpe_device_shapes.oci-ipsec-cpe-device-shapes",
            "data.oci_core_images.oracle_linux_images_onprem",
            "data.oci_core_ipsec_connection_tunnels.oci-ipsec-connection-tunnels",
            "data.oci_core_ipsec_connections.oci-ipsec-connections",
            "data.oci_identity_availability_domain.ad_onprem",
            "oci_core_cpe.oci-ipsec-cpe",
            "oci_core_drg.oci-vcn-drg",
            "oci_core_instance.onprem-vcn-libreswan-instance",
            "oci_core_ipsec.oci-ipsec-connection",
            "oci_core_subnet.onprem-vcn-subnet",
            "oci_core_vcn.onprem-vcn"
          ]
        }
      ]
    },
    {
      "mode": "managed",
      "type": "oci_core_subnet",
      "name": "oci-vcn-subnet",
      "provider": "provider[\"registry.terraform.io/oracle/oci\"]",
      "instances": [
        {
          "schema_version": 0,
          "attributes": {
            "availability_domain": null,
            "cidr_block": "12.0.0.0/25",
            "compartment_id": "ocid1.compartment.oc1..aaaaaaaaopkw7kujv4rcenfsu5plsmry2pxdynxtotc6txeg4rp6rjbtklua",
            "defined_tags": {
              "Oracle-Tags.CreatedBy": "oracleidentitycloudservice/mayur.raleraskar@oracle.com",
              "Oracle-Tags.CreatedOn": "2024-10-28T22:29:48.374Z"
            },
            "dhcp_options_id": "ocid1.dhcpoptions.oc1.us-sanjose-1.aaaaaaaak7cpcvtnkygs2o23xxy265vlahcefbwjxvv62rbw4wmfgxr4sqja",
            "display_name": "oci-vcn-subnet",
            "dns_label": "ocivcnsubnet",
            "freeform_tags": {},
            "id": "ocid1.subnet.oc1.us-sanjose-1.aaaaaaaanqsreii3dlovqacdkjobivd6qwtvaqjfrypixbljas4mb3wuc4pq",
            "ipv6cidr_block": null,
            "ipv6cidr_blocks": [],
            "ipv6virtual_router_ip": null,
            "prohibit_internet_ingress": false,
            "prohibit_public_ip_on_vnic": false,
            "route_table_id": "ocid1.routetable.oc1.us-sanjose-1.aaaaaaaa7aoygds7tj4pu47pxtywitf5awajfjyhnze2od37nsd37icmyuma",
            "security_list_ids": [
              "ocid1.securitylist.oc1.us-sanjose-1.aaaaaaaavxzpvy2rrjse6tfsnhp7ctmuc6xqqrimachq3zl7r5lvucdbkd2a"
            ],
            "state": "AVAILABLE",
            "subnet_domain_name": "ocivcnsubnet.ocivcn.oraclevcn.com",
            "time_created": "2024-10-28 22:29:48.431 +0000 UTC",
            "timeouts": null,
            "vcn_id": "ocid1.vcn.oc1.us-sanjose-1.amaaaaaak6odqwqadgydpayfi3tva7cl6qy2jmnabl7bkpg7scyyub6aapka",
            "virtual_router_ip": "12.0.0.1",
            "virtual_router_mac": "00:00:17:92:FD:40"
          },
          "sensitive_attributes": [],
          "private": "eyJlMmJmYjczMC1lY2FhLTExZTYtOGY4OC0zNDM2M2JjN2M0YzAiOnsiY3JlYXRlIjoxMjAwMDAwMDAwMDAwLCJkZWxldGUiOjEyMDAwMDAwMDAwMDAsInVwZGF0ZSI6MTIwMDAwMDAwMDAwMH19",
          "dependencies": [
            "oci_core_vcn.oci-vcn"
          ]
        }
      ]
    },
    {
      "mode": "managed",
      "type": "oci_core_subnet",
      "name": "onprem-vcn-subnet",
      "provider": "provider[\"registry.terraform.io/oracle/oci\"].on_prem_simulation",
      "instances": [
        {
          "schema_version": 0,
          "attributes": {
            "availability_domain": null,
            "cidr_block": "10.0.0.0/25",
            "compartment_id": "ocid1.compartment.oc1..aaaaaaaaopkw7kujv4rcenfsu5plsmry2pxdynxtotc6txeg4rp6rjbtklua",
            "defined_tags": {
              "Oracle-Tags.CreatedBy": "oracleidentitycloudservice/mayur.raleraskar@oracle.com",
              "Oracle-Tags.CreatedOn": "2024-10-28T22:29:48.677Z"
            },
            "dhcp_options_id": "ocid1.dhcpoptions.oc1.phx.aaaaaaaa5tv5hj5qeseyu34dcw6x7vcrqsv6642rteue3yd7wxeahpsuogkq",
            "display_name": "onprem-vcn-subnet",
            "dns_label": "onpremvcnsubnet",
            "freeform_tags": {},
            "id": "ocid1.subnet.oc1.phx.aaaaaaaatakiauxvvsaqkxq2axjofi5yhptchyvasdv6plltgb7u3rhmg6wq",
            "ipv6cidr_block": null,
            "ipv6cidr_blocks": [],
            "ipv6virtual_router_ip": null,
            "prohibit_internet_ingress": false,
            "prohibit_public_ip_on_vnic": false,
            "route_table_id": "ocid1.routetable.oc1.phx.aaaaaaaa7i7asa6zophy2osrb5zf56nt56hhk5qissfhduyn4jb6j6a36f5a",
            "security_list_ids": [
              "ocid1.securitylist.oc1.phx.aaaaaaaaid7htvxllru7b2r4t2ojho6z5pn4xl5j5smpcmj2554ixchnxaua"
            ],
            "state": "AVAILABLE",
            "subnet_domain_name": "onpremvcnsubnet.onpremvcn.oraclevcn.com",
            "time_created": "2024-10-28 22:29:48.726 +0000 UTC",
            "timeouts": null,
            "vcn_id": "ocid1.vcn.oc1.phx.amaaaaaak6odqwqauflpxxhsqljkmddrl3at7l6xknjrkqkxxbyn5gq5dl5q",
            "virtual_router_ip": "10.0.0.1",
            "virtual_router_mac": "00:00:17:60:52:31"
          },
          "sensitive_attributes": [],
          "private": "eyJlMmJmYjczMC1lY2FhLTExZTYtOGY4OC0zNDM2M2JjN2M0YzAiOnsiY3JlYXRlIjoxMjAwMDAwMDAwMDAwLCJkZWxldGUiOjEyMDAwMDAwMDAwMDAsInVwZGF0ZSI6MTIwMDAwMDAwMDAwMH19",
          "dependencies": [
            "oci_core_vcn.onprem-vcn"
          ]
        }
      ]
    },
    {
      "mode": "managed",
      "type": "oci_core_vcn",
      "name": "oci-vcn",
      "provider": "provider[\"registry.terraform.io/oracle/oci\"]",
      "instances": [
        {
          "schema_version": 0,
          "attributes": {
            "byoipv6cidr_blocks": [],
            "byoipv6cidr_details": null,
            "cidr_block": "12.0.0.0/24",
            "cidr_blocks": [
              "12.0.0.0/24"
            ],
            "compartment_id": "ocid1.compartment.oc1..aaaaaaaaopkw7kujv4rcenfsu5plsmry2pxdynxtotc6txeg4rp6rjbtklua",
            "default_dhcp_options_id": "ocid1.dhcpoptions.oc1.us-sanjose-1.aaaaaaaak7cpcvtnkygs2o23xxy265vlahcefbwjxvv62rbw4wmfgxr4sqja",
            "default_route_table_id": "ocid1.routetable.oc1.us-sanjose-1.aaaaaaaa7aoygds7tj4pu47pxtywitf5awajfjyhnze2od37nsd37icmyuma",
            "default_security_list_id": "ocid1.securitylist.oc1.us-sanjose-1.aaaaaaaavxzpvy2rrjse6tfsnhp7ctmuc6xqqrimachq3zl7r5lvucdbkd2a",
            "defined_tags": {
              "Oracle-Tags.CreatedBy": "oracleidentitycloudservice/mayur.raleraskar@oracle.com",
              "Oracle-Tags.CreatedOn": "2024-10-28T22:29:47.642Z"
            },
            "display_name": "oci-vcn",
            "dns_label": "ocivcn",
            "freeform_tags": {},
            "id": "ocid1.vcn.oc1.us-sanjose-1.amaaaaaak6odqwqadgydpayfi3tva7cl6qy2jmnabl7bkpg7scyyub6aapka",
            "ipv6cidr_blocks": [],
            "ipv6private_cidr_blocks": [],
            "is_ipv6enabled": false,
            "is_oracle_gua_allocation_enabled": null,
            "state": "AVAILABLE",
            "time_created": "2024-10-28 22:29:47.698 +0000 UTC",
            "timeouts": null,
            "vcn_domain_name": "ocivcn.oraclevcn.com"
          },
          "sensitive_attributes": [],
          "private": "eyJlMmJmYjczMC1lY2FhLTExZTYtOGY4OC0zNDM2M2JjN2M0YzAiOnsiY3JlYXRlIjoxMjAwMDAwMDAwMDAwLCJkZWxldGUiOjEyMDAwMDAwMDAwMDAsInVwZGF0ZSI6MTIwMDAwMDAwMDAwMH19"
        }
      ]
    },
    {
      "mode": "managed",
      "type": "oci_core_vcn",
      "name": "onprem-vcn",
      "provider": "provider[\"registry.terraform.io/oracle/oci\"].on_prem_simulation",
      "instances": [
        {
          "schema_version": 0,
          "attributes": {
            "byoipv6cidr_blocks": [],
            "byoipv6cidr_details": null,
            "cidr_block": "10.0.0.0/24",
            "cidr_blocks": [
              "10.0.0.0/24"
            ],
            "compartment_id": "ocid1.compartment.oc1..aaaaaaaaopkw7kujv4rcenfsu5plsmry2pxdynxtotc6txeg4rp6rjbtklua",
            "default_dhcp_options_id": "ocid1.dhcpoptions.oc1.phx.aaaaaaaa5tv5hj5qeseyu34dcw6x7vcrqsv6642rteue3yd7wxeahpsuogkq",
            "default_route_table_id": "ocid1.routetable.oc1.phx.aaaaaaaa7i7asa6zophy2osrb5zf56nt56hhk5qissfhduyn4jb6j6a36f5a",
            "default_security_list_id": "ocid1.securitylist.oc1.phx.aaaaaaaaid7htvxllru7b2r4t2ojho6z5pn4xl5j5smpcmj2554ixchnxaua",
            "defined_tags": {
              "Oracle-Tags.CreatedBy": "oracleidentitycloudservice/mayur.raleraskar@oracle.com",
              "Oracle-Tags.CreatedOn": "2024-10-28T22:29:47.693Z"
            },
            "display_name": "onprem-vcn",
            "dns_label": "onpremvcn",
            "freeform_tags": {},
            "id": "ocid1.vcn.oc1.phx.amaaaaaak6odqwqauflpxxhsqljkmddrl3at7l6xknjrkqkxxbyn5gq5dl5q",
            "ipv6cidr_blocks": [],
            "ipv6private_cidr_blocks": [],
            "is_ipv6enabled": false,
            "is_oracle_gua_allocation_enabled": null,
            "state": "AVAILABLE",
            "time_created": "2024-10-28 22:29:47.81 +0000 UTC",
            "timeouts": null,
            "vcn_domain_name": "onpremvcn.oraclevcn.com"
          },
          "sensitive_attributes": [],
          "private": "eyJlMmJmYjczMC1lY2FhLTExZTYtOGY4OC0zNDM2M2JjN2M0YzAiOnsiY3JlYXRlIjoxMjAwMDAwMDAwMDAwLCJkZWxldGUiOjEyMDAwMDAwMDAwMDAsInVwZGF0ZSI6MTIwMDAwMDAwMDAwMH19"
        }
      ]
    },
    {
      "mode": "managed",
      "type": "oci_logging_log",
      "name": "vpn_log",
      "provider": "provider[\"registry.terraform.io/oracle/oci\"]",
      "instances": [
        {
          "schema_version": 0,
          "attributes": {
            "compartment_id": "ocid1.compartment.oc1..aaaaaaaaopkw7kujv4rcenfsu5plsmry2pxdynxtotc6txeg4rp6rjbtklua",
            "configuration": [
              {
                "compartment_id": "ocid1.compartment.oc1..aaaaaaaaopkw7kujv4rcenfsu5plsmry2pxdynxtotc6txeg4rp6rjbtklua",
                "source": [
                  {
                    "category": "read",
                    "parameters": {},
                    "resource": "ocid1.ipsecconnection.oc1.us-sanjose-1.aaaaaaaak4qs7yx3w2hyml3azunc5coq5cuyzdvo6vdwpojs4gkgpckznlbq",
                    "service": "oci_c3_vpn",
                    "source_type": "OCISERVICE"
                  }
                ]
              }
            ],
            "defined_tags": {
              "Oracle-Tags.CreatedBy": "oracleidentitycloudservice/mayur.raleraskar@oracle.com",
              "Oracle-Tags.CreatedOn": "2024-10-28T22:32:22.576Z"
            },
            "display_name": "vpn_log",
            "freeform_tags": {},
            "id": "ocid1.log.oc1.us-sanjose-1.amaaaaaak6odqwqadpajd5dvdmrunzmxeon5t7z6i4fslohuq5oozowno74q",
            "is_enabled": false,
            "log_group_id": "ocid1.loggroup.oc1.us-sanjose-1.amaaaaaak6odqwqaoin7c54atnkuzwfogmaa6obc6qzgz7g4szxfop4gdkfq",
            "log_type": "SERVICE",
            "retention_duration": 30,
            "state": "ACTIVE",
            "tenancy_id": "ocid1.tenancy.oc1..aaaaaaaak2lpej3xxgd6iayoqdzkrlcn6eqlyfc4yqyc4s57hff7yqiouj2q",
            "time_created": "2024-10-28 22:32:22.658 +0000 UTC",
            "time_last_modified": "2024-10-28 22:32:22.658 +0000 UTC",
            "timeouts": null
          },
          "sensitive_attributes": [],
          "private": "eyJlMmJmYjczMC1lY2FhLTExZTYtOGY4OC0zNDM2M2JjN2M0YzAiOnsiY3JlYXRlIjoxMjAwMDAwMDAwMDAwLCJkZWxldGUiOjEyMDAwMDAwMDAwMDAsInVwZGF0ZSI6MTIwMDAwMDAwMDAwMH19",
          "dependencies": [
            "data.oci_core_cpe_device_shape.oci-ipsec-cpe-device-shape",
            "data.oci_core_cpe_device_shapes.oci-ipsec-cpe-device-shapes",
            "data.oci_core_images.oracle_linux_images_onprem",
            "data.oci_identity_availability_domain.ad_onprem",
            "oci_core_cpe.oci-ipsec-cpe",
            "oci_core_drg.oci-vcn-drg",
            "oci_core_instance.onprem-vcn-libreswan-instance",
            "oci_core_ipsec.oci-ipsec-connection",
            "oci_core_subnet.onprem-vcn-subnet",
            "oci_core_vcn.onprem-vcn",
            "oci_logging_log_group.ipsec_log_group"
          ]
        }
      ]
    },
    {
      "mode": "managed",
      "type": "oci_logging_log_group",
      "name": "ipsec_log_group",
      "provider": "provider[\"registry.terraform.io/oracle/oci\"]",
      "instances": [
        {
          "schema_version": 0,
          "attributes": {
            "compartment_id": "ocid1.compartment.oc1..aaaaaaaaopkw7kujv4rcenfsu5plsmry2pxdynxtotc6txeg4rp6rjbtklua",
            "defined_tags": {
              "Oracle-Tags.CreatedBy": "oracleidentitycloudservice/mayur.raleraskar@oracle.com",
              "Oracle-Tags.CreatedOn": "2024-10-28T22:29:47.786Z"
            },
            "description": null,
            "display_name": "ipsec_log_group",
            "freeform_tags": {},
            "id": "ocid1.loggroup.oc1.us-sanjose-1.amaaaaaak6odqwqaoin7c54atnkuzwfogmaa6obc6qzgz7g4szxfop4gdkfq",
            "state": "ACTIVE",
            "time_created": "2024-10-28 22:29:47.839 +0000 UTC",
            "time_last_modified": "2024-10-28 22:29:47.839 +0000 UTC",
            "timeouts": null
          },
          "sensitive_attributes": [],
          "private": "eyJlMmJmYjczMC1lY2FhLTExZTYtOGY4OC0zNDM2M2JjN2M0YzAiOnsiY3JlYXRlIjoxMjAwMDAwMDAwMDAwLCJkZWxldGUiOjEyMDAwMDAwMDAwMDAsInVwZGF0ZSI6MTIwMDAwMDAwMDAwMH19"
        }
      ]
    }
  ],
  "check_results": null
}
